// !$*UTF8*$!
{
	archiveVersion = 1;
	classes = {
	};
	objectVersion = 46;
	objects = {

/* Begin PBXBuildFile section */
		908EDD9C2756D5FC008ABF6D /* CMLDefinitions.h in Headers */ = {isa = PBXBuildFile; fileRef = 908EDD9B2756D5FC008ABF6D /* CMLDefinitions.h */; };
		908EDD9D2756D5FC008ABF6D /* CMLDefinitions.h in Headers */ = {isa = PBXBuildFile; fileRef = 908EDD9B2756D5FC008ABF6D /* CMLDefinitions.h */; };
		908EDDA72756D641008ABF6D /* CMLunused.h in Headers */ = {isa = PBXBuildFile; fileRef = 908EDDA62756D641008ABF6D /* CMLunused.h */; };
		908EDDA82756D641008ABF6D /* CMLunused.h in Headers */ = {isa = PBXBuildFile; fileRef = 908EDDA62756D641008ABF6D /* CMLunused.h */; };
		90BF4FA3274AA2D9001FDE2A /* libcmldebug.dylib in Frameworks */ = {isa = PBXBuildFile; fileRef = B9E8E3F1154D77D500A4C836 /* libcmldebug.dylib */; };
		90BF4FA6274AA698001FDE2A /* libcmldebug.dylib in Frameworks */ = {isa = PBXBuildFile; fileRef = B9E8E3F1154D77D500A4C836 /* libcmldebug.dylib */; };
		90BF500B274AAC85001FDE2A /* CMLInvert.c in Sources */ = {isa = PBXBuildFile; fileRef = 90BF4FB2274AAC84001FDE2A /* CMLInvert.c */; };
		90BF500C274AAC85001FDE2A /* CMLInvert.c in Sources */ = {isa = PBXBuildFile; fileRef = 90BF4FB2274AAC84001FDE2A /* CMLInvert.c */; };
		90BF500D274AAC85001FDE2A /* CMLInputOutputConversions.c in Sources */ = {isa = PBXBuildFile; fileRef = 90BF4FB3274AAC84001FDE2A /* CMLInputOutputConversions.c */; };
		90BF500E274AAC85001FDE2A /* CMLInputOutputConversions.c in Sources */ = {isa = PBXBuildFile; fileRef = 90BF4FB3274AAC84001FDE2A /* CMLInputOutputConversions.c */; };
		90BF500F274AAC85001FDE2A /* CMLHSLConversions.c in Sources */ = {isa = PBXBuildFile; fileRef = 90BF4FB4274AAC84001FDE2A /* CMLHSLConversions.c */; };
		90BF5010274AAC85001FDE2A /* CMLHSLConversions.c in Sources */ = {isa = PBXBuildFile; fileRef = 90BF4FB4274AAC84001FDE2A /* CMLHSLConversions.c */; };
		90BF5011274AAC85001FDE2A /* CMLLuvConversions.c in Sources */ = {isa = PBXBuildFile; fileRef = 90BF4FB5274AAC84001FDE2A /* CMLLuvConversions.c */; };
		90BF5012274AAC85001FDE2A /* CMLLuvConversions.c in Sources */ = {isa = PBXBuildFile; fileRef = 90BF4FB5274AAC84001FDE2A /* CMLLuvConversions.c */; };
		90BF5013274AAC85001FDE2A /* CMLNormedConversions.c in Sources */ = {isa = PBXBuildFile; fileRef = 90BF4FB6274AAC84001FDE2A /* CMLNormedConversions.c */; };
		90BF5014274AAC85001FDE2A /* CMLNormedConversions.c in Sources */ = {isa = PBXBuildFile; fileRef = 90BF4FB6274AAC84001FDE2A /* CMLNormedConversions.c */; };
		90BF5015274AAC85001FDE2A /* CMLXYZConversions.c in Sources */ = {isa = PBXBuildFile; fileRef = 90BF4FB7274AAC84001FDE2A /* CMLXYZConversions.c */; };
		90BF5016274AAC85001FDE2A /* CMLXYZConversions.c in Sources */ = {isa = PBXBuildFile; fileRef = 90BF4FB7274AAC84001FDE2A /* CMLXYZConversions.c */; };
		90BF5017274AAC85001FDE2A /* CMLLchConversions.c in Sources */ = {isa = PBXBuildFile; fileRef = 90BF4FB8274AAC84001FDE2A /* CMLLchConversions.c */; };
		90BF5018274AAC85001FDE2A /* CMLLchConversions.c in Sources */ = {isa = PBXBuildFile; fileRef = 90BF4FB8274AAC84001FDE2A /* CMLLchConversions.c */; };
		90BF5019274AAC85001FDE2A /* CMLYxyConversions.c in Sources */ = {isa = PBXBuildFile; fileRef = 90BF4FB9274AAC84001FDE2A /* CMLYxyConversions.c */; };
		90BF501A274AAC85001FDE2A /* CMLYxyConversions.c in Sources */ = {isa = PBXBuildFile; fileRef = 90BF4FB9274AAC84001FDE2A /* CMLYxyConversions.c */; };
		90BF501B274AAC85001FDE2A /* CMLSpectralConversions.c in Sources */ = {isa = PBXBuildFile; fileRef = 90BF4FBA274AAC84001FDE2A /* CMLSpectralConversions.c */; };
		90BF501C274AAC85001FDE2A /* CMLSpectralConversions.c in Sources */ = {isa = PBXBuildFile; fileRef = 90BF4FBA274AAC84001FDE2A /* CMLSpectralConversions.c */; };
		90BF501D274AAC85001FDE2A /* CMLCMYKConversions.c in Sources */ = {isa = PBXBuildFile; fileRef = 90BF4FBB274AAC84001FDE2A /* CMLCMYKConversions.c */; };
		90BF501E274AAC85001FDE2A /* CMLCMYKConversions.c in Sources */ = {isa = PBXBuildFile; fileRef = 90BF4FBB274AAC84001FDE2A /* CMLCMYKConversions.c */; };
		90BF501F274AAC85001FDE2A /* CMLYCbCrConversions.c in Sources */ = {isa = PBXBuildFile; fileRef = 90BF4FBC274AAC84001FDE2A /* CMLYCbCrConversions.c */; };
		90BF5020274AAC85001FDE2A /* CMLYCbCrConversions.c in Sources */ = {isa = PBXBuildFile; fileRef = 90BF4FBC274AAC84001FDE2A /* CMLYCbCrConversions.c */; };
		90BF5021274AAC85001FDE2A /* CMLGrayConversions.c in Sources */ = {isa = PBXBuildFile; fileRef = 90BF4FBD274AAC84001FDE2A /* CMLGrayConversions.c */; };
		90BF5022274AAC85001FDE2A /* CMLGrayConversions.c in Sources */ = {isa = PBXBuildFile; fileRef = 90BF4FBD274AAC84001FDE2A /* CMLGrayConversions.c */; };
		90BF5023274AAC85001FDE2A /* CMLYuvConversions.c in Sources */ = {isa = PBXBuildFile; fileRef = 90BF4FBE274AAC84001FDE2A /* CMLYuvConversions.c */; };
		90BF5024274AAC85001FDE2A /* CMLYuvConversions.c in Sources */ = {isa = PBXBuildFile; fileRef = 90BF4FBE274AAC84001FDE2A /* CMLYuvConversions.c */; };
		90BF5025274AAC85001FDE2A /* CMLRGBConversions.c in Sources */ = {isa = PBXBuildFile; fileRef = 90BF4FBF274AAC84001FDE2A /* CMLRGBConversions.c */; };
		90BF5026274AAC85001FDE2A /* CMLRGBConversions.c in Sources */ = {isa = PBXBuildFile; fileRef = 90BF4FBF274AAC84001FDE2A /* CMLRGBConversions.c */; };
		90BF5027274AAC85001FDE2A /* CMLHSVConversions.c in Sources */ = {isa = PBXBuildFile; fileRef = 90BF4FC0274AAC84001FDE2A /* CMLHSVConversions.c */; };
		90BF5028274AAC85001FDE2A /* CMLHSVConversions.c in Sources */ = {isa = PBXBuildFile; fileRef = 90BF4FC0274AAC84001FDE2A /* CMLHSVConversions.c */; };
		90BF5029274AAC85001FDE2A /* CMLClamp.c in Sources */ = {isa = PBXBuildFile; fileRef = 90BF4FC1274AAC84001FDE2A /* CMLClamp.c */; };
		90BF502A274AAC85001FDE2A /* CMLClamp.c in Sources */ = {isa = PBXBuildFile; fileRef = 90BF4FC1274AAC84001FDE2A /* CMLClamp.c */; };
		90BF502B274AAC85001FDE2A /* CMLColorMachineConversions.c in Sources */ = {isa = PBXBuildFile; fileRef = 90BF4FC2274AAC84001FDE2A /* CMLColorMachineConversions.c */; };
		90BF502C274AAC85001FDE2A /* CMLColorMachineConversions.c in Sources */ = {isa = PBXBuildFile; fileRef = 90BF4FC2274AAC84001FDE2A /* CMLColorMachineConversions.c */; };
		90BF502D274AAC85001FDE2A /* CMLLabConversions.c in Sources */ = {isa = PBXBuildFile; fileRef = 90BF4FC3274AAC84001FDE2A /* CMLLabConversions.c */; };
		90BF502E274AAC85001FDE2A /* CMLLabConversions.c in Sources */ = {isa = PBXBuildFile; fileRef = 90BF4FC3274AAC84001FDE2A /* CMLLabConversions.c */; };
		90BF502F274AAC85001FDE2A /* CMLYupvpConversions.c in Sources */ = {isa = PBXBuildFile; fileRef = 90BF4FC4274AAC84001FDE2A /* CMLYupvpConversions.c */; };
		90BF5030274AAC85001FDE2A /* CMLYupvpConversions.c in Sources */ = {isa = PBXBuildFile; fileRef = 90BF4FC4274AAC84001FDE2A /* CMLYupvpConversions.c */; };
		90BF504F274AAC85001FDE2A /* CMLIllumination.h in Headers */ = {isa = PBXBuildFile; fileRef = 90BF4FD5274AAC84001FDE2A /* CMLIllumination.h */; };
		90BF5050274AAC85001FDE2A /* CMLIllumination.h in Headers */ = {isa = PBXBuildFile; fileRef = 90BF4FD5274AAC84001FDE2A /* CMLIllumination.h */; };
		90BF5055274AAC85001FDE2A /* CML.h in Headers */ = {isa = PBXBuildFile; fileRef = 90BF4FD8274AAC84001FDE2A /* CML.h */; };
		90BF5056274AAC85001FDE2A /* CML.h in Headers */ = {isa = PBXBuildFile; fileRef = 90BF4FD8274AAC84001FDE2A /* CML.h */; };
		90BF505B274AAC85001FDE2A /* CMLObserver.h in Headers */ = {isa = PBXBuildFile; fileRef = 90BF4FDB274AAC84001FDE2A /* CMLObserver.h */; };
		90BF505C274AAC85001FDE2A /* CMLObserver.h in Headers */ = {isa = PBXBuildFile; fileRef = 90BF4FDB274AAC84001FDE2A /* CMLObserver.h */; };
		90BF505F274AAC85001FDE2A /* CMLFunctions.h in Headers */ = {isa = PBXBuildFile; fileRef = 90BF4FDD274AAC84001FDE2A /* CMLFunctions.h */; };
		90BF5060274AAC85001FDE2A /* CMLFunctions.h in Headers */ = {isa = PBXBuildFile; fileRef = 90BF4FDD274AAC84001FDE2A /* CMLFunctions.h */; };
		90BF5061274AAC85001FDE2A /* CMLEnvironment.h in Headers */ = {isa = PBXBuildFile; fileRef = 90BF4FDE274AAC84001FDE2A /* CMLEnvironment.h */; };
		90BF5062274AAC85001FDE2A /* CMLEnvironment.h in Headers */ = {isa = PBXBuildFile; fileRef = 90BF4FDE274AAC84001FDE2A /* CMLEnvironment.h */; };
		90BF5065274AAC85001FDE2A /* CMLBaseAPI.h in Headers */ = {isa = PBXBuildFile; fileRef = 90BF4FE0274AAC84001FDE2A /* CMLBaseAPI.h */; };
		90BF5066274AAC85001FDE2A /* CMLBaseAPI.h in Headers */ = {isa = PBXBuildFile; fileRef = 90BF4FE0274AAC84001FDE2A /* CMLBaseAPI.h */; };
		90BF5067274AAC85001FDE2A /* CMLResponseCurve.h in Headers */ = {isa = PBXBuildFile; fileRef = 90BF4FE1274AAC84001FDE2A /* CMLResponseCurve.h */; };
		90BF5068274AAC85001FDE2A /* CMLResponseCurve.h in Headers */ = {isa = PBXBuildFile; fileRef = 90BF4FE1274AAC84001FDE2A /* CMLResponseCurve.h */; };
		90BF5069274AAC85001FDE2A /* CMLColorMachine.h in Headers */ = {isa = PBXBuildFile; fileRef = 90BF4FE2274AAC84001FDE2A /* CMLColorMachine.h */; };
		90BF506A274AAC85001FDE2A /* CMLColorMachine.h in Headers */ = {isa = PBXBuildFile; fileRef = 90BF4FE2274AAC84001FDE2A /* CMLColorMachine.h */; };
		90BF506B274AAC85001FDE2A /* CMLColor.h in Headers */ = {isa = PBXBuildFile; fileRef = 90BF4FE4274AAC84001FDE2A /* CMLColor.h */; };
		90BF506C274AAC85001FDE2A /* CMLColor.h in Headers */ = {isa = PBXBuildFile; fileRef = 90BF4FE4274AAC84001FDE2A /* CMLColor.h */; };
		90BF506D274AAC85001FDE2A /* CMLCMYKColor.cpp in Sources */ = {isa = PBXBuildFile; fileRef = 90BF4FE5274AAC84001FDE2A /* CMLCMYKColor.cpp */; };
		90BF506E274AAC85001FDE2A /* CMLCMYKColor.cpp in Sources */ = {isa = PBXBuildFile; fileRef = 90BF4FE5274AAC84001FDE2A /* CMLCMYKColor.cpp */; };
		90BF506F274AAC85001FDE2A /* CMLLabColor.cpp in Sources */ = {isa = PBXBuildFile; fileRef = 90BF4FE6274AAC84001FDE2A /* CMLLabColor.cpp */; };
		90BF5070274AAC85001FDE2A /* CMLLabColor.cpp in Sources */ = {isa = PBXBuildFile; fileRef = 90BF4FE6274AAC84001FDE2A /* CMLLabColor.cpp */; };
		90BF5071274AAC85001FDE2A /* CMLColor.cpp in Sources */ = {isa = PBXBuildFile; fileRef = 90BF4FE7274AAC84001FDE2A /* CMLColor.cpp */; };
		90BF5072274AAC85001FDE2A /* CMLColor.cpp in Sources */ = {isa = PBXBuildFile; fileRef = 90BF4FE7274AAC84001FDE2A /* CMLColor.cpp */; };
		90BF5073274AAC85001FDE2A /* CMLRGBColor.cpp in Sources */ = {isa = PBXBuildFile; fileRef = 90BF4FE8274AAC84001FDE2A /* CMLRGBColor.cpp */; };
		90BF5074274AAC85001FDE2A /* CMLRGBColor.cpp in Sources */ = {isa = PBXBuildFile; fileRef = 90BF4FE8274AAC84001FDE2A /* CMLRGBColor.cpp */; };
		90BF5075274AAC85001FDE2A /* CMLXYZColor.cpp in Sources */ = {isa = PBXBuildFile; fileRef = 90BF4FE9274AAC84001FDE2A /* CMLXYZColor.cpp */; };
		90BF5076274AAC85001FDE2A /* CMLXYZColor.cpp in Sources */ = {isa = PBXBuildFile; fileRef = 90BF4FE9274AAC84001FDE2A /* CMLXYZColor.cpp */; };
		90BF5077274AAC85001FDE2A /* CMLSpectralColor.cpp in Sources */ = {isa = PBXBuildFile; fileRef = 90BF4FEA274AAC84001FDE2A /* CMLSpectralColor.cpp */; };
		90BF5078274AAC85001FDE2A /* CMLSpectralColor.cpp in Sources */ = {isa = PBXBuildFile; fileRef = 90BF4FEA274AAC84001FDE2A /* CMLSpectralColor.cpp */; };
		90BF5079274AAC85001FDE2A /* CMLHSLColor.cpp in Sources */ = {isa = PBXBuildFile; fileRef = 90BF4FEB274AAC84001FDE2A /* CMLHSLColor.cpp */; };
		90BF507A274AAC85001FDE2A /* CMLHSLColor.cpp in Sources */ = {isa = PBXBuildFile; fileRef = 90BF4FEB274AAC84001FDE2A /* CMLHSLColor.cpp */; };
		90BF507B274AAC85001FDE2A /* CMLRGBColor.h in Headers */ = {isa = PBXBuildFile; fileRef = 90BF4FEC274AAC84001FDE2A /* CMLRGBColor.h */; };
		90BF507C274AAC85001FDE2A /* CMLRGBColor.h in Headers */ = {isa = PBXBuildFile; fileRef = 90BF4FEC274AAC84001FDE2A /* CMLRGBColor.h */; };
		90BF507D274AAC85001FDE2A /* CMLCMYKColor.h in Headers */ = {isa = PBXBuildFile; fileRef = 90BF4FED274AAC84001FDE2A /* CMLCMYKColor.h */; };
		90BF507E274AAC85001FDE2A /* CMLCMYKColor.h in Headers */ = {isa = PBXBuildFile; fileRef = 90BF4FED274AAC84001FDE2A /* CMLCMYKColor.h */; };
		90BF507F274AAC85001FDE2A /* CMLXYZColor.h in Headers */ = {isa = PBXBuildFile; fileRef = 90BF4FEE274AAC84001FDE2A /* CMLXYZColor.h */; };
		90BF5080274AAC85001FDE2A /* CMLXYZColor.h in Headers */ = {isa = PBXBuildFile; fileRef = 90BF4FEE274AAC84001FDE2A /* CMLXYZColor.h */; };
		90BF5081274AAC85001FDE2A /* CMLGrayColor.h in Headers */ = {isa = PBXBuildFile; fileRef = 90BF4FEF274AAC85001FDE2A /* CMLGrayColor.h */; };
		90BF5082274AAC85001FDE2A /* CMLGrayColor.h in Headers */ = {isa = PBXBuildFile; fileRef = 90BF4FEF274AAC85001FDE2A /* CMLGrayColor.h */; };
		90BF5083274AAC85001FDE2A /* CMLYupvpColor.h in Headers */ = {isa = PBXBuildFile; fileRef = 90BF4FF0274AAC85001FDE2A /* CMLYupvpColor.h */; };
		90BF5084274AAC85001FDE2A /* CMLYupvpColor.h in Headers */ = {isa = PBXBuildFile; fileRef = 90BF4FF0274AAC85001FDE2A /* CMLYupvpColor.h */; };
		90BF5085274AAC85001FDE2A /* CMLLuvColor.cpp in Sources */ = {isa = PBXBuildFile; fileRef = 90BF4FF1274AAC85001FDE2A /* CMLLuvColor.cpp */; };
		90BF5086274AAC85001FDE2A /* CMLLuvColor.cpp in Sources */ = {isa = PBXBuildFile; fileRef = 90BF4FF1274AAC85001FDE2A /* CMLLuvColor.cpp */; };
		90BF5087274AAC85001FDE2A /* CMLGrayColor.cpp in Sources */ = {isa = PBXBuildFile; fileRef = 90BF4FF2274AAC85001FDE2A /* CMLGrayColor.cpp */; };
		90BF5088274AAC85001FDE2A /* CMLGrayColor.cpp in Sources */ = {isa = PBXBuildFile; fileRef = 90BF4FF2274AAC85001FDE2A /* CMLGrayColor.cpp */; };
		90BF5089274AAC85001FDE2A /* CMLYxyColor.cpp in Sources */ = {isa = PBXBuildFile; fileRef = 90BF4FF3274AAC85001FDE2A /* CMLYxyColor.cpp */; };
		90BF508A274AAC85001FDE2A /* CMLYxyColor.cpp in Sources */ = {isa = PBXBuildFile; fileRef = 90BF4FF3274AAC85001FDE2A /* CMLYxyColor.cpp */; };
		90BF508B274AAC85001FDE2A /* CMLLchColor.h in Headers */ = {isa = PBXBuildFile; fileRef = 90BF4FF4274AAC85001FDE2A /* CMLLchColor.h */; };
		90BF508C274AAC85001FDE2A /* CMLLchColor.h in Headers */ = {isa = PBXBuildFile; fileRef = 90BF4FF4274AAC85001FDE2A /* CMLLchColor.h */; };
		90BF508D274AAC85001FDE2A /* CMLLchColor.cpp in Sources */ = {isa = PBXBuildFile; fileRef = 90BF4FF5274AAC85001FDE2A /* CMLLchColor.cpp */; };
		90BF508E274AAC85001FDE2A /* CMLLchColor.cpp in Sources */ = {isa = PBXBuildFile; fileRef = 90BF4FF5274AAC85001FDE2A /* CMLLchColor.cpp */; };
		90BF508F274AAC85001FDE2A /* CMLLuvColor.h in Headers */ = {isa = PBXBuildFile; fileRef = 90BF4FF6274AAC85001FDE2A /* CMLLuvColor.h */; };
		90BF5090274AAC85001FDE2A /* CMLLuvColor.h in Headers */ = {isa = PBXBuildFile; fileRef = 90BF4FF6274AAC85001FDE2A /* CMLLuvColor.h */; };
		90BF5091274AAC85001FDE2A /* CMLSpectralColor.h in Headers */ = {isa = PBXBuildFile; fileRef = 90BF4FF7274AAC85001FDE2A /* CMLSpectralColor.h */; };
		90BF5092274AAC85001FDE2A /* CMLSpectralColor.h in Headers */ = {isa = PBXBuildFile; fileRef = 90BF4FF7274AAC85001FDE2A /* CMLSpectralColor.h */; };
		90BF5093274AAC85001FDE2A /* CMLLabColor.h in Headers */ = {isa = PBXBuildFile; fileRef = 90BF4FF8274AAC85001FDE2A /* CMLLabColor.h */; };
		90BF5094274AAC85001FDE2A /* CMLLabColor.h in Headers */ = {isa = PBXBuildFile; fileRef = 90BF4FF8274AAC85001FDE2A /* CMLLabColor.h */; };
		90BF5095274AAC85001FDE2A /* CMLYuvColor.cpp in Sources */ = {isa = PBXBuildFile; fileRef = 90BF4FF9274AAC85001FDE2A /* CMLYuvColor.cpp */; };
		90BF5096274AAC85001FDE2A /* CMLYuvColor.cpp in Sources */ = {isa = PBXBuildFile; fileRef = 90BF4FF9274AAC85001FDE2A /* CMLYuvColor.cpp */; };
		90BF5097274AAC85001FDE2A /* CMLYuvColor.h in Headers */ = {isa = PBXBuildFile; fileRef = 90BF4FFA274AAC85001FDE2A /* CMLYuvColor.h */; };
		90BF5098274AAC85001FDE2A /* CMLYuvColor.h in Headers */ = {isa = PBXBuildFile; fileRef = 90BF4FFA274AAC85001FDE2A /* CMLYuvColor.h */; };
		90BF5099274AAC85001FDE2A /* CMLYxyColor.h in Headers */ = {isa = PBXBuildFile; fileRef = 90BF4FFB274AAC85001FDE2A /* CMLYxyColor.h */; };
		90BF509A274AAC85001FDE2A /* CMLYxyColor.h in Headers */ = {isa = PBXBuildFile; fileRef = 90BF4FFB274AAC85001FDE2A /* CMLYxyColor.h */; };
		90BF509B274AAC85001FDE2A /* CMLHSVColor.cpp in Sources */ = {isa = PBXBuildFile; fileRef = 90BF4FFC274AAC85001FDE2A /* CMLHSVColor.cpp */; };
		90BF509C274AAC85001FDE2A /* CMLHSVColor.cpp in Sources */ = {isa = PBXBuildFile; fileRef = 90BF4FFC274AAC85001FDE2A /* CMLHSVColor.cpp */; };
		90BF509D274AAC85001FDE2A /* CMLHSLColor.h in Headers */ = {isa = PBXBuildFile; fileRef = 90BF4FFD274AAC85001FDE2A /* CMLHSLColor.h */; };
		90BF509E274AAC85001FDE2A /* CMLHSLColor.h in Headers */ = {isa = PBXBuildFile; fileRef = 90BF4FFD274AAC85001FDE2A /* CMLHSLColor.h */; };
		90BF509F274AAC85001FDE2A /* CMLYCbCrColor.h in Headers */ = {isa = PBXBuildFile; fileRef = 90BF4FFE274AAC85001FDE2A /* CMLYCbCrColor.h */; };
		90BF50A0274AAC85001FDE2A /* CMLYCbCrColor.h in Headers */ = {isa = PBXBuildFile; fileRef = 90BF4FFE274AAC85001FDE2A /* CMLYCbCrColor.h */; };
		90BF50A1274AAC85001FDE2A /* CMLYupvpColor.cpp in Sources */ = {isa = PBXBuildFile; fileRef = 90BF4FFF274AAC85001FDE2A /* CMLYupvpColor.cpp */; };
		90BF50A2274AAC85001FDE2A /* CMLYupvpColor.cpp in Sources */ = {isa = PBXBuildFile; fileRef = 90BF4FFF274AAC85001FDE2A /* CMLYupvpColor.cpp */; };
		90BF50A3274AAC85001FDE2A /* CMLHSVColor.h in Headers */ = {isa = PBXBuildFile; fileRef = 90BF5000274AAC85001FDE2A /* CMLHSVColor.h */; };
		90BF50A4274AAC85001FDE2A /* CMLHSVColor.h in Headers */ = {isa = PBXBuildFile; fileRef = 90BF5000274AAC85001FDE2A /* CMLHSVColor.h */; };
		90BF50A5274AAC85001FDE2A /* CMLYCbCrColor.cpp in Sources */ = {isa = PBXBuildFile; fileRef = 90BF5001274AAC85001FDE2A /* CMLYCbCrColor.cpp */; };
		90BF50A6274AAC85001FDE2A /* CMLYCbCrColor.cpp in Sources */ = {isa = PBXBuildFile; fileRef = 90BF5001274AAC85001FDE2A /* CMLYCbCrColor.cpp */; };
		90BF908F27523562001EA32C /* example.c in Sources */ = {isa = PBXBuildFile; fileRef = 90BF908E27523562001EA32C /* example.c */; };
		90BF90C0275237AD001EA32C /* CMLIntegerMapping.c in Sources */ = {isa = PBXBuildFile; fileRef = 90BF90AD275237AD001EA32C /* CMLIntegerMapping.c */; };
		90BF90C1275237AD001EA32C /* CMLIntegerMapping.c in Sources */ = {isa = PBXBuildFile; fileRef = 90BF90AD275237AD001EA32C /* CMLIntegerMapping.c */; };
		90BF90C2275237AD001EA32C /* CMLCMYKColorspace.c in Sources */ = {isa = PBXBuildFile; fileRef = 90BF90AE275237AD001EA32C /* CMLCMYKColorspace.c */; };
		90BF90C3275237AD001EA32C /* CMLCMYKColorspace.c in Sources */ = {isa = PBXBuildFile; fileRef = 90BF90AE275237AD001EA32C /* CMLCMYKColorspace.c */; };
		90BF90C4275237AD001EA32C /* CMLFunctions.c in Sources */ = {isa = PBXBuildFile; fileRef = 90BF90AF275237AD001EA32C /* CMLFunctions.c */; };
		90BF90C5275237AD001EA32C /* CMLFunctions.c in Sources */ = {isa = PBXBuildFile; fileRef = 90BF90AF275237AD001EA32C /* CMLFunctions.c */; };
		90BF90C6275237AD001EA32C /* CMLInternal.c in Sources */ = {isa = PBXBuildFile; fileRef = 90BF90B0275237AD001EA32C /* CMLInternal.c */; };
		90BF90C7275237AD001EA32C /* CMLInternal.c in Sources */ = {isa = PBXBuildFile; fileRef = 90BF90B0275237AD001EA32C /* CMLInternal.c */; };
		90BF90C8275237AD001EA32C /* CMLColorMachineState.c in Sources */ = {isa = PBXBuildFile; fileRef = 90BF90B1275237AD001EA32C /* CMLColorMachineState.c */; };
		90BF90C9275237AD001EA32C /* CMLColorMachineState.c in Sources */ = {isa = PBXBuildFile; fileRef = 90BF90B1275237AD001EA32C /* CMLColorMachineState.c */; };
		90BF90CA275237AD001EA32C /* CMLObserver.c in Sources */ = {isa = PBXBuildFile; fileRef = 90BF90B2275237AD001EA32C /* CMLObserver.c */; };
		90BF90CB275237AD001EA32C /* CMLObserver.c in Sources */ = {isa = PBXBuildFile; fileRef = 90BF90B2275237AD001EA32C /* CMLObserver.c */; };
		90BF90CC275237AD001EA32C /* CMLLabColorspace.c in Sources */ = {isa = PBXBuildFile; fileRef = 90BF90B3275237AD001EA32C /* CMLLabColorspace.c */; };
		90BF90CD275237AD001EA32C /* CMLLabColorspace.c in Sources */ = {isa = PBXBuildFile; fileRef = 90BF90B3275237AD001EA32C /* CMLLabColorspace.c */; };
		90BF90CE275237AD001EA32C /* CMLBaseAPI.c in Sources */ = {isa = PBXBuildFile; fileRef = 90BF90B4275237AD001EA32C /* CMLBaseAPI.c */; };
		90BF90CF275237AD001EA32C /* CMLBaseAPI.c in Sources */ = {isa = PBXBuildFile; fileRef = 90BF90B4275237AD001EA32C /* CMLBaseAPI.c */; };
		90BF90D0275237AD001EA32C /* CMLResponseCurve.c in Sources */ = {isa = PBXBuildFile; fileRef = 90BF90B5275237AD001EA32C /* CMLResponseCurve.c */; };
		90BF90D1275237AD001EA32C /* CMLResponseCurve.c in Sources */ = {isa = PBXBuildFile; fileRef = 90BF90B5275237AD001EA32C /* CMLResponseCurve.c */; };
		90BF90D2275237AD001EA32C /* CMLConverterMacros.h in Headers */ = {isa = PBXBuildFile; fileRef = 90BF90B6275237AD001EA32C /* CMLConverterMacros.h */; };
		90BF90D3275237AD001EA32C /* CMLConverterMacros.h in Headers */ = {isa = PBXBuildFile; fileRef = 90BF90B6275237AD001EA32C /* CMLConverterMacros.h */; };
		90BF90D4275237AD001EA32C /* CMLColorMachine.c in Sources */ = {isa = PBXBuildFile; fileRef = 90BF90B7275237AD001EA32C /* CMLColorMachine.c */; };
		90BF90D5275237AD001EA32C /* CMLColorMachine.c in Sources */ = {isa = PBXBuildFile; fileRef = 90BF90B7275237AD001EA32C /* CMLColorMachine.c */; };
		90BF90D6275237AD001EA32C /* CMLStrings.c in Sources */ = {isa = PBXBuildFile; fileRef = 90BF90B8275237AD001EA32C /* CMLStrings.c */; };
		90BF90D7275237AD001EA32C /* CMLStrings.c in Sources */ = {isa = PBXBuildFile; fileRef = 90BF90B8275237AD001EA32C /* CMLStrings.c */; };
		90BF90D8275237AD001EA32C /* CMLChromaticAdaptation.c in Sources */ = {isa = PBXBuildFile; fileRef = 90BF90B9275237AD001EA32C /* CMLChromaticAdaptation.c */; };
		90BF90D9275237AD001EA32C /* CMLChromaticAdaptation.c in Sources */ = {isa = PBXBuildFile; fileRef = 90BF90B9275237AD001EA32C /* CMLChromaticAdaptation.c */; };
		90BF90DA275237AD001EA32C /* CMLGrayColorspace.c in Sources */ = {isa = PBXBuildFile; fileRef = 90BF90BA275237AD001EA32C /* CMLGrayColorspace.c */; };
		90BF90DB275237AD001EA32C /* CMLGrayColorspace.c in Sources */ = {isa = PBXBuildFile; fileRef = 90BF90BA275237AD001EA32C /* CMLGrayColorspace.c */; };
		90BF90DC275237AD001EA32C /* CMLColorMachineState.h in Headers */ = {isa = PBXBuildFile; fileRef = 90BF90BB275237AD001EA32C /* CMLColorMachineState.h */; };
		90BF90DD275237AD001EA32C /* CMLColorMachineState.h in Headers */ = {isa = PBXBuildFile; fileRef = 90BF90BB275237AD001EA32C /* CMLColorMachineState.h */; };
		90BF90DE275237AD001EA32C /* CMLInternal.h in Headers */ = {isa = PBXBuildFile; fileRef = 90BF90BC275237AD001EA32C /* CMLInternal.h */; };
		90BF90DF275237AD001EA32C /* CMLInternal.h in Headers */ = {isa = PBXBuildFile; fileRef = 90BF90BC275237AD001EA32C /* CMLInternal.h */; };
		90BF90E0275237AD001EA32C /* CMLIllumination.c in Sources */ = {isa = PBXBuildFile; fileRef = 90BF90BD275237AD001EA32C /* CMLIllumination.c */; };
		90BF90E1275237AD001EA32C /* CMLIllumination.c in Sources */ = {isa = PBXBuildFile; fileRef = 90BF90BD275237AD001EA32C /* CMLIllumination.c */; };
		90BF90E2275237AD001EA32C /* CMLNormedConversions.h in Headers */ = {isa = PBXBuildFile; fileRef = 90BF90BE275237AD001EA32C /* CMLNormedConversions.h */; };
		90BF90E3275237AD001EA32C /* CMLNormedConversions.h in Headers */ = {isa = PBXBuildFile; fileRef = 90BF90BE275237AD001EA32C /* CMLNormedConversions.h */; };
		90BF90E4275237AD001EA32C /* CMLRGBColorspace.c in Sources */ = {isa = PBXBuildFile; fileRef = 90BF90BF275237AD001EA32C /* CMLRGBColorspace.c */; };
		90BF90E5275237AD001EA32C /* CMLRGBColorspace.c in Sources */ = {isa = PBXBuildFile; fileRef = 90BF90BF275237AD001EA32C /* CMLRGBColorspace.c */; };
		90BF90ED27526480001EA32C /* CMLMath.h in Headers */ = {isa = PBXBuildFile; fileRef = 90BF90EC27526480001EA32C /* CMLMath.h */; };
		90BF90EE27526480001EA32C /* CMLMath.h in Headers */ = {isa = PBXBuildFile; fileRef = 90BF90EC27526480001EA32C /* CMLMath.h */; };
		90F843C72762A1E9000A8A51 /* examplecpp.cpp in Sources */ = {isa = PBXBuildFile; fileRef = 90F843C62762A1E9000A8A51 /* examplecpp.cpp */; };
/* End PBXBuildFile section */

/* Begin PBXContainerItemProxy section */
		90BF50AB274AACC9001FDE2A /* PBXContainerItemProxy */ = {
			isa = PBXContainerItemProxy;
			containerPortal = B99F4BA513F8ABFF009465D9 /* Project object */;
			proxyType = 1;
			remoteGlobalIDString = B99F4BBE13F8AC4C009465D9;
			remoteInfo = libcml;
		};
		90BF50AD274AACC9001FDE2A /* PBXContainerItemProxy */ = {
			isa = PBXContainerItemProxy;
			containerPortal = B99F4BA513F8ABFF009465D9 /* Project object */;
			proxyType = 1;
			remoteGlobalIDString = B9E8E3F0154D77D500A4C836;
			remoteInfo = libcmldebug;
		};
		90BF50AF274AACCE001FDE2A /* PBXContainerItemProxy */ = {
			isa = PBXContainerItemProxy;
			containerPortal = B99F4BA513F8ABFF009465D9 /* Project object */;
			proxyType = 1;
			remoteGlobalIDString = B9E8E3F0154D77D500A4C836;
			remoteInfo = libcmldebug;
		};
		B972DAF8142347940015D6F7 /* PBXContainerItemProxy */ = {
			isa = PBXContainerItemProxy;
			containerPortal = B99F4BA513F8ABFF009465D9 /* Project object */;
			proxyType = 1;
			remoteGlobalIDString = B99F4BBE13F8AC4C009465D9;
			remoteInfo = CML;
		};
/* End PBXContainerItemProxy section */

/* Begin PBXFileReference section */
		908EDD9B2756D5FC008ABF6D /* CMLDefinitions.h */ = {isa = PBXFileReference; fileEncoding = 4; lastKnownFileType = sourcecode.c.h; path = CMLDefinitions.h; sourceTree = "<group>"; };
		908EDDA62756D641008ABF6D /* CMLunused.h */ = {isa = PBXFileReference; fileEncoding = 4; lastKnownFileType = sourcecode.c.h; path = CMLunused.h; sourceTree = "<group>"; };
		90BF4FAA274AAC84001FDE2A /* Readme.txt */ = {isa = PBXFileReference; fileEncoding = 4; lastKnownFileType = text; path = Readme.txt; sourceTree = "<group>"; };
		90BF4FAB274AAC84001FDE2A /* CMLChangelog.txt */ = {isa = PBXFileReference; fileEncoding = 4; lastKnownFileType = text; path = CMLChangelog.txt; sourceTree = "<group>"; };
		90BF4FB2274AAC84001FDE2A /* CMLInvert.c */ = {isa = PBXFileReference; fileEncoding = 4; lastKnownFileType = sourcecode.c.c; path = CMLInvert.c; sourceTree = "<group>"; };
		90BF4FB3274AAC84001FDE2A /* CMLInputOutputConversions.c */ = {isa = PBXFileReference; fileEncoding = 4; lastKnownFileType = sourcecode.c.c; path = CMLInputOutputConversions.c; sourceTree = "<group>"; };
		90BF4FB4274AAC84001FDE2A /* CMLHSLConversions.c */ = {isa = PBXFileReference; fileEncoding = 4; lastKnownFileType = sourcecode.c.c; path = CMLHSLConversions.c; sourceTree = "<group>"; };
		90BF4FB5274AAC84001FDE2A /* CMLLuvConversions.c */ = {isa = PBXFileReference; fileEncoding = 4; lastKnownFileType = sourcecode.c.c; path = CMLLuvConversions.c; sourceTree = "<group>"; };
		90BF4FB6274AAC84001FDE2A /* CMLNormedConversions.c */ = {isa = PBXFileReference; fileEncoding = 4; lastKnownFileType = sourcecode.c.c; path = CMLNormedConversions.c; sourceTree = "<group>"; };
		90BF4FB7274AAC84001FDE2A /* CMLXYZConversions.c */ = {isa = PBXFileReference; fileEncoding = 4; lastKnownFileType = sourcecode.c.c; path = CMLXYZConversions.c; sourceTree = "<group>"; };
		90BF4FB8274AAC84001FDE2A /* CMLLchConversions.c */ = {isa = PBXFileReference; fileEncoding = 4; lastKnownFileType = sourcecode.c.c; path = CMLLchConversions.c; sourceTree = "<group>"; };
		90BF4FB9274AAC84001FDE2A /* CMLYxyConversions.c */ = {isa = PBXFileReference; fileEncoding = 4; lastKnownFileType = sourcecode.c.c; path = CMLYxyConversions.c; sourceTree = "<group>"; };
		90BF4FBA274AAC84001FDE2A /* CMLSpectralConversions.c */ = {isa = PBXFileReference; fileEncoding = 4; lastKnownFileType = sourcecode.c.c; path = CMLSpectralConversions.c; sourceTree = "<group>"; };
		90BF4FBB274AAC84001FDE2A /* CMLCMYKConversions.c */ = {isa = PBXFileReference; fileEncoding = 4; lastKnownFileType = sourcecode.c.c; path = CMLCMYKConversions.c; sourceTree = "<group>"; };
		90BF4FBC274AAC84001FDE2A /* CMLYCbCrConversions.c */ = {isa = PBXFileReference; fileEncoding = 4; lastKnownFileType = sourcecode.c.c; path = CMLYCbCrConversions.c; sourceTree = "<group>"; };
		90BF4FBD274AAC84001FDE2A /* CMLGrayConversions.c */ = {isa = PBXFileReference; fileEncoding = 4; lastKnownFileType = sourcecode.c.c; path = CMLGrayConversions.c; sourceTree = "<group>"; };
		90BF4FBE274AAC84001FDE2A /* CMLYuvConversions.c */ = {isa = PBXFileReference; fileEncoding = 4; lastKnownFileType = sourcecode.c.c; path = CMLYuvConversions.c; sourceTree = "<group>"; };
		90BF4FBF274AAC84001FDE2A /* CMLRGBConversions.c */ = {isa = PBXFileReference; fileEncoding = 4; lastKnownFileType = sourcecode.c.c; path = CMLRGBConversions.c; sourceTree = "<group>"; };
		90BF4FC0274AAC84001FDE2A /* CMLHSVConversions.c */ = {isa = PBXFileReference; fileEncoding = 4; lastKnownFileType = sourcecode.c.c; path = CMLHSVConversions.c; sourceTree = "<group>"; };
		90BF4FC1274AAC84001FDE2A /* CMLClamp.c */ = {isa = PBXFileReference; fileEncoding = 4; lastKnownFileType = sourcecode.c.c; path = CMLClamp.c; sourceTree = "<group>"; };
		90BF4FC2274AAC84001FDE2A /* CMLColorMachineConversions.c */ = {isa = PBXFileReference; fileEncoding = 4; lastKnownFileType = sourcecode.c.c; path = CMLColorMachineConversions.c; sourceTree = "<group>"; };
		90BF4FC3274AAC84001FDE2A /* CMLLabConversions.c */ = {isa = PBXFileReference; fileEncoding = 4; lastKnownFileType = sourcecode.c.c; path = CMLLabConversions.c; sourceTree = "<group>"; };
		90BF4FC4274AAC84001FDE2A /* CMLYupvpConversions.c */ = {isa = PBXFileReference; fileEncoding = 4; lastKnownFileType = sourcecode.c.c; path = CMLYupvpConversions.c; sourceTree = "<group>"; };
		90BF4FD5274AAC84001FDE2A /* CMLIllumination.h */ = {isa = PBXFileReference; fileEncoding = 4; lastKnownFileType = sourcecode.c.h; path = CMLIllumination.h; sourceTree = "<group>"; };
		90BF4FD8274AAC84001FDE2A /* CML.h */ = {isa = PBXFileReference; fileEncoding = 4; lastKnownFileType = sourcecode.c.h; path = CML.h; sourceTree = "<group>"; };
		90BF4FDB274AAC84001FDE2A /* CMLObserver.h */ = {isa = PBXFileReference; fileEncoding = 4; lastKnownFileType = sourcecode.c.h; path = CMLObserver.h; sourceTree = "<group>"; };
		90BF4FDD274AAC84001FDE2A /* CMLFunctions.h */ = {isa = PBXFileReference; fileEncoding = 4; lastKnownFileType = sourcecode.c.h; path = CMLFunctions.h; sourceTree = "<group>"; };
		90BF4FDE274AAC84001FDE2A /* CMLEnvironment.h */ = {isa = PBXFileReference; fileEncoding = 4; lastKnownFileType = sourcecode.c.h; path = CMLEnvironment.h; sourceTree = "<group>"; };
		90BF4FE0274AAC84001FDE2A /* CMLBaseAPI.h */ = {isa = PBXFileReference; fileEncoding = 4; lastKnownFileType = sourcecode.c.h; path = CMLBaseAPI.h; sourceTree = "<group>"; };
		90BF4FE1274AAC84001FDE2A /* CMLResponseCurve.h */ = {isa = PBXFileReference; fileEncoding = 4; lastKnownFileType = sourcecode.c.h; path = CMLResponseCurve.h; sourceTree = "<group>"; };
		90BF4FE2274AAC84001FDE2A /* CMLColorMachine.h */ = {isa = PBXFileReference; fileEncoding = 4; lastKnownFileType = sourcecode.c.h; path = CMLColorMachine.h; sourceTree = "<group>"; };
		90BF4FE4274AAC84001FDE2A /* CMLColor.h */ = {isa = PBXFileReference; fileEncoding = 4; lastKnownFileType = sourcecode.c.h; path = CMLColor.h; sourceTree = "<group>"; };
		90BF4FE5274AAC84001FDE2A /* CMLCMYKColor.cpp */ = {isa = PBXFileReference; fileEncoding = 4; lastKnownFileType = sourcecode.cpp.cpp; path = CMLCMYKColor.cpp; sourceTree = "<group>"; };
		90BF4FE6274AAC84001FDE2A /* CMLLabColor.cpp */ = {isa = PBXFileReference; fileEncoding = 4; lastKnownFileType = sourcecode.cpp.cpp; path = CMLLabColor.cpp; sourceTree = "<group>"; };
		90BF4FE7274AAC84001FDE2A /* CMLColor.cpp */ = {isa = PBXFileReference; fileEncoding = 4; lastKnownFileType = sourcecode.cpp.cpp; path = CMLColor.cpp; sourceTree = "<group>"; };
		90BF4FE8274AAC84001FDE2A /* CMLRGBColor.cpp */ = {isa = PBXFileReference; fileEncoding = 4; lastKnownFileType = sourcecode.cpp.cpp; path = CMLRGBColor.cpp; sourceTree = "<group>"; };
		90BF4FE9274AAC84001FDE2A /* CMLXYZColor.cpp */ = {isa = PBXFileReference; fileEncoding = 4; lastKnownFileType = sourcecode.cpp.cpp; path = CMLXYZColor.cpp; sourceTree = "<group>"; };
		90BF4FEA274AAC84001FDE2A /* CMLSpectralColor.cpp */ = {isa = PBXFileReference; fileEncoding = 4; lastKnownFileType = sourcecode.cpp.cpp; path = CMLSpectralColor.cpp; sourceTree = "<group>"; };
		90BF4FEB274AAC84001FDE2A /* CMLHSLColor.cpp */ = {isa = PBXFileReference; fileEncoding = 4; lastKnownFileType = sourcecode.cpp.cpp; path = CMLHSLColor.cpp; sourceTree = "<group>"; };
		90BF4FEC274AAC84001FDE2A /* CMLRGBColor.h */ = {isa = PBXFileReference; fileEncoding = 4; lastKnownFileType = sourcecode.c.h; path = CMLRGBColor.h; sourceTree = "<group>"; };
		90BF4FED274AAC84001FDE2A /* CMLCMYKColor.h */ = {isa = PBXFileReference; fileEncoding = 4; lastKnownFileType = sourcecode.c.h; path = CMLCMYKColor.h; sourceTree = "<group>"; };
		90BF4FEE274AAC84001FDE2A /* CMLXYZColor.h */ = {isa = PBXFileReference; fileEncoding = 4; lastKnownFileType = sourcecode.c.h; path = CMLXYZColor.h; sourceTree = "<group>"; };
		90BF4FEF274AAC85001FDE2A /* CMLGrayColor.h */ = {isa = PBXFileReference; fileEncoding = 4; lastKnownFileType = sourcecode.c.h; path = CMLGrayColor.h; sourceTree = "<group>"; };
		90BF4FF0274AAC85001FDE2A /* CMLYupvpColor.h */ = {isa = PBXFileReference; fileEncoding = 4; lastKnownFileType = sourcecode.c.h; path = CMLYupvpColor.h; sourceTree = "<group>"; };
		90BF4FF1274AAC85001FDE2A /* CMLLuvColor.cpp */ = {isa = PBXFileReference; fileEncoding = 4; lastKnownFileType = sourcecode.cpp.cpp; path = CMLLuvColor.cpp; sourceTree = "<group>"; };
		90BF4FF2274AAC85001FDE2A /* CMLGrayColor.cpp */ = {isa = PBXFileReference; fileEncoding = 4; lastKnownFileType = sourcecode.cpp.cpp; path = CMLGrayColor.cpp; sourceTree = "<group>"; };
		90BF4FF3274AAC85001FDE2A /* CMLYxyColor.cpp */ = {isa = PBXFileReference; fileEncoding = 4; lastKnownFileType = sourcecode.cpp.cpp; path = CMLYxyColor.cpp; sourceTree = "<group>"; };
		90BF4FF4274AAC85001FDE2A /* CMLLchColor.h */ = {isa = PBXFileReference; fileEncoding = 4; lastKnownFileType = sourcecode.c.h; path = CMLLchColor.h; sourceTree = "<group>"; };
		90BF4FF5274AAC85001FDE2A /* CMLLchColor.cpp */ = {isa = PBXFileReference; fileEncoding = 4; lastKnownFileType = sourcecode.cpp.cpp; path = CMLLchColor.cpp; sourceTree = "<group>"; };
		90BF4FF6274AAC85001FDE2A /* CMLLuvColor.h */ = {isa = PBXFileReference; fileEncoding = 4; lastKnownFileType = sourcecode.c.h; path = CMLLuvColor.h; sourceTree = "<group>"; };
		90BF4FF7274AAC85001FDE2A /* CMLSpectralColor.h */ = {isa = PBXFileReference; fileEncoding = 4; lastKnownFileType = sourcecode.c.h; path = CMLSpectralColor.h; sourceTree = "<group>"; };
		90BF4FF8274AAC85001FDE2A /* CMLLabColor.h */ = {isa = PBXFileReference; fileEncoding = 4; lastKnownFileType = sourcecode.c.h; path = CMLLabColor.h; sourceTree = "<group>"; };
		90BF4FF9274AAC85001FDE2A /* CMLYuvColor.cpp */ = {isa = PBXFileReference; fileEncoding = 4; lastKnownFileType = sourcecode.cpp.cpp; path = CMLYuvColor.cpp; sourceTree = "<group>"; };
		90BF4FFA274AAC85001FDE2A /* CMLYuvColor.h */ = {isa = PBXFileReference; fileEncoding = 4; lastKnownFileType = sourcecode.c.h; path = CMLYuvColor.h; sourceTree = "<group>"; };
		90BF4FFB274AAC85001FDE2A /* CMLYxyColor.h */ = {isa = PBXFileReference; fileEncoding = 4; lastKnownFileType = sourcecode.c.h; path = CMLYxyColor.h; sourceTree = "<group>"; };
		90BF4FFC274AAC85001FDE2A /* CMLHSVColor.cpp */ = {isa = PBXFileReference; fileEncoding = 4; lastKnownFileType = sourcecode.cpp.cpp; path = CMLHSVColor.cpp; sourceTree = "<group>"; };
		90BF4FFD274AAC85001FDE2A /* CMLHSLColor.h */ = {isa = PBXFileReference; fileEncoding = 4; lastKnownFileType = sourcecode.c.h; path = CMLHSLColor.h; sourceTree = "<group>"; };
		90BF4FFE274AAC85001FDE2A /* CMLYCbCrColor.h */ = {isa = PBXFileReference; fileEncoding = 4; lastKnownFileType = sourcecode.c.h; path = CMLYCbCrColor.h; sourceTree = "<group>"; };
		90BF4FFF274AAC85001FDE2A /* CMLYupvpColor.cpp */ = {isa = PBXFileReference; fileEncoding = 4; lastKnownFileType = sourcecode.cpp.cpp; path = CMLYupvpColor.cpp; sourceTree = "<group>"; };
		90BF5000274AAC85001FDE2A /* CMLHSVColor.h */ = {isa = PBXFileReference; fileEncoding = 4; lastKnownFileType = sourcecode.c.h; path = CMLHSVColor.h; sourceTree = "<group>"; };
		90BF5001274AAC85001FDE2A /* CMLYCbCrColor.cpp */ = {isa = PBXFileReference; fileEncoding = 4; lastKnownFileType = sourcecode.cpp.cpp; path = CMLYCbCrColor.cpp; sourceTree = "<group>"; };
		90BF908E27523562001EA32C /* example.c */ = {isa = PBXFileReference; fileEncoding = 4; lastKnownFileType = sourcecode.c.c; path = example.c; sourceTree = "<group>"; };
		90BF90AD275237AD001EA32C /* CMLIntegerMapping.c */ = {isa = PBXFileReference; fileEncoding = 4; lastKnownFileType = sourcecode.c.c; path = CMLIntegerMapping.c; sourceTree = "<group>"; };
		90BF90AE275237AD001EA32C /* CMLCMYKColorspace.c */ = {isa = PBXFileReference; fileEncoding = 4; lastKnownFileType = sourcecode.c.c; path = CMLCMYKColorspace.c; sourceTree = "<group>"; };
		90BF90AF275237AD001EA32C /* CMLFunctions.c */ = {isa = PBXFileReference; fileEncoding = 4; lastKnownFileType = sourcecode.c.c; path = CMLFunctions.c; sourceTree = "<group>"; };
		90BF90B0275237AD001EA32C /* CMLInternal.c */ = {isa = PBXFileReference; fileEncoding = 4; lastKnownFileType = sourcecode.c.c; path = CMLInternal.c; sourceTree = "<group>"; };
		90BF90B1275237AD001EA32C /* CMLColorMachineState.c */ = {isa = PBXFileReference; fileEncoding = 4; lastKnownFileType = sourcecode.c.c; path = CMLColorMachineState.c; sourceTree = "<group>"; };
		90BF90B2275237AD001EA32C /* CMLObserver.c */ = {isa = PBXFileReference; fileEncoding = 4; lastKnownFileType = sourcecode.c.c; path = CMLObserver.c; sourceTree = "<group>"; };
		90BF90B3275237AD001EA32C /* CMLLabColorspace.c */ = {isa = PBXFileReference; fileEncoding = 4; lastKnownFileType = sourcecode.c.c; path = CMLLabColorspace.c; sourceTree = "<group>"; };
		90BF90B4275237AD001EA32C /* CMLBaseAPI.c */ = {isa = PBXFileReference; fileEncoding = 4; lastKnownFileType = sourcecode.c.c; path = CMLBaseAPI.c; sourceTree = "<group>"; };
		90BF90B5275237AD001EA32C /* CMLResponseCurve.c */ = {isa = PBXFileReference; fileEncoding = 4; lastKnownFileType = sourcecode.c.c; path = CMLResponseCurve.c; sourceTree = "<group>"; };
		90BF90B6275237AD001EA32C /* CMLConverterMacros.h */ = {isa = PBXFileReference; fileEncoding = 4; lastKnownFileType = sourcecode.c.h; path = CMLConverterMacros.h; sourceTree = "<group>"; };
		90BF90B7275237AD001EA32C /* CMLColorMachine.c */ = {isa = PBXFileReference; fileEncoding = 4; lastKnownFileType = sourcecode.c.c; path = CMLColorMachine.c; sourceTree = "<group>"; };
		90BF90B8275237AD001EA32C /* CMLStrings.c */ = {isa = PBXFileReference; fileEncoding = 4; lastKnownFileType = sourcecode.c.c; path = CMLStrings.c; sourceTree = "<group>"; };
		90BF90B9275237AD001EA32C /* CMLChromaticAdaptation.c */ = {isa = PBXFileReference; fileEncoding = 4; lastKnownFileType = sourcecode.c.c; path = CMLChromaticAdaptation.c; sourceTree = "<group>"; };
		90BF90BA275237AD001EA32C /* CMLGrayColorspace.c */ = {isa = PBXFileReference; fileEncoding = 4; lastKnownFileType = sourcecode.c.c; path = CMLGrayColorspace.c; sourceTree = "<group>"; };
		90BF90BB275237AD001EA32C /* CMLColorMachineState.h */ = {isa = PBXFileReference; fileEncoding = 4; lastKnownFileType = sourcecode.c.h; path = CMLColorMachineState.h; sourceTree = "<group>"; };
		90BF90BC275237AD001EA32C /* CMLInternal.h */ = {isa = PBXFileReference; fileEncoding = 4; lastKnownFileType = sourcecode.c.h; path = CMLInternal.h; sourceTree = "<group>"; };
		90BF90BD275237AD001EA32C /* CMLIllumination.c */ = {isa = PBXFileReference; fileEncoding = 4; lastKnownFileType = sourcecode.c.c; path = CMLIllumination.c; sourceTree = "<group>"; };
		90BF90BE275237AD001EA32C /* CMLNormedConversions.h */ = {isa = PBXFileReference; fileEncoding = 4; lastKnownFileType = sourcecode.c.h; path = CMLNormedConversions.h; sourceTree = "<group>"; };
		90BF90BF275237AD001EA32C /* CMLRGBColorspace.c */ = {isa = PBXFileReference; fileEncoding = 4; lastKnownFileType = sourcecode.c.c; path = CMLRGBColorspace.c; sourceTree = "<group>"; };
		90BF90EC27526480001EA32C /* CMLMath.h */ = {isa = PBXFileReference; fileEncoding = 4; lastKnownFileType = sourcecode.c.h; path = CMLMath.h; sourceTree = "<group>"; };
		90BF90F3275264D0001EA32C /* Timer.h */ = {isa = PBXFileReference; fileEncoding = 4; lastKnownFileType = sourcecode.c.h; path = Timer.h; sourceTree = "<group>"; };
		90F843C42762A1E9000A8A51 /* examplecpp.vcxproj */ = {isa = PBXFileReference; fileEncoding = 4; lastKnownFileType = text.xml; path = examplecpp.vcxproj; sourceTree = "<group>"; };
		90F843C62762A1E9000A8A51 /* examplecpp.cpp */ = {isa = PBXFileReference; fileEncoding = 4; lastKnownFileType = sourcecode.cpp.cpp; path = examplecpp.cpp; sourceTree = "<group>"; };
		B92F506F140A76D100075896 /* Test */ = {isa = PBXFileReference; explicitFileType = "compiled.mach-o.executable"; includeInIndex = 0; path = Test; sourceTree = BUILT_PRODUCTS_DIR; };
		B98F4D5D15E4059C0080C96E /* cppexample */ = {isa = PBXFileReference; explicitFileType = "compiled.mach-o.executable"; includeInIndex = 0; path = cppexample; sourceTree = BUILT_PRODUCTS_DIR; };
		B99F4BBF13F8AC4C009465D9 /* libcml.dylib */ = {isa = PBXFileReference; explicitFileType = "compiled.mach-o.dylib"; includeInIndex = 0; path = libcml.dylib; sourceTree = BUILT_PRODUCTS_DIR; };
		B9E8E3F1154D77D500A4C836 /* libcmldebug.dylib */ = {isa = PBXFileReference; explicitFileType = "compiled.mach-o.dylib"; includeInIndex = 0; path = libcmldebug.dylib; sourceTree = BUILT_PRODUCTS_DIR; };
/* End PBXFileReference section */

/* Begin PBXFrameworksBuildPhase section */
		B92F506D140A76D100075896 /* Frameworks */ = {
			isa = PBXFrameworksBuildPhase;
			buildActionMask = 2147483647;
			files = (
				90BF4FA3274AA2D9001FDE2A /* libcmldebug.dylib in Frameworks */,
			);
			runOnlyForDeploymentPostprocessing = 0;
		};
		B98F4D5B15E4059C0080C96E /* Frameworks */ = {
			isa = PBXFrameworksBuildPhase;
			buildActionMask = 2147483647;
			files = (
				90BF4FA6274AA698001FDE2A /* libcmldebug.dylib in Frameworks */,
			);
			runOnlyForDeploymentPostprocessing = 0;
		};
		B99F4BBD13F8AC4C009465D9 /* Frameworks */ = {
			isa = PBXFrameworksBuildPhase;
			buildActionMask = 2147483647;
			files = (
			);
			runOnlyForDeploymentPostprocessing = 0;
		};
		B9E8E3EF154D77D500A4C836 /* Frameworks */ = {
			isa = PBXFrameworksBuildPhase;
			buildActionMask = 2147483647;
			files = (
			);
			runOnlyForDeploymentPostprocessing = 0;
		};
/* End PBXFrameworksBuildPhase section */

/* Begin PBXGroup section */
		90BF4FA2274AA2D9001FDE2A /* Frameworks */ = {
			isa = PBXGroup;
			children = (
			);
			name = Frameworks;
			sourceTree = "<group>";
		};
		90BF4FA7274AAC84001FDE2A /* CML */ = {
			isa = PBXGroup;
			children = (
				90BF4FA8274AAC84001FDE2A /* res */,
				90BF4FAC274AAC84001FDE2A /* src */,
			);
			name = CML;
			path = ../code/CML;
			sourceTree = "<group>";
		};
		90BF4FA8274AAC84001FDE2A /* res */ = {
			isa = PBXGroup;
			children = (
				90BF4FAA274AAC84001FDE2A /* Readme.txt */,
				90BF4FAB274AAC84001FDE2A /* CMLChangelog.txt */,
			);
			path = res;
			sourceTree = "<group>";
		};
		90BF4FAC274AAC84001FDE2A /* src */ = {
			isa = PBXGroup;
			children = (
				90BF4FD8274AAC84001FDE2A /* CML.h */,
				90BF4FE0274AAC84001FDE2A /* CMLBaseAPI.h */,
				90BF4FE2274AAC84001FDE2A /* CMLColorMachine.h */,
				908EDD9B2756D5FC008ABF6D /* CMLDefinitions.h */,
				90BF4FDE274AAC84001FDE2A /* CMLEnvironment.h */,
				90BF4FDD274AAC84001FDE2A /* CMLFunctions.h */,
				90BF4FD5274AAC84001FDE2A /* CMLIllumination.h */,
				90BF90EC27526480001EA32C /* CMLMath.h */,
				90BF4FDB274AAC84001FDE2A /* CMLObserver.h */,
				90BF4FE1274AAC84001FDE2A /* CMLResponseCurve.h */,
				90BF4FE3274AAC84001FDE2A /* ColorClasses */,
				90BF4FB1274AAC84001FDE2A /* Conversions */,
				90BF90AC275237AD001EA32C /* Internal */,
			);
			path = src;
			sourceTree = "<group>";
		};
		90BF4FB1274AAC84001FDE2A /* Conversions */ = {
			isa = PBXGroup;
			children = (
				90BF4FB2274AAC84001FDE2A /* CMLInvert.c */,
				90BF4FB3274AAC84001FDE2A /* CMLInputOutputConversions.c */,
				90BF4FB4274AAC84001FDE2A /* CMLHSLConversions.c */,
				90BF4FB5274AAC84001FDE2A /* CMLLuvConversions.c */,
				90BF4FB6274AAC84001FDE2A /* CMLNormedConversions.c */,
				90BF4FB7274AAC84001FDE2A /* CMLXYZConversions.c */,
				90BF4FB8274AAC84001FDE2A /* CMLLchConversions.c */,
				90BF4FB9274AAC84001FDE2A /* CMLYxyConversions.c */,
				90BF4FBA274AAC84001FDE2A /* CMLSpectralConversions.c */,
				90BF4FBB274AAC84001FDE2A /* CMLCMYKConversions.c */,
				90BF4FBC274AAC84001FDE2A /* CMLYCbCrConversions.c */,
				90BF4FBD274AAC84001FDE2A /* CMLGrayConversions.c */,
				90BF4FBE274AAC84001FDE2A /* CMLYuvConversions.c */,
				90BF4FBF274AAC84001FDE2A /* CMLRGBConversions.c */,
				90BF4FC0274AAC84001FDE2A /* CMLHSVConversions.c */,
				90BF4FC1274AAC84001FDE2A /* CMLClamp.c */,
				90BF4FC2274AAC84001FDE2A /* CMLColorMachineConversions.c */,
				90BF4FC3274AAC84001FDE2A /* CMLLabConversions.c */,
				90BF4FC4274AAC84001FDE2A /* CMLYupvpConversions.c */,
			);
			path = Conversions;
			sourceTree = "<group>";
		};
		90BF4FE3274AAC84001FDE2A /* ColorClasses */ = {
			isa = PBXGroup;
			children = (
				90BF4FE4274AAC84001FDE2A /* CMLColor.h */,
				90BF4FE5274AAC84001FDE2A /* CMLCMYKColor.cpp */,
				90BF4FE6274AAC84001FDE2A /* CMLLabColor.cpp */,
				90BF4FE7274AAC84001FDE2A /* CMLColor.cpp */,
				90BF4FE8274AAC84001FDE2A /* CMLRGBColor.cpp */,
				90BF4FE9274AAC84001FDE2A /* CMLXYZColor.cpp */,
				90BF4FEA274AAC84001FDE2A /* CMLSpectralColor.cpp */,
				90BF4FEB274AAC84001FDE2A /* CMLHSLColor.cpp */,
				90BF4FEC274AAC84001FDE2A /* CMLRGBColor.h */,
				90BF4FED274AAC84001FDE2A /* CMLCMYKColor.h */,
				90BF4FEE274AAC84001FDE2A /* CMLXYZColor.h */,
				90BF4FEF274AAC85001FDE2A /* CMLGrayColor.h */,
				90BF4FF0274AAC85001FDE2A /* CMLYupvpColor.h */,
				90BF4FF1274AAC85001FDE2A /* CMLLuvColor.cpp */,
				90BF4FF2274AAC85001FDE2A /* CMLGrayColor.cpp */,
				90BF4FF3274AAC85001FDE2A /* CMLYxyColor.cpp */,
				90BF4FF4274AAC85001FDE2A /* CMLLchColor.h */,
				90BF4FF5274AAC85001FDE2A /* CMLLchColor.cpp */,
				90BF4FF6274AAC85001FDE2A /* CMLLuvColor.h */,
				90BF4FF7274AAC85001FDE2A /* CMLSpectralColor.h */,
				90BF4FF8274AAC85001FDE2A /* CMLLabColor.h */,
				90BF4FF9274AAC85001FDE2A /* CMLYuvColor.cpp */,
				90BF4FFA274AAC85001FDE2A /* CMLYuvColor.h */,
				90BF4FFB274AAC85001FDE2A /* CMLYxyColor.h */,
				90BF4FFC274AAC85001FDE2A /* CMLHSVColor.cpp */,
				90BF4FFD274AAC85001FDE2A /* CMLHSLColor.h */,
				90BF4FFE274AAC85001FDE2A /* CMLYCbCrColor.h */,
				90BF4FFF274AAC85001FDE2A /* CMLYupvpColor.cpp */,
				90BF5000274AAC85001FDE2A /* CMLHSVColor.h */,
				90BF5001274AAC85001FDE2A /* CMLYCbCrColor.cpp */,
			);
			path = ColorClasses;
			sourceTree = "<group>";
		};
		90BF908C27523562001EA32C /* example */ = {
			isa = PBXGroup;
			children = (
				90BF908D27523562001EA32C /* src */,
			);
			name = example;
			path = ../code/example;
			sourceTree = "<group>";
		};
		90BF908D27523562001EA32C /* src */ = {
			isa = PBXGroup;
			children = (
				90BF908E27523562001EA32C /* example.c */,
				90BF90F3275264D0001EA32C /* Timer.h */,
			);
			path = src;
			sourceTree = "<group>";
		};
		90BF90AC275237AD001EA32C /* Internal */ = {
			isa = PBXGroup;
			children = (
				90BF90B4275237AD001EA32C /* CMLBaseAPI.c */,
				90BF90B9275237AD001EA32C /* CMLChromaticAdaptation.c */,
				90BF90AE275237AD001EA32C /* CMLCMYKColorspace.c */,
				90BF90B7275237AD001EA32C /* CMLColorMachine.c */,
				90BF90B1275237AD001EA32C /* CMLColorMachineState.c */,
				90BF90BB275237AD001EA32C /* CMLColorMachineState.h */,
				90BF90B6275237AD001EA32C /* CMLConverterMacros.h */,
				90BF90AF275237AD001EA32C /* CMLFunctions.c */,
				90BF90BA275237AD001EA32C /* CMLGrayColorspace.c */,
				90BF90BD275237AD001EA32C /* CMLIllumination.c */,
				90BF90AD275237AD001EA32C /* CMLIntegerMapping.c */,
				90BF90B0275237AD001EA32C /* CMLInternal.c */,
				90BF90BC275237AD001EA32C /* CMLInternal.h */,
				90BF90B3275237AD001EA32C /* CMLLabColorspace.c */,
				90BF90BE275237AD001EA32C /* CMLNormedConversions.h */,
				90BF90B2275237AD001EA32C /* CMLObserver.c */,
				90BF90B5275237AD001EA32C /* CMLResponseCurve.c */,
				90BF90BF275237AD001EA32C /* CMLRGBColorspace.c */,
				90BF90B8275237AD001EA32C /* CMLStrings.c */,
				908EDDA62756D641008ABF6D /* CMLunused.h */,
			);
			path = Internal;
			sourceTree = "<group>";
		};
		90F843C32762A1E9000A8A51 /* examplecpp */ = {
			isa = PBXGroup;
			children = (
				90F843C42762A1E9000A8A51 /* examplecpp.vcxproj */,
				90F843C52762A1E9000A8A51 /* src */,
			);
			name = examplecpp;
			path = ../code/examplecpp;
			sourceTree = "<group>";
		};
		90F843C52762A1E9000A8A51 /* src */ = {
			isa = PBXGroup;
			children = (
				90F843C62762A1E9000A8A51 /* examplecpp.cpp */,
			);
			path = src;
			sourceTree = "<group>";
		};
		B99F4BA313F8ABFF009465D9 = {
			isa = PBXGroup;
			children = (
				90BF4FA7274AAC84001FDE2A /* CML */,
				90BF908C27523562001EA32C /* example */,
				90F843C32762A1E9000A8A51 /* examplecpp */,
				B99F4BB513F8AC31009465D9 /* Products */,
				90BF4FA2274AA2D9001FDE2A /* Frameworks */,
			);
			sourceTree = "<group>";
		};
		B99F4BB513F8AC31009465D9 /* Products */ = {
			isa = PBXGroup;
			children = (
				B99F4BBF13F8AC4C009465D9 /* libcml.dylib */,
				B92F506F140A76D100075896 /* Test */,
				B9E8E3F1154D77D500A4C836 /* libcmldebug.dylib */,
				B98F4D5D15E4059C0080C96E /* cppexample */,
			);
			name = Products;
			sourceTree = "<group>";
		};
/* End PBXGroup section */

/* Begin PBXHeadersBuildPhase section */
		B99F4BBB13F8AC4C009465D9 /* Headers */ = {
			isa = PBXHeadersBuildPhase;
			buildActionMask = 2147483647;
			files = (
				90BF505F274AAC85001FDE2A /* CMLFunctions.h in Headers */,
				90BF5099274AAC85001FDE2A /* CMLYxyColor.h in Headers */,
				90BF504F274AAC85001FDE2A /* CMLIllumination.h in Headers */,
				90BF90D2275237AD001EA32C /* CMLConverterMacros.h in Headers */,
				90BF5083274AAC85001FDE2A /* CMLYupvpColor.h in Headers */,
				90BF90ED27526480001EA32C /* CMLMath.h in Headers */,
				908EDDA72756D641008ABF6D /* CMLunused.h in Headers */,
				90BF5097274AAC85001FDE2A /* CMLYuvColor.h in Headers */,
				90BF5065274AAC85001FDE2A /* CMLBaseAPI.h in Headers */,
				90BF507F274AAC85001FDE2A /* CMLXYZColor.h in Headers */,
				90BF5069274AAC85001FDE2A /* CMLColorMachine.h in Headers */,
				90BF505B274AAC85001FDE2A /* CMLObserver.h in Headers */,
				90BF50A3274AAC85001FDE2A /* CMLHSVColor.h in Headers */,
				90BF90DE275237AD001EA32C /* CMLInternal.h in Headers */,
				90BF507D274AAC85001FDE2A /* CMLCMYKColor.h in Headers */,
				90BF509D274AAC85001FDE2A /* CMLHSLColor.h in Headers */,
				90BF5081274AAC85001FDE2A /* CMLGrayColor.h in Headers */,
				90BF507B274AAC85001FDE2A /* CMLRGBColor.h in Headers */,
				90BF509F274AAC85001FDE2A /* CMLYCbCrColor.h in Headers */,
				90BF5093274AAC85001FDE2A /* CMLLabColor.h in Headers */,
				90BF90E2275237AD001EA32C /* CMLNormedConversions.h in Headers */,
				90BF90DC275237AD001EA32C /* CMLColorMachineState.h in Headers */,
				90BF508B274AAC85001FDE2A /* CMLLchColor.h in Headers */,
				90BF5061274AAC85001FDE2A /* CMLEnvironment.h in Headers */,
				90BF5067274AAC85001FDE2A /* CMLResponseCurve.h in Headers */,
				90BF5091274AAC85001FDE2A /* CMLSpectralColor.h in Headers */,
				90BF506B274AAC85001FDE2A /* CMLColor.h in Headers */,
				90BF5055274AAC85001FDE2A /* CML.h in Headers */,
				908EDD9C2756D5FC008ABF6D /* CMLDefinitions.h in Headers */,
				90BF508F274AAC85001FDE2A /* CMLLuvColor.h in Headers */,
			);
			runOnlyForDeploymentPostprocessing = 0;
		};
		B9E8E3ED154D77D500A4C836 /* Headers */ = {
			isa = PBXHeadersBuildPhase;
			buildActionMask = 2147483647;
			files = (
				90BF5060274AAC85001FDE2A /* CMLFunctions.h in Headers */,
				90BF509A274AAC85001FDE2A /* CMLYxyColor.h in Headers */,
				90BF5050274AAC85001FDE2A /* CMLIllumination.h in Headers */,
				90BF90D3275237AD001EA32C /* CMLConverterMacros.h in Headers */,
				90BF5084274AAC85001FDE2A /* CMLYupvpColor.h in Headers */,
				90BF90EE27526480001EA32C /* CMLMath.h in Headers */,
				908EDDA82756D641008ABF6D /* CMLunused.h in Headers */,
				90BF5098274AAC85001FDE2A /* CMLYuvColor.h in Headers */,
				90BF5066274AAC85001FDE2A /* CMLBaseAPI.h in Headers */,
				90BF5080274AAC85001FDE2A /* CMLXYZColor.h in Headers */,
				90BF506A274AAC85001FDE2A /* CMLColorMachine.h in Headers */,
				90BF505C274AAC85001FDE2A /* CMLObserver.h in Headers */,
				90BF50A4274AAC85001FDE2A /* CMLHSVColor.h in Headers */,
				90BF90DF275237AD001EA32C /* CMLInternal.h in Headers */,
				90BF507E274AAC85001FDE2A /* CMLCMYKColor.h in Headers */,
				90BF509E274AAC85001FDE2A /* CMLHSLColor.h in Headers */,
				90BF5082274AAC85001FDE2A /* CMLGrayColor.h in Headers */,
				90BF507C274AAC85001FDE2A /* CMLRGBColor.h in Headers */,
				90BF50A0274AAC85001FDE2A /* CMLYCbCrColor.h in Headers */,
				90BF5094274AAC85001FDE2A /* CMLLabColor.h in Headers */,
				90BF90E3275237AD001EA32C /* CMLNormedConversions.h in Headers */,
				90BF90DD275237AD001EA32C /* CMLColorMachineState.h in Headers */,
				90BF508C274AAC85001FDE2A /* CMLLchColor.h in Headers */,
				90BF5062274AAC85001FDE2A /* CMLEnvironment.h in Headers */,
				90BF5068274AAC85001FDE2A /* CMLResponseCurve.h in Headers */,
				90BF5092274AAC85001FDE2A /* CMLSpectralColor.h in Headers */,
				90BF506C274AAC85001FDE2A /* CMLColor.h in Headers */,
				90BF5056274AAC85001FDE2A /* CML.h in Headers */,
				908EDD9D2756D5FC008ABF6D /* CMLDefinitions.h in Headers */,
				90BF5090274AAC85001FDE2A /* CMLLuvColor.h in Headers */,
			);
			runOnlyForDeploymentPostprocessing = 0;
		};
/* End PBXHeadersBuildPhase section */

/* Begin PBXNativeTarget section */
		B92F506E140A76D100075896 /* example */ = {
			isa = PBXNativeTarget;
			buildConfigurationList = B92F5076140A76DA00075896 /* Build configuration list for PBXNativeTarget "example" */;
			buildPhases = (
				B92F506C140A76D100075896 /* Sources */,
				B92F506D140A76D100075896 /* Frameworks */,
			);
			buildRules = (
			);
			dependencies = (
				B972DAF9142347940015D6F7 /* PBXTargetDependency */,
				90BF50B0274AACCE001FDE2A /* PBXTargetDependency */,
			);
			name = example;
			productName = Test;
			productReference = B92F506F140A76D100075896 /* Test */;
			productType = "com.apple.product-type.tool";
		};
		B98F4D5C15E4059C0080C96E /* examplecpp */ = {
			isa = PBXNativeTarget;
			buildConfigurationList = B98F4D6215E405BE0080C96E /* Build configuration list for PBXNativeTarget "examplecpp" */;
			buildPhases = (
				B98F4D5A15E4059C0080C96E /* Sources */,
				B98F4D5B15E4059C0080C96E /* Frameworks */,
			);
			buildRules = (
			);
			dependencies = (
				90BF50AC274AACC9001FDE2A /* PBXTargetDependency */,
				90BF50AE274AACC9001FDE2A /* PBXTargetDependency */,
			);
			name = examplecpp;
			productName = cppexample;
			productReference = B98F4D5D15E4059C0080C96E /* cppexample */;
			productType = "com.apple.product-type.tool";
		};
		B99F4BBE13F8AC4C009465D9 /* libcml */ = {
			isa = PBXNativeTarget;
			buildConfigurationList = B99F4BC313F8AC53009465D9 /* Build configuration list for PBXNativeTarget "libcml" */;
			buildPhases = (
				B99F4BBB13F8AC4C009465D9 /* Headers */,
				B99F4BBC13F8AC4C009465D9 /* Sources */,
				B99F4BBD13F8AC4C009465D9 /* Frameworks */,
			);
			buildRules = (
			);
			dependencies = (
			);
			name = libcml;
			productName = CMLDynamic;
			productReference = B99F4BBF13F8AC4C009465D9 /* libcml.dylib */;
			productType = "com.apple.product-type.library.dynamic";
		};
		B9E8E3F0154D77D500A4C836 /* libcmldebug */ = {
			isa = PBXNativeTarget;
			buildConfigurationList = B9E8E3F8154D77F600A4C836 /* Build configuration list for PBXNativeTarget "libcmldebug" */;
			buildPhases = (
				B9E8E3ED154D77D500A4C836 /* Headers */,
				B9E8E3EE154D77D500A4C836 /* Sources */,
				B9E8E3EF154D77D500A4C836 /* Frameworks */,
			);
			buildRules = (
			);
			dependencies = (
			);
			name = libcmldebug;
			productName = libcmldebug;
			productReference = B9E8E3F1154D77D500A4C836 /* libcmldebug.dylib */;
			productType = "com.apple.product-type.library.dynamic";
		};
/* End PBXNativeTarget section */

/* Begin PBXProject section */
		B99F4BA513F8ABFF009465D9 /* Project object */ = {
			isa = PBXProject;
			attributes = {
				LastUpgradeCheck = 0440;
				ORGANIZATIONNAME = "Manderim GmbH";
			};
			buildConfigurationList = B99F4BA813F8ABFF009465D9 /* Build configuration list for PBXProject "CML" */;
			compatibilityVersion = "Xcode 3.2";
			developmentRegion = English;
			hasScannedForEncodings = 0;
			knownRegions = (
				English,
				Japanese,
				French,
				German,
			);
			mainGroup = B99F4BA313F8ABFF009465D9;
			productRefGroup = B99F4BB513F8AC31009465D9 /* Products */;
			projectDirPath = "";
			projectRoot = "";
			targets = (
				B99F4BBE13F8AC4C009465D9 /* libcml */,
				B92F506E140A76D100075896 /* example */,
				B9E8E3F0154D77D500A4C836 /* libcmldebug */,
				B98F4D5C15E4059C0080C96E /* examplecpp */,
			);
		};
/* End PBXProject section */

/* Begin PBXSourcesBuildPhase section */
		B92F506C140A76D100075896 /* Sources */ = {
			isa = PBXSourcesBuildPhase;
			buildActionMask = 2147483647;
			files = (
				90BF908F27523562001EA32C /* example.c in Sources */,
			);
			runOnlyForDeploymentPostprocessing = 0;
		};
		B98F4D5A15E4059C0080C96E /* Sources */ = {
			isa = PBXSourcesBuildPhase;
			buildActionMask = 2147483647;
			files = (
				90F843C72762A1E9000A8A51 /* examplecpp.cpp in Sources */,
			);
			runOnlyForDeploymentPostprocessing = 0;
		};
		B99F4BBC13F8AC4C009465D9 /* Sources */ = {
			isa = PBXSourcesBuildPhase;
			buildActionMask = 2147483647;
			files = (
				90BF90E4275237AD001EA32C /* CMLRGBColorspace.c in Sources */,
				90BF50A5274AAC85001FDE2A /* CMLYCbCrColor.cpp in Sources */,
				90BF5015274AAC85001FDE2A /* CMLXYZConversions.c in Sources */,
				90BF5011274AAC85001FDE2A /* CMLLuvConversions.c in Sources */,
				90BF90DA275237AD001EA32C /* CMLGrayColorspace.c in Sources */,
				90BF508D274AAC85001FDE2A /* CMLLchColor.cpp in Sources */,
				90BF90CC275237AD001EA32C /* CMLLabColorspace.c in Sources */,
				90BF5017274AAC85001FDE2A /* CMLLchConversions.c in Sources */,
				90BF90D0275237AD001EA32C /* CMLResponseCurve.c in Sources */,
				90BF5019274AAC85001FDE2A /* CMLYxyConversions.c in Sources */,
				90BF50A1274AAC85001FDE2A /* CMLYupvpColor.cpp in Sources */,
				90BF5085274AAC85001FDE2A /* CMLLuvColor.cpp in Sources */,
				90BF90C0275237AD001EA32C /* CMLIntegerMapping.c in Sources */,
				90BF5071274AAC85001FDE2A /* CMLColor.cpp in Sources */,
				90BF502B274AAC85001FDE2A /* CMLColorMachineConversions.c in Sources */,
				90BF500B274AAC85001FDE2A /* CMLInvert.c in Sources */,
				90BF5095274AAC85001FDE2A /* CMLYuvColor.cpp in Sources */,
				90BF506F274AAC85001FDE2A /* CMLLabColor.cpp in Sources */,
				90BF90D6275237AD001EA32C /* CMLStrings.c in Sources */,
				90BF502F274AAC85001FDE2A /* CMLYupvpConversions.c in Sources */,
				90BF90E0275237AD001EA32C /* CMLIllumination.c in Sources */,
				90BF90C2275237AD001EA32C /* CMLCMYKColorspace.c in Sources */,
				90BF5013274AAC85001FDE2A /* CMLNormedConversions.c in Sources */,
				90BF500F274AAC85001FDE2A /* CMLHSLConversions.c in Sources */,
				90BF90CA275237AD001EA32C /* CMLObserver.c in Sources */,
				90BF501B274AAC85001FDE2A /* CMLSpectralConversions.c in Sources */,
				90BF5023274AAC85001FDE2A /* CMLYuvConversions.c in Sources */,
				90BF5089274AAC85001FDE2A /* CMLYxyColor.cpp in Sources */,
				90BF501D274AAC85001FDE2A /* CMLCMYKConversions.c in Sources */,
				90BF90CE275237AD001EA32C /* CMLBaseAPI.c in Sources */,
				90BF5087274AAC85001FDE2A /* CMLGrayColor.cpp in Sources */,
				90BF5025274AAC85001FDE2A /* CMLRGBConversions.c in Sources */,
				90BF90C8275237AD001EA32C /* CMLColorMachineState.c in Sources */,
				90BF5075274AAC85001FDE2A /* CMLXYZColor.cpp in Sources */,
				90BF90C6275237AD001EA32C /* CMLInternal.c in Sources */,
				90BF5077274AAC85001FDE2A /* CMLSpectralColor.cpp in Sources */,
				90BF501F274AAC85001FDE2A /* CMLYCbCrConversions.c in Sources */,
				90BF90D8275237AD001EA32C /* CMLChromaticAdaptation.c in Sources */,
				90BF5021274AAC85001FDE2A /* CMLGrayConversions.c in Sources */,
				90BF5029274AAC85001FDE2A /* CMLClamp.c in Sources */,
				90BF502D274AAC85001FDE2A /* CMLLabConversions.c in Sources */,
				90BF500D274AAC85001FDE2A /* CMLInputOutputConversions.c in Sources */,
				90BF5079274AAC85001FDE2A /* CMLHSLColor.cpp in Sources */,
				90BF90D4275237AD001EA32C /* CMLColorMachine.c in Sources */,
				90BF509B274AAC85001FDE2A /* CMLHSVColor.cpp in Sources */,
				90BF506D274AAC85001FDE2A /* CMLCMYKColor.cpp in Sources */,
				90BF90C4275237AD001EA32C /* CMLFunctions.c in Sources */,
				90BF5073274AAC85001FDE2A /* CMLRGBColor.cpp in Sources */,
				90BF5027274AAC85001FDE2A /* CMLHSVConversions.c in Sources */,
			);
			runOnlyForDeploymentPostprocessing = 0;
		};
		B9E8E3EE154D77D500A4C836 /* Sources */ = {
			isa = PBXSourcesBuildPhase;
			buildActionMask = 2147483647;
			files = (
				90BF90E5275237AD001EA32C /* CMLRGBColorspace.c in Sources */,
				90BF50A6274AAC85001FDE2A /* CMLYCbCrColor.cpp in Sources */,
				90BF5016274AAC85001FDE2A /* CMLXYZConversions.c in Sources */,
				90BF5012274AAC85001FDE2A /* CMLLuvConversions.c in Sources */,
				90BF90DB275237AD001EA32C /* CMLGrayColorspace.c in Sources */,
				90BF508E274AAC85001FDE2A /* CMLLchColor.cpp in Sources */,
				90BF90CD275237AD001EA32C /* CMLLabColorspace.c in Sources */,
				90BF5018274AAC85001FDE2A /* CMLLchConversions.c in Sources */,
				90BF90D1275237AD001EA32C /* CMLResponseCurve.c in Sources */,
				90BF501A274AAC85001FDE2A /* CMLYxyConversions.c in Sources */,
				90BF50A2274AAC85001FDE2A /* CMLYupvpColor.cpp in Sources */,
				90BF5086274AAC85001FDE2A /* CMLLuvColor.cpp in Sources */,
				90BF90C1275237AD001EA32C /* CMLIntegerMapping.c in Sources */,
				90BF5072274AAC85001FDE2A /* CMLColor.cpp in Sources */,
				90BF502C274AAC85001FDE2A /* CMLColorMachineConversions.c in Sources */,
				90BF500C274AAC85001FDE2A /* CMLInvert.c in Sources */,
				90BF5096274AAC85001FDE2A /* CMLYuvColor.cpp in Sources */,
				90BF5070274AAC85001FDE2A /* CMLLabColor.cpp in Sources */,
				90BF90D7275237AD001EA32C /* CMLStrings.c in Sources */,
				90BF5030274AAC85001FDE2A /* CMLYupvpConversions.c in Sources */,
				90BF90E1275237AD001EA32C /* CMLIllumination.c in Sources */,
				90BF90C3275237AD001EA32C /* CMLCMYKColorspace.c in Sources */,
				90BF5014274AAC85001FDE2A /* CMLNormedConversions.c in Sources */,
				90BF5010274AAC85001FDE2A /* CMLHSLConversions.c in Sources */,
				90BF90CB275237AD001EA32C /* CMLObserver.c in Sources */,
				90BF501C274AAC85001FDE2A /* CMLSpectralConversions.c in Sources */,
				90BF5024274AAC85001FDE2A /* CMLYuvConversions.c in Sources */,
				90BF508A274AAC85001FDE2A /* CMLYxyColor.cpp in Sources */,
				90BF501E274AAC85001FDE2A /* CMLCMYKConversions.c in Sources */,
				90BF90CF275237AD001EA32C /* CMLBaseAPI.c in Sources */,
				90BF5088274AAC85001FDE2A /* CMLGrayColor.cpp in Sources */,
				90BF5026274AAC85001FDE2A /* CMLRGBConversions.c in Sources */,
				90BF90C9275237AD001EA32C /* CMLColorMachineState.c in Sources */,
				90BF5076274AAC85001FDE2A /* CMLXYZColor.cpp in Sources */,
				90BF90C7275237AD001EA32C /* CMLInternal.c in Sources */,
				90BF5078274AAC85001FDE2A /* CMLSpectralColor.cpp in Sources */,
				90BF5020274AAC85001FDE2A /* CMLYCbCrConversions.c in Sources */,
				90BF90D9275237AD001EA32C /* CMLChromaticAdaptation.c in Sources */,
				90BF5022274AAC85001FDE2A /* CMLGrayConversions.c in Sources */,
				90BF502A274AAC85001FDE2A /* CMLClamp.c in Sources */,
				90BF502E274AAC85001FDE2A /* CMLLabConversions.c in Sources */,
				90BF500E274AAC85001FDE2A /* CMLInputOutputConversions.c in Sources */,
				90BF507A274AAC85001FDE2A /* CMLHSLColor.cpp in Sources */,
				90BF90D5275237AD001EA32C /* CMLColorMachine.c in Sources */,
				90BF509C274AAC85001FDE2A /* CMLHSVColor.cpp in Sources */,
				90BF506E274AAC85001FDE2A /* CMLCMYKColor.cpp in Sources */,
				90BF90C5275237AD001EA32C /* CMLFunctions.c in Sources */,
				90BF5074274AAC85001FDE2A /* CMLRGBColor.cpp in Sources */,
				90BF5028274AAC85001FDE2A /* CMLHSVConversions.c in Sources */,
			);
			runOnlyForDeploymentPostprocessing = 0;
		};
/* End PBXSourcesBuildPhase section */

/* Begin PBXTargetDependency section */
		90BF50AC274AACC9001FDE2A /* PBXTargetDependency */ = {
			isa = PBXTargetDependency;
			target = B99F4BBE13F8AC4C009465D9 /* libcml */;
			targetProxy = 90BF50AB274AACC9001FDE2A /* PBXContainerItemProxy */;
		};
		90BF50AE274AACC9001FDE2A /* PBXTargetDependency */ = {
			isa = PBXTargetDependency;
			target = B9E8E3F0154D77D500A4C836 /* libcmldebug */;
			targetProxy = 90BF50AD274AACC9001FDE2A /* PBXContainerItemProxy */;
		};
		90BF50B0274AACCE001FDE2A /* PBXTargetDependency */ = {
			isa = PBXTargetDependency;
			target = B9E8E3F0154D77D500A4C836 /* libcmldebug */;
			targetProxy = 90BF50AF274AACCE001FDE2A /* PBXContainerItemProxy */;
		};
		B972DAF9142347940015D6F7 /* PBXTargetDependency */ = {
			isa = PBXTargetDependency;
			target = B99F4BBE13F8AC4C009465D9 /* libcml */;
			targetProxy = B972DAF8142347940015D6F7 /* PBXContainerItemProxy */;
		};
/* End PBXTargetDependency section */

/* Begin XCBuildConfiguration section */
		B92F5071140A76D100075896 /* Debug */ = {
			isa = XCBuildConfiguration;
			buildSettings = {
				CODE_SIGN_IDENTITY = "-";
				COPY_PHASE_STRIP = NO;
				GCC_OPTIMIZATION_LEVEL = 0;
				GCC_VERSION = com.apple.compilers.llvm.clang.1_0;
				GCC_WARN_PROTOTYPE_CONVERSION = NO;
				MACOSX_DEPLOYMENT_TARGET = 10.9;
				ONLY_ACTIVE_ARCH = YES;
				PRODUCT_NAME = Test;
			};
			name = Debug;
		};
		B92F5072140A76D100075896 /* Release */ = {
			isa = XCBuildConfiguration;
			buildSettings = {
				CODE_SIGN_IDENTITY = "-";
				COPY_PHASE_STRIP = NO;
				GCC_C_LANGUAGE_STANDARD = c99;
				GCC_VERSION = com.apple.compilers.llvm.clang.1_0;
				GCC_WARN_PROTOTYPE_CONVERSION = NO;
				MACOSX_DEPLOYMENT_TARGET = 10.9;
				ONLY_ACTIVE_ARCH = YES;
				PRODUCT_NAME = Test;
			};
			name = Release;
		};
		B93BC24A157959260095CAE6 /* Optimize */ = {
			isa = XCBuildConfiguration;
			buildSettings = {
				ALWAYS_SEARCH_USER_PATHS = NO;
				ARCHS = "$(ARCHS_STANDARD)";
				CODE_SIGN_IDENTITY = "-";
				DEBUG_INFORMATION_FORMAT = dwarf;
				GCC_ENABLE_SYMBOL_SEPARATION = NO;
				GCC_PREPROCESSOR_DEFINITIONS = NDEBUG;
				GCC_TREAT_IMPLICIT_FUNCTION_DECLARATIONS_AS_ERRORS = YES;
				GCC_TREAT_NONCONFORMANT_CODE_ERRORS_AS_WARNINGS = YES;
				GCC_VERSION = com.apple.compilers.llvmgcc42;
				GCC_WARN_64_TO_32_BIT_CONVERSION = YES;
				GCC_WARN_ABOUT_GLOBAL_CONSTRUCTORS = YES;
				GCC_WARN_ABOUT_MISSING_FIELD_INITIALIZERS = YES;
				GCC_WARN_ABOUT_MISSING_NEWLINE = YES;
				GCC_WARN_ABOUT_MISSING_PROTOTYPES = YES;
				GCC_WARN_ABOUT_RETURN_TYPE = YES;
				GCC_WARN_CHECK_SWITCH_STATEMENTS = YES;
				GCC_WARN_FOUR_CHARACTER_CONSTANTS = YES;
				GCC_WARN_HIDDEN_VIRTUAL_FUNCTIONS = YES;
				GCC_WARN_INITIALIZER_NOT_FULLY_BRACKETED = YES;
				GCC_WARN_MISSING_PARENTHESES = YES;
				GCC_WARN_MULTIPLE_DEFINITION_TYPES_FOR_SELECTOR = YES;
				GCC_WARN_NON_VIRTUAL_DESTRUCTOR = YES;
				GCC_WARN_PEDANTIC = YES;
				GCC_WARN_PROTOTYPE_CONVERSION = YES;
				GCC_WARN_SHADOW = YES;
				GCC_WARN_SIGN_COMPARE = YES;
				GCC_WARN_STRICT_SELECTOR_MATCH = YES;
				GCC_WARN_UNDECLARED_SELECTOR = YES;
				GCC_WARN_UNINITIALIZED_AUTOS = NO;
				GCC_WARN_UNKNOWN_PRAGMAS = YES;
				GCC_WARN_UNUSED_FUNCTION = YES;
				GCC_WARN_UNUSED_LABEL = YES;
				GCC_WARN_UNUSED_PARAMETER = YES;
				GCC_WARN_UNUSED_VALUE = YES;
				GCC_WARN_UNUSED_VARIABLE = YES;
				HEADER_SEARCH_PATHS = "$(SRCROOT)/../code/CML/src";
				MACOSX_DEPLOYMENT_TARGET = 10.9;
				ONLY_ACTIVE_ARCH = YES;
				PROVISIONING_PROFILE = "";
				SDKROOT = macosx;
				SKIP_INSTALL = YES;
				STRIP_INSTALLED_PRODUCT = NO;
				USE_HEADERMAP = NO;
			};
			name = Optimize;
		};
		B93BC24B157959260095CAE6 /* Optimize */ = {
			isa = XCBuildConfiguration;
			buildSettings = {
				CODE_SIGN_IDENTITY = "-";
				COMBINE_HIDPI_IMAGES = YES;
				COPY_PHASE_STRIP = NO;
				DYLIB_COMPATIBILITY_VERSION = 1.0;
				DYLIB_CURRENT_VERSION = 1.0.1;
				GCC_DEBUGGING_SYMBOLS = full;
				GCC_INLINES_ARE_PRIVATE_EXTERN = YES;
				GCC_OPTIMIZATION_LEVEL = s;
				GCC_SYMBOLS_PRIVATE_EXTERN = YES;
				GCC_VERSION = com.apple.compilers.llvm.clang.1_0;
				GCC_WARN_ABOUT_MISSING_PROTOTYPES = NO;
				GCC_WARN_PROTOTYPE_CONVERSION = NO;
				GCC_WARN_SHADOW = YES;
				MACOSX_DEPLOYMENT_TARGET = 10.9;
				ONLY_ACTIVE_ARCH = YES;
				PRODUCT_NAME = libcml;
				PROVISIONING_PROFILE = "";
				STRIP_STYLE = all;
				VALID_ARCHS = "i386 x86_64";
			};
			name = Optimize;
		};
		B93BC24C157959260095CAE6 /* Optimize */ = {
			isa = XCBuildConfiguration;
			buildSettings = {
				CODE_SIGN_IDENTITY = "-";
				COPY_PHASE_STRIP = NO;
				GCC_DEBUGGING_SYMBOLS = full;
				GCC_OPTIMIZATION_LEVEL = s;
				GCC_VERSION = com.apple.compilers.llvm.clang.1_0;
				GCC_WARN_PROTOTYPE_CONVERSION = NO;
				MACOSX_DEPLOYMENT_TARGET = 10.9;
				ONLY_ACTIVE_ARCH = YES;
				PRODUCT_NAME = Test;
			};
			name = Optimize;
		};
		B93BC24D157959260095CAE6 /* Optimize */ = {
			isa = XCBuildConfiguration;
			buildSettings = {
				CODE_SIGN_IDENTITY = "-";
				COMBINE_HIDPI_IMAGES = YES;
				COPY_PHASE_STRIP = NO;
				DYLIB_COMPATIBILITY_VERSION = 0.9;
				DYLIB_CURRENT_VERSION = 0.9.5;
				GCC_DYNAMIC_NO_PIC = NO;
				GCC_MODEL_TUNING = G5;
				GCC_PREPROCESSOR_DEFINITIONS = "";
				GCC_VERSION = com.apple.compilers.llvm.clang.1_0;
				GCC_WARN_ABOUT_MISSING_PROTOTYPES = NO;
				INSTALL_PATH = /usr/local/lib;
				MACOSX_DEPLOYMENT_TARGET = 10.9;
				OTHER_LDFLAGS = (
					"-framework",
					Foundation,
					"-framework",
					AppKit,
				);
				PRODUCT_NAME = libcmldebug;
			};
			name = Optimize;
		};
		B98F4D5F15E4059C0080C96E /* Debug */ = {
			isa = XCBuildConfiguration;
			buildSettings = {
				CODE_SIGN_IDENTITY = "-";
				COPY_PHASE_STRIP = NO;
				GCC_DYNAMIC_NO_PIC = NO;
				GCC_MODEL_TUNING = G5;
				GCC_OPTIMIZATION_LEVEL = 0;
				GCC_VERSION = com.apple.compilers.llvm.clang.1_0;
				INSTALL_PATH = /usr/local/bin;
				MACOSX_DEPLOYMENT_TARGET = 10.9;
				PRODUCT_NAME = cppexample;
			};
			name = Debug;
		};
		B98F4D6015E4059C0080C96E /* Optimize */ = {
			isa = XCBuildConfiguration;
			buildSettings = {
				CODE_SIGN_IDENTITY = "-";
				GCC_MODEL_TUNING = G5;
				GCC_VERSION = com.apple.compilers.llvm.clang.1_0;
				INSTALL_PATH = /usr/local/bin;
				MACOSX_DEPLOYMENT_TARGET = 10.9;
				PRODUCT_NAME = cppexample;
			};
			name = Optimize;
		};
		B98F4D6115E4059C0080C96E /* Release */ = {
			isa = XCBuildConfiguration;
			buildSettings = {
				CODE_SIGN_IDENTITY = "-";
				COPY_PHASE_STRIP = YES;
				DEBUG_INFORMATION_FORMAT = "dwarf-with-dsym";
				GCC_MODEL_TUNING = G5;
				GCC_VERSION = com.apple.compilers.llvm.clang.1_0;
				INSTALL_PATH = /usr/local/bin;
				MACOSX_DEPLOYMENT_TARGET = 10.9;
				PRODUCT_NAME = cppexample;
				ZERO_LINK = NO;
			};
			name = Release;
		};
		B99F4BA613F8ABFF009465D9 /* Debug */ = {
			isa = XCBuildConfiguration;
			buildSettings = {
				ALWAYS_SEARCH_USER_PATHS = NO;
				ARCHS = "$(ARCHS_STANDARD)";
				CODE_SIGN_IDENTITY = "-";
				DEBUG_INFORMATION_FORMAT = dwarf;
				GCC_ENABLE_SYMBOL_SEPARATION = NO;
				GCC_OPTIMIZATION_LEVEL = 0;
				GCC_TREAT_IMPLICIT_FUNCTION_DECLARATIONS_AS_ERRORS = YES;
				GCC_TREAT_NONCONFORMANT_CODE_ERRORS_AS_WARNINGS = YES;
				GCC_VERSION = com.apple.compilers.llvmgcc42;
				GCC_WARN_64_TO_32_BIT_CONVERSION = YES;
				GCC_WARN_ABOUT_GLOBAL_CONSTRUCTORS = YES;
				GCC_WARN_ABOUT_MISSING_FIELD_INITIALIZERS = YES;
				GCC_WARN_ABOUT_MISSING_NEWLINE = YES;
				GCC_WARN_ABOUT_MISSING_PROTOTYPES = YES;
				GCC_WARN_ABOUT_RETURN_TYPE = YES;
				GCC_WARN_CHECK_SWITCH_STATEMENTS = YES;
				GCC_WARN_FOUR_CHARACTER_CONSTANTS = YES;
				GCC_WARN_HIDDEN_VIRTUAL_FUNCTIONS = YES;
				GCC_WARN_INITIALIZER_NOT_FULLY_BRACKETED = YES;
				GCC_WARN_MISSING_PARENTHESES = YES;
				GCC_WARN_MULTIPLE_DEFINITION_TYPES_FOR_SELECTOR = YES;
				GCC_WARN_NON_VIRTUAL_DESTRUCTOR = YES;
				GCC_WARN_PEDANTIC = YES;
				GCC_WARN_PROTOTYPE_CONVERSION = YES;
				GCC_WARN_SHADOW = YES;
				GCC_WARN_SIGN_COMPARE = YES;
				GCC_WARN_STRICT_SELECTOR_MATCH = YES;
				GCC_WARN_UNDECLARED_SELECTOR = YES;
				GCC_WARN_UNINITIALIZED_AUTOS = NO;
				GCC_WARN_UNKNOWN_PRAGMAS = YES;
				GCC_WARN_UNUSED_FUNCTION = YES;
				GCC_WARN_UNUSED_LABEL = YES;
				GCC_WARN_UNUSED_PARAMETER = YES;
				GCC_WARN_UNUSED_VALUE = YES;
				GCC_WARN_UNUSED_VARIABLE = YES;
				HEADER_SEARCH_PATHS = "$(SRCROOT)/../code/CML/src";
				MACOSX_DEPLOYMENT_TARGET = 10.9;
				ONLY_ACTIVE_ARCH = YES;
				PROVISIONING_PROFILE = "";
				SDKROOT = macosx;
				SKIP_INSTALL = YES;
				STRIP_INSTALLED_PRODUCT = NO;
				USE_HEADERMAP = NO;
			};
			name = Debug;
		};
		B99F4BA713F8ABFF009465D9 /* Release */ = {
			isa = XCBuildConfiguration;
			buildSettings = {
				ALWAYS_SEARCH_USER_PATHS = NO;
				ARCHS = "$(ARCHS_STANDARD)";
				CODE_SIGN_IDENTITY = "-";
				DEAD_CODE_STRIPPING = YES;
				DEBUG_INFORMATION_FORMAT = dwarf;
				GCC_DEBUGGING_SYMBOLS = full;
				GCC_ENABLE_SYMBOL_SEPARATION = NO;
				GCC_GENERATE_DEBUGGING_SYMBOLS = NO;
				GCC_PREPROCESSOR_DEFINITIONS = NDEBUG;
				GCC_TREAT_IMPLICIT_FUNCTION_DECLARATIONS_AS_ERRORS = YES;
				GCC_TREAT_NONCONFORMANT_CODE_ERRORS_AS_WARNINGS = YES;
				GCC_TREAT_WARNINGS_AS_ERRORS = NO;
				GCC_VERSION = com.apple.compilers.llvmgcc42;
				GCC_WARN_64_TO_32_BIT_CONVERSION = YES;
				GCC_WARN_ABOUT_GLOBAL_CONSTRUCTORS = YES;
				GCC_WARN_ABOUT_MISSING_FIELD_INITIALIZERS = YES;
				GCC_WARN_ABOUT_MISSING_NEWLINE = YES;
				GCC_WARN_ABOUT_MISSING_PROTOTYPES = YES;
				GCC_WARN_ABOUT_RETURN_TYPE = YES;
				GCC_WARN_CHECK_SWITCH_STATEMENTS = YES;
				GCC_WARN_EFFECTIVE_CPLUSPLUS_VIOLATIONS = NO;
				GCC_WARN_FOUR_CHARACTER_CONSTANTS = YES;
				GCC_WARN_HIDDEN_VIRTUAL_FUNCTIONS = YES;
				GCC_WARN_INITIALIZER_NOT_FULLY_BRACKETED = YES;
				GCC_WARN_MISSING_PARENTHESES = YES;
				GCC_WARN_MULTIPLE_DEFINITION_TYPES_FOR_SELECTOR = YES;
				GCC_WARN_NON_VIRTUAL_DESTRUCTOR = YES;
				GCC_WARN_PEDANTIC = YES;
				GCC_WARN_PROTOTYPE_CONVERSION = YES;
				GCC_WARN_SHADOW = YES;
				GCC_WARN_SIGN_COMPARE = YES;
				GCC_WARN_STRICT_SELECTOR_MATCH = YES;
				GCC_WARN_UNDECLARED_SELECTOR = YES;
				GCC_WARN_UNINITIALIZED_AUTOS = YES;
				GCC_WARN_UNKNOWN_PRAGMAS = YES;
				GCC_WARN_UNUSED_FUNCTION = YES;
				GCC_WARN_UNUSED_LABEL = YES;
				GCC_WARN_UNUSED_PARAMETER = YES;
				GCC_WARN_UNUSED_VALUE = YES;
				GCC_WARN_UNUSED_VARIABLE = YES;
				HEADER_SEARCH_PATHS = "$(SRCROOT)/../code/CML/src";
				MACOSX_DEPLOYMENT_TARGET = 10.9;
				ONLY_ACTIVE_ARCH = YES;
				PROVISIONING_PROFILE = "";
				SDKROOT = macosx;
				SKIP_INSTALL = YES;
				STRIP_INSTALLED_PRODUCT = YES;
				USE_HEADERMAP = NO;
			};
			name = Release;
		};
		B99F4BC013F8AC4D009465D9 /* Debug */ = {
			isa = XCBuildConfiguration;
			buildSettings = {
				CODE_SIGN_IDENTITY = "-";
				COMBINE_HIDPI_IMAGES = YES;
				COPY_PHASE_STRIP = NO;
				DYLIB_COMPATIBILITY_VERSION = 1.0;
				DYLIB_CURRENT_VERSION = 1.0.1;
				GCC_INLINES_ARE_PRIVATE_EXTERN = YES;
				GCC_OPTIMIZATION_LEVEL = 0;
				GCC_SYMBOLS_PRIVATE_EXTERN = YES;
				GCC_VERSION = com.apple.compilers.llvm.clang.1_0;
				GCC_WARN_ABOUT_MISSING_PROTOTYPES = NO;
				GCC_WARN_PROTOTYPE_CONVERSION = NO;
				GCC_WARN_SHADOW = YES;
				MACOSX_DEPLOYMENT_TARGET = 10.9;
				ONLY_ACTIVE_ARCH = YES;
				PRODUCT_NAME = libcml;
				PROVISIONING_PROFILE = "";
				STRIP_STYLE = all;
				VALID_ARCHS = "i386 x86_64";
			};
			name = Debug;
		};
		B99F4BC113F8AC4D009465D9 /* Release */ = {
			isa = XCBuildConfiguration;
			buildSettings = {
				CODE_SIGN_IDENTITY = "-";
				COMBINE_HIDPI_IMAGES = YES;
				COPY_PHASE_STRIP = NO;
				DEPLOYMENT_POSTPROCESSING = YES;
				DYLIB_COMPATIBILITY_VERSION = 1.0;
				DYLIB_CURRENT_VERSION = 1.0.1;
				GCC_C_LANGUAGE_STANDARD = c99;
				GCC_INLINES_ARE_PRIVATE_EXTERN = YES;
				GCC_SYMBOLS_PRIVATE_EXTERN = YES;
				GCC_VERSION = com.apple.compilers.llvm.clang.1_0;
				GCC_WARN_ABOUT_MISSING_PROTOTYPES = NO;
				GCC_WARN_PROTOTYPE_CONVERSION = NO;
				GCC_WARN_SHADOW = YES;
				LD_GENERATE_MAP_FILE = YES;
				MACOSX_DEPLOYMENT_TARGET = 10.9;
				ONLY_ACTIVE_ARCH = YES;
				OTHER_CFLAGS = "-fvisibility-inlines-hidden";
				PRODUCT_NAME = libcml;
				PROVISIONING_PROFILE = "";
				STRIP_STYLE = "non-global";
				VALID_ARCHS = "i386 x86_64";
			};
			name = Release;
		};
		B9E8E3F2154D77D500A4C836 /* Debug */ = {
			isa = XCBuildConfiguration;
			buildSettings = {
				CODE_SIGN_IDENTITY = "-";
				COMBINE_HIDPI_IMAGES = YES;
				COPY_PHASE_STRIP = NO;
				DYLIB_COMPATIBILITY_VERSION = 0.9;
				DYLIB_CURRENT_VERSION = 0.9.5;
				GCC_DYNAMIC_NO_PIC = NO;
				GCC_MODEL_TUNING = G5;
				GCC_OPTIMIZATION_LEVEL = 0;
				GCC_VERSION = com.apple.compilers.llvm.clang.1_0;
				GCC_WARN_ABOUT_MISSING_PROTOTYPES = NO;
				INSTALL_PATH = /usr/local/lib;
				MACOSX_DEPLOYMENT_TARGET = 10.9;
				OTHER_LDFLAGS = (
					"-framework",
					Foundation,
					"-framework",
					AppKit,
				);
				PRODUCT_NAME = libcmldebug;
			};
			name = Debug;
		};
		B9E8E3F3154D77D500A4C836 /* Release */ = {
			isa = XCBuildConfiguration;
			buildSettings = {
				CODE_SIGN_IDENTITY = "-";
				COMBINE_HIDPI_IMAGES = YES;
				COPY_PHASE_STRIP = YES;
				DEBUG_INFORMATION_FORMAT = "dwarf-with-dsym";
				DYLIB_COMPATIBILITY_VERSION = 0.9;
				DYLIB_CURRENT_VERSION = 0.9.5;
				GCC_MODEL_TUNING = G5;
				GCC_PREPROCESSOR_DEFINITIONS = "";
				GCC_VERSION = com.apple.compilers.llvm.clang.1_0;
				GCC_WARN_ABOUT_MISSING_PROTOTYPES = NO;
				INSTALL_PATH = /usr/local/lib;
				MACOSX_DEPLOYMENT_TARGET = 10.9;
				ONLY_ACTIVE_ARCH = NO;
				OTHER_LDFLAGS = (
					"-framework",
					Foundation,
					"-framework",
					AppKit,
				);
				PRODUCT_NAME = libcmldebug;
				ZERO_LINK = NO;
			};
			name = Release;
		};
/* End XCBuildConfiguration section */

/* Begin XCConfigurationList section */
		B92F5076140A76DA00075896 /* Build configuration list for PBXNativeTarget "example" */ = {
			isa = XCConfigurationList;
			buildConfigurations = (
				B92F5071140A76D100075896 /* Debug */,
				B93BC24C157959260095CAE6 /* Optimize */,
				B92F5072140A76D100075896 /* Release */,
			);
			defaultConfigurationIsVisible = 0;
			defaultConfigurationName = Release;
		};
		B98F4D6215E405BE0080C96E /* Build configuration list for PBXNativeTarget "examplecpp" */ = {
			isa = XCConfigurationList;
			buildConfigurations = (
				B98F4D5F15E4059C0080C96E /* Debug */,
				B98F4D6015E4059C0080C96E /* Optimize */,
				B98F4D6115E4059C0080C96E /* Release */,
			);
			defaultConfigurationIsVisible = 0;
			defaultConfigurationName = Release;
		};
		B99F4BA813F8ABFF009465D9 /* Build configuration list for PBXProject "CML" */ = {
			isa = XCConfigurationList;
			buildConfigurations = (
				B99F4BA613F8ABFF009465D9 /* Debug */,
				B93BC24A157959260095CAE6 /* Optimize */,
				B99F4BA713F8ABFF009465D9 /* Release */,
			);
			defaultConfigurationIsVisible = 0;
			defaultConfigurationName = Release;
		};
		B99F4BC313F8AC53009465D9 /* Build configuration list for PBXNativeTarget "libcml" */ = {
			isa = XCConfigurationList;
			buildConfigurations = (
				B99F4BC013F8AC4D009465D9 /* Debug */,
				B93BC24B157959260095CAE6 /* Optimize */,
				B99F4BC113F8AC4D009465D9 /* Release */,
			);
			defaultConfigurationIsVisible = 0;
			defaultConfigurationName = Release;
		};
		B9E8E3F8154D77F600A4C836 /* Build configuration list for PBXNativeTarget "libcmldebug" */ = {
			isa = XCConfigurationList;
			buildConfigurations = (
				B9E8E3F2154D77D500A4C836 /* Debug */,
				B93BC24D157959260095CAE6 /* Optimize */,
				B9E8E3F3154D77D500A4C836 /* Release */,
			);
			defaultConfigurationIsVisible = 0;
			defaultConfigurationName = Release;
		};
/* End XCConfigurationList section */
	};
	rootObject = B99F4BA513F8ABFF009465D9 /* Project object */;
}
