// !$*UTF8*$!
{
	archiveVersion = 1;
	classes = {
	};
	objectVersion = 46;
	objects = {

/* Begin PBXBuildFile section */
		90BF4EFB274AA0EA001FDE2A /* CMLFunctions.c in Sources */ = {isa = PBXBuildFile; fileRef = 90BF4EA3274AA0EA001FDE2A /* CMLFunctions.c */; };
		90BF4EFC274AA0EA001FDE2A /* CMLFunctions.c in Sources */ = {isa = PBXBuildFile; fileRef = 90BF4EA3274AA0EA001FDE2A /* CMLFunctions.c */; };
		90BF4EFD274AA0EA001FDE2A /* CMLInternal.c in Sources */ = {isa = PBXBuildFile; fileRef = 90BF4EA4274AA0EA001FDE2A /* CMLInternal.c */; };
		90BF4EFE274AA0EA001FDE2A /* CMLInternal.c in Sources */ = {isa = PBXBuildFile; fileRef = 90BF4EA4274AA0EA001FDE2A /* CMLInternal.c */; };
		90BF4EFF274AA0EA001FDE2A /* CMLObserver.c in Sources */ = {isa = PBXBuildFile; fileRef = 90BF4EA5274AA0EA001FDE2A /* CMLObserver.c */; };
		90BF4F00274AA0EA001FDE2A /* CMLObserver.c in Sources */ = {isa = PBXBuildFile; fileRef = 90BF4EA5274AA0EA001FDE2A /* CMLObserver.c */; };
		90BF4F01274AA0EA001FDE2A /* CMLInvert.c in Sources */ = {isa = PBXBuildFile; fileRef = 90BF4EA7274AA0EA001FDE2A /* CMLInvert.c */; };
		90BF4F02274AA0EA001FDE2A /* CMLInvert.c in Sources */ = {isa = PBXBuildFile; fileRef = 90BF4EA7274AA0EA001FDE2A /* CMLInvert.c */; };
		90BF4F03274AA0EA001FDE2A /* CMLInputOutputConversions.c in Sources */ = {isa = PBXBuildFile; fileRef = 90BF4EA8274AA0EA001FDE2A /* CMLInputOutputConversions.c */; };
		90BF4F04274AA0EA001FDE2A /* CMLInputOutputConversions.c in Sources */ = {isa = PBXBuildFile; fileRef = 90BF4EA8274AA0EA001FDE2A /* CMLInputOutputConversions.c */; };
		90BF4F05274AA0EA001FDE2A /* CMLHSLConversions.c in Sources */ = {isa = PBXBuildFile; fileRef = 90BF4EA9274AA0EA001FDE2A /* CMLHSLConversions.c */; };
		90BF4F06274AA0EA001FDE2A /* CMLHSLConversions.c in Sources */ = {isa = PBXBuildFile; fileRef = 90BF4EA9274AA0EA001FDE2A /* CMLHSLConversions.c */; };
		90BF4F07274AA0EA001FDE2A /* CMLLuvConversions.c in Sources */ = {isa = PBXBuildFile; fileRef = 90BF4EAA274AA0EA001FDE2A /* CMLLuvConversions.c */; };
		90BF4F08274AA0EA001FDE2A /* CMLLuvConversions.c in Sources */ = {isa = PBXBuildFile; fileRef = 90BF4EAA274AA0EA001FDE2A /* CMLLuvConversions.c */; };
		90BF4F09274AA0EA001FDE2A /* CMLNormedConversions.c in Sources */ = {isa = PBXBuildFile; fileRef = 90BF4EAB274AA0EA001FDE2A /* CMLNormedConversions.c */; };
		90BF4F0A274AA0EA001FDE2A /* CMLNormedConversions.c in Sources */ = {isa = PBXBuildFile; fileRef = 90BF4EAB274AA0EA001FDE2A /* CMLNormedConversions.c */; };
		90BF4F0B274AA0EA001FDE2A /* CMLXYZConversions.c in Sources */ = {isa = PBXBuildFile; fileRef = 90BF4EAC274AA0EA001FDE2A /* CMLXYZConversions.c */; };
		90BF4F0C274AA0EA001FDE2A /* CMLXYZConversions.c in Sources */ = {isa = PBXBuildFile; fileRef = 90BF4EAC274AA0EA001FDE2A /* CMLXYZConversions.c */; };
		90BF4F0D274AA0EA001FDE2A /* CMLLchConversions.c in Sources */ = {isa = PBXBuildFile; fileRef = 90BF4EAD274AA0EA001FDE2A /* CMLLchConversions.c */; };
		90BF4F0E274AA0EA001FDE2A /* CMLLchConversions.c in Sources */ = {isa = PBXBuildFile; fileRef = 90BF4EAD274AA0EA001FDE2A /* CMLLchConversions.c */; };
		90BF4F0F274AA0EA001FDE2A /* CMLYxyConversions.c in Sources */ = {isa = PBXBuildFile; fileRef = 90BF4EAE274AA0EA001FDE2A /* CMLYxyConversions.c */; };
		90BF4F10274AA0EA001FDE2A /* CMLYxyConversions.c in Sources */ = {isa = PBXBuildFile; fileRef = 90BF4EAE274AA0EA001FDE2A /* CMLYxyConversions.c */; };
		90BF4F11274AA0EA001FDE2A /* CMLSpectralConversions.c in Sources */ = {isa = PBXBuildFile; fileRef = 90BF4EAF274AA0EA001FDE2A /* CMLSpectralConversions.c */; };
		90BF4F12274AA0EA001FDE2A /* CMLSpectralConversions.c in Sources */ = {isa = PBXBuildFile; fileRef = 90BF4EAF274AA0EA001FDE2A /* CMLSpectralConversions.c */; };
		90BF4F13274AA0EA001FDE2A /* CMLCMYKConversions.c in Sources */ = {isa = PBXBuildFile; fileRef = 90BF4EB0274AA0EA001FDE2A /* CMLCMYKConversions.c */; };
		90BF4F14274AA0EA001FDE2A /* CMLCMYKConversions.c in Sources */ = {isa = PBXBuildFile; fileRef = 90BF4EB0274AA0EA001FDE2A /* CMLCMYKConversions.c */; };
		90BF4F15274AA0EA001FDE2A /* CMLYCbCrConversions.c in Sources */ = {isa = PBXBuildFile; fileRef = 90BF4EB1274AA0EA001FDE2A /* CMLYCbCrConversions.c */; };
		90BF4F16274AA0EA001FDE2A /* CMLYCbCrConversions.c in Sources */ = {isa = PBXBuildFile; fileRef = 90BF4EB1274AA0EA001FDE2A /* CMLYCbCrConversions.c */; };
		90BF4F17274AA0EA001FDE2A /* CMLGrayConversions.c in Sources */ = {isa = PBXBuildFile; fileRef = 90BF4EB2274AA0EA001FDE2A /* CMLGrayConversions.c */; };
		90BF4F18274AA0EA001FDE2A /* CMLGrayConversions.c in Sources */ = {isa = PBXBuildFile; fileRef = 90BF4EB2274AA0EA001FDE2A /* CMLGrayConversions.c */; };
		90BF4F19274AA0EA001FDE2A /* CMLYuvConversions.c in Sources */ = {isa = PBXBuildFile; fileRef = 90BF4EB3274AA0EA001FDE2A /* CMLYuvConversions.c */; };
		90BF4F1A274AA0EA001FDE2A /* CMLYuvConversions.c in Sources */ = {isa = PBXBuildFile; fileRef = 90BF4EB3274AA0EA001FDE2A /* CMLYuvConversions.c */; };
		90BF4F1B274AA0EA001FDE2A /* CMLRGBConversions.c in Sources */ = {isa = PBXBuildFile; fileRef = 90BF4EB4274AA0EA001FDE2A /* CMLRGBConversions.c */; };
		90BF4F1C274AA0EA001FDE2A /* CMLRGBConversions.c in Sources */ = {isa = PBXBuildFile; fileRef = 90BF4EB4274AA0EA001FDE2A /* CMLRGBConversions.c */; };
		90BF4F1D274AA0EA001FDE2A /* CMLHSVConversions.c in Sources */ = {isa = PBXBuildFile; fileRef = 90BF4EB5274AA0EA001FDE2A /* CMLHSVConversions.c */; };
		90BF4F1E274AA0EA001FDE2A /* CMLHSVConversions.c in Sources */ = {isa = PBXBuildFile; fileRef = 90BF4EB5274AA0EA001FDE2A /* CMLHSVConversions.c */; };
		90BF4F1F274AA0EA001FDE2A /* CMLClamp.c in Sources */ = {isa = PBXBuildFile; fileRef = 90BF4EB6274AA0EA001FDE2A /* CMLClamp.c */; };
		90BF4F20274AA0EA001FDE2A /* CMLClamp.c in Sources */ = {isa = PBXBuildFile; fileRef = 90BF4EB6274AA0EA001FDE2A /* CMLClamp.c */; };
		90BF4F21274AA0EA001FDE2A /* CMLColorMachineConversions.c in Sources */ = {isa = PBXBuildFile; fileRef = 90BF4EB7274AA0EA001FDE2A /* CMLColorMachineConversions.c */; };
		90BF4F22274AA0EA001FDE2A /* CMLColorMachineConversions.c in Sources */ = {isa = PBXBuildFile; fileRef = 90BF4EB7274AA0EA001FDE2A /* CMLColorMachineConversions.c */; };
		90BF4F23274AA0EA001FDE2A /* CMLLabConversions.c in Sources */ = {isa = PBXBuildFile; fileRef = 90BF4EB8274AA0EA001FDE2A /* CMLLabConversions.c */; };
		90BF4F24274AA0EA001FDE2A /* CMLLabConversions.c in Sources */ = {isa = PBXBuildFile; fileRef = 90BF4EB8274AA0EA001FDE2A /* CMLLabConversions.c */; };
		90BF4F25274AA0EA001FDE2A /* CMLYupvpConversions.c in Sources */ = {isa = PBXBuildFile; fileRef = 90BF4EB9274AA0EA001FDE2A /* CMLYupvpConversions.c */; };
		90BF4F26274AA0EA001FDE2A /* CMLYupvpConversions.c in Sources */ = {isa = PBXBuildFile; fileRef = 90BF4EB9274AA0EA001FDE2A /* CMLYupvpConversions.c */; };
		90BF4F27274AA0EA001FDE2A /* CMLCMYKColorspace.c in Sources */ = {isa = PBXBuildFile; fileRef = 90BF4EBB274AA0EA001FDE2A /* CMLCMYKColorspace.c */; };
		90BF4F28274AA0EA001FDE2A /* CMLCMYKColorspace.c in Sources */ = {isa = PBXBuildFile; fileRef = 90BF4EBB274AA0EA001FDE2A /* CMLCMYKColorspace.c */; };
		90BF4F29274AA0EA001FDE2A /* CMLColorMachineState.c in Sources */ = {isa = PBXBuildFile; fileRef = 90BF4EBC274AA0EA001FDE2A /* CMLColorMachineState.c */; };
		90BF4F2A274AA0EA001FDE2A /* CMLColorMachineState.c in Sources */ = {isa = PBXBuildFile; fileRef = 90BF4EBC274AA0EA001FDE2A /* CMLColorMachineState.c */; };
		90BF4F2B274AA0EA001FDE2A /* CMLObserver.c in Sources */ = {isa = PBXBuildFile; fileRef = 90BF4EBD274AA0EA001FDE2A /* CMLObserver.c */; };
		90BF4F2C274AA0EA001FDE2A /* CMLObserver.c in Sources */ = {isa = PBXBuildFile; fileRef = 90BF4EBD274AA0EA001FDE2A /* CMLObserver.c */; };
		90BF4F2D274AA0EA001FDE2A /* CMLLabColorspace.c in Sources */ = {isa = PBXBuildFile; fileRef = 90BF4EBE274AA0EA001FDE2A /* CMLLabColorspace.c */; };
		90BF4F2E274AA0EA001FDE2A /* CMLLabColorspace.c in Sources */ = {isa = PBXBuildFile; fileRef = 90BF4EBE274AA0EA001FDE2A /* CMLLabColorspace.c */; };
		90BF4F2F274AA0EA001FDE2A /* CMLConverterMacros.h in Headers */ = {isa = PBXBuildFile; fileRef = 90BF4EBF274AA0EA001FDE2A /* CMLConverterMacros.h */; };
		90BF4F30274AA0EA001FDE2A /* CMLConverterMacros.h in Headers */ = {isa = PBXBuildFile; fileRef = 90BF4EBF274AA0EA001FDE2A /* CMLConverterMacros.h */; };
		90BF4F31274AA0EA001FDE2A /* CMLColorMachine.c in Sources */ = {isa = PBXBuildFile; fileRef = 90BF4EC0274AA0EA001FDE2A /* CMLColorMachine.c */; };
		90BF4F32274AA0EA001FDE2A /* CMLColorMachine.c in Sources */ = {isa = PBXBuildFile; fileRef = 90BF4EC0274AA0EA001FDE2A /* CMLColorMachine.c */; };
		90BF4F33274AA0EA001FDE2A /* CMLChromaticAdaptation.c in Sources */ = {isa = PBXBuildFile; fileRef = 90BF4EC1274AA0EA001FDE2A /* CMLChromaticAdaptation.c */; };
		90BF4F34274AA0EA001FDE2A /* CMLChromaticAdaptation.c in Sources */ = {isa = PBXBuildFile; fileRef = 90BF4EC1274AA0EA001FDE2A /* CMLChromaticAdaptation.c */; };
		90BF4F35274AA0EA001FDE2A /* CMLGrayColorspace.c in Sources */ = {isa = PBXBuildFile; fileRef = 90BF4EC2274AA0EA001FDE2A /* CMLGrayColorspace.c */; };
		90BF4F36274AA0EA001FDE2A /* CMLGrayColorspace.c in Sources */ = {isa = PBXBuildFile; fileRef = 90BF4EC2274AA0EA001FDE2A /* CMLGrayColorspace.c */; };
		90BF4F37274AA0EA001FDE2A /* CMLColorMachineState.h in Headers */ = {isa = PBXBuildFile; fileRef = 90BF4EC3274AA0EA001FDE2A /* CMLColorMachineState.h */; };
		90BF4F38274AA0EA001FDE2A /* CMLColorMachineState.h in Headers */ = {isa = PBXBuildFile; fileRef = 90BF4EC3274AA0EA001FDE2A /* CMLColorMachineState.h */; };
		90BF4F39274AA0EA001FDE2A /* CMLInternal.h in Headers */ = {isa = PBXBuildFile; fileRef = 90BF4EC4274AA0EA001FDE2A /* CMLInternal.h */; };
		90BF4F3A274AA0EA001FDE2A /* CMLInternal.h in Headers */ = {isa = PBXBuildFile; fileRef = 90BF4EC4274AA0EA001FDE2A /* CMLInternal.h */; };
		90BF4F3B274AA0EA001FDE2A /* CMLIllumination.c in Sources */ = {isa = PBXBuildFile; fileRef = 90BF4EC5274AA0EA001FDE2A /* CMLIllumination.c */; };
		90BF4F3C274AA0EA001FDE2A /* CMLIllumination.c in Sources */ = {isa = PBXBuildFile; fileRef = 90BF4EC5274AA0EA001FDE2A /* CMLIllumination.c */; };
		90BF4F3D274AA0EA001FDE2A /* CMLNormedConversions.h in Headers */ = {isa = PBXBuildFile; fileRef = 90BF4EC6274AA0EA001FDE2A /* CMLNormedConversions.h */; };
		90BF4F3E274AA0EA001FDE2A /* CMLNormedConversions.h in Headers */ = {isa = PBXBuildFile; fileRef = 90BF4EC6274AA0EA001FDE2A /* CMLNormedConversions.h */; };
		90BF4F3F274AA0EA001FDE2A /* CMLRGBColorspace.c in Sources */ = {isa = PBXBuildFile; fileRef = 90BF4EC7274AA0EA001FDE2A /* CMLRGBColorspace.c */; };
		90BF4F40274AA0EA001FDE2A /* CMLRGBColorspace.c in Sources */ = {isa = PBXBuildFile; fileRef = 90BF4EC7274AA0EA001FDE2A /* CMLRGBColorspace.c */; };
		90BF4F43274AA0EA001FDE2A /* CMLBaseAPI.c in Sources */ = {isa = PBXBuildFile; fileRef = 90BF4EC9274AA0EA001FDE2A /* CMLBaseAPI.c */; };
		90BF4F44274AA0EA001FDE2A /* CMLBaseAPI.c in Sources */ = {isa = PBXBuildFile; fileRef = 90BF4EC9274AA0EA001FDE2A /* CMLBaseAPI.c */; };
		90BF4F45274AA0EA001FDE2A /* CMLResponseCurve.c in Sources */ = {isa = PBXBuildFile; fileRef = 90BF4ECA274AA0EA001FDE2A /* CMLResponseCurve.c */; };
		90BF4F46274AA0EA001FDE2A /* CMLResponseCurve.c in Sources */ = {isa = PBXBuildFile; fileRef = 90BF4ECA274AA0EA001FDE2A /* CMLResponseCurve.c */; };
		90BF4F47274AA0EA001FDE2A /* CMLIllumination.h in Headers */ = {isa = PBXBuildFile; fileRef = 90BF4ECB274AA0EA001FDE2A /* CMLIllumination.h */; };
		90BF4F48274AA0EA001FDE2A /* CMLIllumination.h in Headers */ = {isa = PBXBuildFile; fileRef = 90BF4ECB274AA0EA001FDE2A /* CMLIllumination.h */; };
		90BF4F49274AA0EA001FDE2A /* CMLTypes.h in Headers */ = {isa = PBXBuildFile; fileRef = 90BF4ECC274AA0EA001FDE2A /* CMLTypes.h */; };
		90BF4F4A274AA0EA001FDE2A /* CMLTypes.h in Headers */ = {isa = PBXBuildFile; fileRef = 90BF4ECC274AA0EA001FDE2A /* CMLTypes.h */; };
		90BF4F4B274AA0EA001FDE2A /* CMLStrings.c in Sources */ = {isa = PBXBuildFile; fileRef = 90BF4ECD274AA0EA001FDE2A /* CMLStrings.c */; };
		90BF4F4C274AA0EA001FDE2A /* CMLStrings.c in Sources */ = {isa = PBXBuildFile; fileRef = 90BF4ECD274AA0EA001FDE2A /* CMLStrings.c */; };
		90BF4F4D274AA0EA001FDE2A /* CML.h in Headers */ = {isa = PBXBuildFile; fileRef = 90BF4ECE274AA0EA001FDE2A /* CML.h */; };
		90BF4F4E274AA0EA001FDE2A /* CML.h in Headers */ = {isa = PBXBuildFile; fileRef = 90BF4ECE274AA0EA001FDE2A /* CML.h */; };
		90BF4F4F274AA0EA001FDE2A /* Timer.h in Headers */ = {isa = PBXBuildFile; fileRef = 90BF4ECF274AA0EA001FDE2A /* Timer.h */; };
		90BF4F50274AA0EA001FDE2A /* Timer.h in Headers */ = {isa = PBXBuildFile; fileRef = 90BF4ECF274AA0EA001FDE2A /* Timer.h */; };
		90BF4F51274AA0EA001FDE2A /* CMLConstants.h in Headers */ = {isa = PBXBuildFile; fileRef = 90BF4ED0274AA0EA001FDE2A /* CMLConstants.h */; };
		90BF4F52274AA0EA001FDE2A /* CMLConstants.h in Headers */ = {isa = PBXBuildFile; fileRef = 90BF4ED0274AA0EA001FDE2A /* CMLConstants.h */; };
		90BF4F53274AA0EA001FDE2A /* CMLObserver.h in Headers */ = {isa = PBXBuildFile; fileRef = 90BF4ED1274AA0EA001FDE2A /* CMLObserver.h */; };
		90BF4F54274AA0EA001FDE2A /* CMLObserver.h in Headers */ = {isa = PBXBuildFile; fileRef = 90BF4ED1274AA0EA001FDE2A /* CMLObserver.h */; };
		90BF4F57274AA0EA001FDE2A /* CMLFunctions.h in Headers */ = {isa = PBXBuildFile; fileRef = 90BF4ED3274AA0EA001FDE2A /* CMLFunctions.h */; };
		90BF4F58274AA0EA001FDE2A /* CMLFunctions.h in Headers */ = {isa = PBXBuildFile; fileRef = 90BF4ED3274AA0EA001FDE2A /* CMLFunctions.h */; };
		90BF4F59274AA0EA001FDE2A /* CMLDefinitions.h in Headers */ = {isa = PBXBuildFile; fileRef = 90BF4ED4274AA0EA001FDE2A /* CMLDefinitions.h */; };
		90BF4F5A274AA0EA001FDE2A /* CMLDefinitions.h in Headers */ = {isa = PBXBuildFile; fileRef = 90BF4ED4274AA0EA001FDE2A /* CMLDefinitions.h */; };
		90BF4F5B274AA0EA001FDE2A /* CMLIllumination.c in Sources */ = {isa = PBXBuildFile; fileRef = 90BF4ED5274AA0EA001FDE2A /* CMLIllumination.c */; };
		90BF4F5C274AA0EA001FDE2A /* CMLIllumination.c in Sources */ = {isa = PBXBuildFile; fileRef = 90BF4ED5274AA0EA001FDE2A /* CMLIllumination.c */; };
		90BF4F5D274AA0EA001FDE2A /* CMLBaseAPI.h in Headers */ = {isa = PBXBuildFile; fileRef = 90BF4ED6274AA0EA001FDE2A /* CMLBaseAPI.h */; };
		90BF4F5E274AA0EA001FDE2A /* CMLBaseAPI.h in Headers */ = {isa = PBXBuildFile; fileRef = 90BF4ED6274AA0EA001FDE2A /* CMLBaseAPI.h */; };
		90BF4F5F274AA0EA001FDE2A /* CMLResponseCurve.h in Headers */ = {isa = PBXBuildFile; fileRef = 90BF4ED7274AA0EA001FDE2A /* CMLResponseCurve.h */; };
		90BF4F60274AA0EA001FDE2A /* CMLResponseCurve.h in Headers */ = {isa = PBXBuildFile; fileRef = 90BF4ED7274AA0EA001FDE2A /* CMLResponseCurve.h */; };
		90BF4F61274AA0EA001FDE2A /* CMLColorMachine.h in Headers */ = {isa = PBXBuildFile; fileRef = 90BF4ED8274AA0EA001FDE2A /* CMLColorMachine.h */; };
		90BF4F62274AA0EA001FDE2A /* CMLColorMachine.h in Headers */ = {isa = PBXBuildFile; fileRef = 90BF4ED8274AA0EA001FDE2A /* CMLColorMachine.h */; };
		90BF4F63274AA0EA001FDE2A /* CMLColor.h in Headers */ = {isa = PBXBuildFile; fileRef = 90BF4EDA274AA0EA001FDE2A /* CMLColor.h */; };
		90BF4F64274AA0EA001FDE2A /* CMLColor.h in Headers */ = {isa = PBXBuildFile; fileRef = 90BF4EDA274AA0EA001FDE2A /* CMLColor.h */; };
		90BF4F65274AA0EA001FDE2A /* CMLCMYKColor.cpp in Sources */ = {isa = PBXBuildFile; fileRef = 90BF4EDB274AA0EA001FDE2A /* CMLCMYKColor.cpp */; };
		90BF4F66274AA0EA001FDE2A /* CMLCMYKColor.cpp in Sources */ = {isa = PBXBuildFile; fileRef = 90BF4EDB274AA0EA001FDE2A /* CMLCMYKColor.cpp */; };
		90BF4F67274AA0EA001FDE2A /* CMLLabColor.cpp in Sources */ = {isa = PBXBuildFile; fileRef = 90BF4EDC274AA0EA001FDE2A /* CMLLabColor.cpp */; };
		90BF4F68274AA0EA001FDE2A /* CMLLabColor.cpp in Sources */ = {isa = PBXBuildFile; fileRef = 90BF4EDC274AA0EA001FDE2A /* CMLLabColor.cpp */; };
		90BF4F69274AA0EA001FDE2A /* CMLColor.cpp in Sources */ = {isa = PBXBuildFile; fileRef = 90BF4EDD274AA0EA001FDE2A /* CMLColor.cpp */; };
		90BF4F6A274AA0EA001FDE2A /* CMLColor.cpp in Sources */ = {isa = PBXBuildFile; fileRef = 90BF4EDD274AA0EA001FDE2A /* CMLColor.cpp */; };
		90BF4F6B274AA0EA001FDE2A /* CMLRGBColor.cpp in Sources */ = {isa = PBXBuildFile; fileRef = 90BF4EDE274AA0EA001FDE2A /* CMLRGBColor.cpp */; };
		90BF4F6C274AA0EA001FDE2A /* CMLRGBColor.cpp in Sources */ = {isa = PBXBuildFile; fileRef = 90BF4EDE274AA0EA001FDE2A /* CMLRGBColor.cpp */; };
		90BF4F6D274AA0EA001FDE2A /* CMLXYZColor.cpp in Sources */ = {isa = PBXBuildFile; fileRef = 90BF4EDF274AA0EA001FDE2A /* CMLXYZColor.cpp */; };
		90BF4F6E274AA0EA001FDE2A /* CMLXYZColor.cpp in Sources */ = {isa = PBXBuildFile; fileRef = 90BF4EDF274AA0EA001FDE2A /* CMLXYZColor.cpp */; };
		90BF4F6F274AA0EA001FDE2A /* CMLSpectralColor.cpp in Sources */ = {isa = PBXBuildFile; fileRef = 90BF4EE0274AA0EA001FDE2A /* CMLSpectralColor.cpp */; };
		90BF4F70274AA0EA001FDE2A /* CMLSpectralColor.cpp in Sources */ = {isa = PBXBuildFile; fileRef = 90BF4EE0274AA0EA001FDE2A /* CMLSpectralColor.cpp */; };
		90BF4F71274AA0EA001FDE2A /* CMLHSLColor.cpp in Sources */ = {isa = PBXBuildFile; fileRef = 90BF4EE1274AA0EA001FDE2A /* CMLHSLColor.cpp */; };
		90BF4F72274AA0EA001FDE2A /* CMLHSLColor.cpp in Sources */ = {isa = PBXBuildFile; fileRef = 90BF4EE1274AA0EA001FDE2A /* CMLHSLColor.cpp */; };
		90BF4F73274AA0EA001FDE2A /* CMLRGBColor.h in Headers */ = {isa = PBXBuildFile; fileRef = 90BF4EE2274AA0EA001FDE2A /* CMLRGBColor.h */; };
		90BF4F74274AA0EA001FDE2A /* CMLRGBColor.h in Headers */ = {isa = PBXBuildFile; fileRef = 90BF4EE2274AA0EA001FDE2A /* CMLRGBColor.h */; };
		90BF4F75274AA0EA001FDE2A /* CMLCMYKColor.h in Headers */ = {isa = PBXBuildFile; fileRef = 90BF4EE3274AA0EA001FDE2A /* CMLCMYKColor.h */; };
		90BF4F76274AA0EA001FDE2A /* CMLCMYKColor.h in Headers */ = {isa = PBXBuildFile; fileRef = 90BF4EE3274AA0EA001FDE2A /* CMLCMYKColor.h */; };
		90BF4F77274AA0EA001FDE2A /* CMLXYZColor.h in Headers */ = {isa = PBXBuildFile; fileRef = 90BF4EE4274AA0EA001FDE2A /* CMLXYZColor.h */; };
		90BF4F78274AA0EA001FDE2A /* CMLXYZColor.h in Headers */ = {isa = PBXBuildFile; fileRef = 90BF4EE4274AA0EA001FDE2A /* CMLXYZColor.h */; };
		90BF4F79274AA0EA001FDE2A /* CMLGrayColor.h in Headers */ = {isa = PBXBuildFile; fileRef = 90BF4EE5274AA0EA001FDE2A /* CMLGrayColor.h */; };
		90BF4F7A274AA0EA001FDE2A /* CMLGrayColor.h in Headers */ = {isa = PBXBuildFile; fileRef = 90BF4EE5274AA0EA001FDE2A /* CMLGrayColor.h */; };
		90BF4F7B274AA0EA001FDE2A /* CMLYupvpColor.h in Headers */ = {isa = PBXBuildFile; fileRef = 90BF4EE6274AA0EA001FDE2A /* CMLYupvpColor.h */; };
		90BF4F7C274AA0EA001FDE2A /* CMLYupvpColor.h in Headers */ = {isa = PBXBuildFile; fileRef = 90BF4EE6274AA0EA001FDE2A /* CMLYupvpColor.h */; };
		90BF4F7D274AA0EA001FDE2A /* CMLLuvColor.cpp in Sources */ = {isa = PBXBuildFile; fileRef = 90BF4EE7274AA0EA001FDE2A /* CMLLuvColor.cpp */; };
		90BF4F7E274AA0EA001FDE2A /* CMLLuvColor.cpp in Sources */ = {isa = PBXBuildFile; fileRef = 90BF4EE7274AA0EA001FDE2A /* CMLLuvColor.cpp */; };
		90BF4F7F274AA0EA001FDE2A /* CMLGrayColor.cpp in Sources */ = {isa = PBXBuildFile; fileRef = 90BF4EE8274AA0EA001FDE2A /* CMLGrayColor.cpp */; };
		90BF4F80274AA0EA001FDE2A /* CMLGrayColor.cpp in Sources */ = {isa = PBXBuildFile; fileRef = 90BF4EE8274AA0EA001FDE2A /* CMLGrayColor.cpp */; };
		90BF4F81274AA0EA001FDE2A /* CMLYxyColor.cpp in Sources */ = {isa = PBXBuildFile; fileRef = 90BF4EE9274AA0EA001FDE2A /* CMLYxyColor.cpp */; };
		90BF4F82274AA0EA001FDE2A /* CMLYxyColor.cpp in Sources */ = {isa = PBXBuildFile; fileRef = 90BF4EE9274AA0EA001FDE2A /* CMLYxyColor.cpp */; };
		90BF4F83274AA0EA001FDE2A /* CMLLchColor.h in Headers */ = {isa = PBXBuildFile; fileRef = 90BF4EEA274AA0EA001FDE2A /* CMLLchColor.h */; };
		90BF4F84274AA0EA001FDE2A /* CMLLchColor.h in Headers */ = {isa = PBXBuildFile; fileRef = 90BF4EEA274AA0EA001FDE2A /* CMLLchColor.h */; };
		90BF4F85274AA0EA001FDE2A /* CMLLchColor.cpp in Sources */ = {isa = PBXBuildFile; fileRef = 90BF4EEB274AA0EA001FDE2A /* CMLLchColor.cpp */; };
		90BF4F86274AA0EA001FDE2A /* CMLLchColor.cpp in Sources */ = {isa = PBXBuildFile; fileRef = 90BF4EEB274AA0EA001FDE2A /* CMLLchColor.cpp */; };
		90BF4F87274AA0EA001FDE2A /* CMLLuvColor.h in Headers */ = {isa = PBXBuildFile; fileRef = 90BF4EEC274AA0EA001FDE2A /* CMLLuvColor.h */; };
		90BF4F88274AA0EA001FDE2A /* CMLLuvColor.h in Headers */ = {isa = PBXBuildFile; fileRef = 90BF4EEC274AA0EA001FDE2A /* CMLLuvColor.h */; };
		90BF4F89274AA0EA001FDE2A /* CMLSpectralColor.h in Headers */ = {isa = PBXBuildFile; fileRef = 90BF4EED274AA0EA001FDE2A /* CMLSpectralColor.h */; };
		90BF4F8A274AA0EA001FDE2A /* CMLSpectralColor.h in Headers */ = {isa = PBXBuildFile; fileRef = 90BF4EED274AA0EA001FDE2A /* CMLSpectralColor.h */; };
		90BF4F8B274AA0EA001FDE2A /* CMLLabColor.h in Headers */ = {isa = PBXBuildFile; fileRef = 90BF4EEE274AA0EA001FDE2A /* CMLLabColor.h */; };
		90BF4F8C274AA0EA001FDE2A /* CMLLabColor.h in Headers */ = {isa = PBXBuildFile; fileRef = 90BF4EEE274AA0EA001FDE2A /* CMLLabColor.h */; };
		90BF4F8D274AA0EA001FDE2A /* CMLYuvColor.cpp in Sources */ = {isa = PBXBuildFile; fileRef = 90BF4EEF274AA0EA001FDE2A /* CMLYuvColor.cpp */; };
		90BF4F8E274AA0EA001FDE2A /* CMLYuvColor.cpp in Sources */ = {isa = PBXBuildFile; fileRef = 90BF4EEF274AA0EA001FDE2A /* CMLYuvColor.cpp */; };
		90BF4F8F274AA0EA001FDE2A /* CMLYuvColor.h in Headers */ = {isa = PBXBuildFile; fileRef = 90BF4EF0274AA0EA001FDE2A /* CMLYuvColor.h */; };
		90BF4F90274AA0EA001FDE2A /* CMLYuvColor.h in Headers */ = {isa = PBXBuildFile; fileRef = 90BF4EF0274AA0EA001FDE2A /* CMLYuvColor.h */; };
		90BF4F91274AA0EA001FDE2A /* CMLYxyColor.h in Headers */ = {isa = PBXBuildFile; fileRef = 90BF4EF1274AA0EA001FDE2A /* CMLYxyColor.h */; };
		90BF4F92274AA0EA001FDE2A /* CMLYxyColor.h in Headers */ = {isa = PBXBuildFile; fileRef = 90BF4EF1274AA0EA001FDE2A /* CMLYxyColor.h */; };
		90BF4F93274AA0EA001FDE2A /* CMLHSVColor.cpp in Sources */ = {isa = PBXBuildFile; fileRef = 90BF4EF2274AA0EA001FDE2A /* CMLHSVColor.cpp */; };
		90BF4F94274AA0EA001FDE2A /* CMLHSVColor.cpp in Sources */ = {isa = PBXBuildFile; fileRef = 90BF4EF2274AA0EA001FDE2A /* CMLHSVColor.cpp */; };
		90BF4F95274AA0EA001FDE2A /* CMLHSLColor.h in Headers */ = {isa = PBXBuildFile; fileRef = 90BF4EF3274AA0EA001FDE2A /* CMLHSLColor.h */; };
		90BF4F96274AA0EA001FDE2A /* CMLHSLColor.h in Headers */ = {isa = PBXBuildFile; fileRef = 90BF4EF3274AA0EA001FDE2A /* CMLHSLColor.h */; };
		90BF4F97274AA0EA001FDE2A /* CMLYCbCrColor.h in Headers */ = {isa = PBXBuildFile; fileRef = 90BF4EF4274AA0EA001FDE2A /* CMLYCbCrColor.h */; };
		90BF4F98274AA0EA001FDE2A /* CMLYCbCrColor.h in Headers */ = {isa = PBXBuildFile; fileRef = 90BF4EF4274AA0EA001FDE2A /* CMLYCbCrColor.h */; };
		90BF4F99274AA0EA001FDE2A /* CMLYupvpColor.cpp in Sources */ = {isa = PBXBuildFile; fileRef = 90BF4EF5274AA0EA001FDE2A /* CMLYupvpColor.cpp */; };
		90BF4F9A274AA0EA001FDE2A /* CMLYupvpColor.cpp in Sources */ = {isa = PBXBuildFile; fileRef = 90BF4EF5274AA0EA001FDE2A /* CMLYupvpColor.cpp */; };
		90BF4F9B274AA0EA001FDE2A /* CMLHSVColor.h in Headers */ = {isa = PBXBuildFile; fileRef = 90BF4EF6274AA0EA001FDE2A /* CMLHSVColor.h */; };
		90BF4F9C274AA0EA001FDE2A /* CMLHSVColor.h in Headers */ = {isa = PBXBuildFile; fileRef = 90BF4EF6274AA0EA001FDE2A /* CMLHSVColor.h */; };
		90BF4F9D274AA0EA001FDE2A /* CMLYCbCrColor.cpp in Sources */ = {isa = PBXBuildFile; fileRef = 90BF4EF7274AA0EA001FDE2A /* CMLYCbCrColor.cpp */; };
		90BF4F9E274AA0EA001FDE2A /* CMLYCbCrColor.cpp in Sources */ = {isa = PBXBuildFile; fileRef = 90BF4EF7274AA0EA001FDE2A /* CMLYCbCrColor.cpp */; };
		90BF4F9F274AA0EA001FDE2A /* CMLunused.h in Headers */ = {isa = PBXBuildFile; fileRef = 90BF4EF8274AA0EA001FDE2A /* CMLunused.h */; };
		90BF4FA0274AA0EA001FDE2A /* CMLunused.h in Headers */ = {isa = PBXBuildFile; fileRef = 90BF4EF8274AA0EA001FDE2A /* CMLunused.h */; };
		90BF4FA1274AA26F001FDE2A /* example.cpp in Sources */ = {isa = PBXBuildFile; fileRef = 90BF4EA2274AA0EA001FDE2A /* example.cpp */; };
		90BF4FA3274AA2D9001FDE2A /* libcmldebug.dylib in Frameworks */ = {isa = PBXBuildFile; fileRef = B9E8E3F1154D77D500A4C836 /* libcmldebug.dylib */; };
		90BF4FA5274AA63A001FDE2A /* cppexample.cpp in Sources */ = {isa = PBXBuildFile; fileRef = 90BF4ED2274AA0EA001FDE2A /* cppexample.cpp */; };
		90BF4FA6274AA698001FDE2A /* libcmldebug.dylib in Frameworks */ = {isa = PBXBuildFile; fileRef = B9E8E3F1154D77D500A4C836 /* libcmldebug.dylib */; };
/* End PBXBuildFile section */

/* Begin PBXContainerItemProxy section */
		B972DAF8142347940015D6F7 /* PBXContainerItemProxy */ = {
			isa = PBXContainerItemProxy;
			containerPortal = B99F4BA513F8ABFF009465D9 /* Project object */;
			proxyType = 1;
			remoteGlobalIDString = B99F4BBE13F8AC4C009465D9;
			remoteInfo = CML;
		};
/* End PBXContainerItemProxy section */

/* Begin PBXFileReference section */
		90BF4E9E274AA0EA001FDE2A /* installimage.psd */ = {isa = PBXFileReference; lastKnownFileType = file; path = installimage.psd; sourceTree = "<group>"; };
		90BF4E9F274AA0EA001FDE2A /* Readme.txt */ = {isa = PBXFileReference; fileEncoding = 4; lastKnownFileType = text; path = Readme.txt; sourceTree = "<group>"; };
		90BF4EA0274AA0EA001FDE2A /* CMLChangelog.txt */ = {isa = PBXFileReference; fileEncoding = 4; lastKnownFileType = text; path = CMLChangelog.txt; sourceTree = "<group>"; };
		90BF4EA2274AA0EA001FDE2A /* example.cpp */ = {isa = PBXFileReference; fileEncoding = 4; lastKnownFileType = sourcecode.cpp.cpp; path = example.cpp; sourceTree = "<group>"; };
		90BF4EA3274AA0EA001FDE2A /* CMLFunctions.c */ = {isa = PBXFileReference; fileEncoding = 4; lastKnownFileType = sourcecode.c.c; path = CMLFunctions.c; sourceTree = "<group>"; };
		90BF4EA4274AA0EA001FDE2A /* CMLInternal.c */ = {isa = PBXFileReference; fileEncoding = 4; lastKnownFileType = sourcecode.c.c; path = CMLInternal.c; sourceTree = "<group>"; };
		90BF4EA5274AA0EA001FDE2A /* CMLObserver.c */ = {isa = PBXFileReference; fileEncoding = 4; lastKnownFileType = sourcecode.c.c; path = CMLObserver.c; sourceTree = "<group>"; };
		90BF4EA7274AA0EA001FDE2A /* CMLInvert.c */ = {isa = PBXFileReference; fileEncoding = 4; lastKnownFileType = sourcecode.c.c; path = CMLInvert.c; sourceTree = "<group>"; };
		90BF4EA8274AA0EA001FDE2A /* CMLInputOutputConversions.c */ = {isa = PBXFileReference; fileEncoding = 4; lastKnownFileType = sourcecode.c.c; path = CMLInputOutputConversions.c; sourceTree = "<group>"; };
		90BF4EA9274AA0EA001FDE2A /* CMLHSLConversions.c */ = {isa = PBXFileReference; fileEncoding = 4; lastKnownFileType = sourcecode.c.c; path = CMLHSLConversions.c; sourceTree = "<group>"; };
		90BF4EAA274AA0EA001FDE2A /* CMLLuvConversions.c */ = {isa = PBXFileReference; fileEncoding = 4; lastKnownFileType = sourcecode.c.c; path = CMLLuvConversions.c; sourceTree = "<group>"; };
		90BF4EAB274AA0EA001FDE2A /* CMLNormedConversions.c */ = {isa = PBXFileReference; fileEncoding = 4; lastKnownFileType = sourcecode.c.c; path = CMLNormedConversions.c; sourceTree = "<group>"; };
		90BF4EAC274AA0EA001FDE2A /* CMLXYZConversions.c */ = {isa = PBXFileReference; fileEncoding = 4; lastKnownFileType = sourcecode.c.c; path = CMLXYZConversions.c; sourceTree = "<group>"; };
		90BF4EAD274AA0EA001FDE2A /* CMLLchConversions.c */ = {isa = PBXFileReference; fileEncoding = 4; lastKnownFileType = sourcecode.c.c; path = CMLLchConversions.c; sourceTree = "<group>"; };
		90BF4EAE274AA0EA001FDE2A /* CMLYxyConversions.c */ = {isa = PBXFileReference; fileEncoding = 4; lastKnownFileType = sourcecode.c.c; path = CMLYxyConversions.c; sourceTree = "<group>"; };
		90BF4EAF274AA0EA001FDE2A /* CMLSpectralConversions.c */ = {isa = PBXFileReference; fileEncoding = 4; lastKnownFileType = sourcecode.c.c; path = CMLSpectralConversions.c; sourceTree = "<group>"; };
		90BF4EB0274AA0EA001FDE2A /* CMLCMYKConversions.c */ = {isa = PBXFileReference; fileEncoding = 4; lastKnownFileType = sourcecode.c.c; path = CMLCMYKConversions.c; sourceTree = "<group>"; };
		90BF4EB1274AA0EA001FDE2A /* CMLYCbCrConversions.c */ = {isa = PBXFileReference; fileEncoding = 4; lastKnownFileType = sourcecode.c.c; path = CMLYCbCrConversions.c; sourceTree = "<group>"; };
		90BF4EB2274AA0EA001FDE2A /* CMLGrayConversions.c */ = {isa = PBXFileReference; fileEncoding = 4; lastKnownFileType = sourcecode.c.c; path = CMLGrayConversions.c; sourceTree = "<group>"; };
		90BF4EB3274AA0EA001FDE2A /* CMLYuvConversions.c */ = {isa = PBXFileReference; fileEncoding = 4; lastKnownFileType = sourcecode.c.c; path = CMLYuvConversions.c; sourceTree = "<group>"; };
		90BF4EB4274AA0EA001FDE2A /* CMLRGBConversions.c */ = {isa = PBXFileReference; fileEncoding = 4; lastKnownFileType = sourcecode.c.c; path = CMLRGBConversions.c; sourceTree = "<group>"; };
		90BF4EB5274AA0EA001FDE2A /* CMLHSVConversions.c */ = {isa = PBXFileReference; fileEncoding = 4; lastKnownFileType = sourcecode.c.c; path = CMLHSVConversions.c; sourceTree = "<group>"; };
		90BF4EB6274AA0EA001FDE2A /* CMLClamp.c */ = {isa = PBXFileReference; fileEncoding = 4; lastKnownFileType = sourcecode.c.c; path = CMLClamp.c; sourceTree = "<group>"; };
		90BF4EB7274AA0EA001FDE2A /* CMLColorMachineConversions.c */ = {isa = PBXFileReference; fileEncoding = 4; lastKnownFileType = sourcecode.c.c; path = CMLColorMachineConversions.c; sourceTree = "<group>"; };
		90BF4EB8274AA0EA001FDE2A /* CMLLabConversions.c */ = {isa = PBXFileReference; fileEncoding = 4; lastKnownFileType = sourcecode.c.c; path = CMLLabConversions.c; sourceTree = "<group>"; };
		90BF4EB9274AA0EA001FDE2A /* CMLYupvpConversions.c */ = {isa = PBXFileReference; fileEncoding = 4; lastKnownFileType = sourcecode.c.c; path = CMLYupvpConversions.c; sourceTree = "<group>"; };
		90BF4EBB274AA0EA001FDE2A /* CMLCMYKColorspace.c */ = {isa = PBXFileReference; fileEncoding = 4; lastKnownFileType = sourcecode.c.c; path = CMLCMYKColorspace.c; sourceTree = "<group>"; };
		90BF4EBC274AA0EA001FDE2A /* CMLColorMachineState.c */ = {isa = PBXFileReference; fileEncoding = 4; lastKnownFileType = sourcecode.c.c; path = CMLColorMachineState.c; sourceTree = "<group>"; };
		90BF4EBD274AA0EA001FDE2A /* CMLObserver.c */ = {isa = PBXFileReference; fileEncoding = 4; lastKnownFileType = sourcecode.c.c; path = CMLObserver.c; sourceTree = "<group>"; };
		90BF4EBE274AA0EA001FDE2A /* CMLLabColorspace.c */ = {isa = PBXFileReference; fileEncoding = 4; lastKnownFileType = sourcecode.c.c; path = CMLLabColorspace.c; sourceTree = "<group>"; };
		90BF4EBF274AA0EA001FDE2A /* CMLConverterMacros.h */ = {isa = PBXFileReference; fileEncoding = 4; lastKnownFileType = sourcecode.c.h; path = CMLConverterMacros.h; sourceTree = "<group>"; };
		90BF4EC0274AA0EA001FDE2A /* CMLColorMachine.c */ = {isa = PBXFileReference; fileEncoding = 4; lastKnownFileType = sourcecode.c.c; path = CMLColorMachine.c; sourceTree = "<group>"; };
		90BF4EC1274AA0EA001FDE2A /* CMLChromaticAdaptation.c */ = {isa = PBXFileReference; fileEncoding = 4; lastKnownFileType = sourcecode.c.c; path = CMLChromaticAdaptation.c; sourceTree = "<group>"; };
		90BF4EC2274AA0EA001FDE2A /* CMLGrayColorspace.c */ = {isa = PBXFileReference; fileEncoding = 4; lastKnownFileType = sourcecode.c.c; path = CMLGrayColorspace.c; sourceTree = "<group>"; };
		90BF4EC3274AA0EA001FDE2A /* CMLColorMachineState.h */ = {isa = PBXFileReference; fileEncoding = 4; lastKnownFileType = sourcecode.c.h; path = CMLColorMachineState.h; sourceTree = "<group>"; };
		90BF4EC4274AA0EA001FDE2A /* CMLInternal.h */ = {isa = PBXFileReference; fileEncoding = 4; lastKnownFileType = sourcecode.c.h; path = CMLInternal.h; sourceTree = "<group>"; };
		90BF4EC5274AA0EA001FDE2A /* CMLIllumination.c */ = {isa = PBXFileReference; fileEncoding = 4; lastKnownFileType = sourcecode.c.c; path = CMLIllumination.c; sourceTree = "<group>"; };
		90BF4EC6274AA0EA001FDE2A /* CMLNormedConversions.h */ = {isa = PBXFileReference; fileEncoding = 4; lastKnownFileType = sourcecode.c.h; path = CMLNormedConversions.h; sourceTree = "<group>"; };
		90BF4EC7274AA0EA001FDE2A /* CMLRGBColorspace.c */ = {isa = PBXFileReference; fileEncoding = 4; lastKnownFileType = sourcecode.c.c; path = CMLRGBColorspace.c; sourceTree = "<group>"; };
		90BF4EC9274AA0EA001FDE2A /* CMLBaseAPI.c */ = {isa = PBXFileReference; fileEncoding = 4; lastKnownFileType = sourcecode.c.c; path = CMLBaseAPI.c; sourceTree = "<group>"; };
		90BF4ECA274AA0EA001FDE2A /* CMLResponseCurve.c */ = {isa = PBXFileReference; fileEncoding = 4; lastKnownFileType = sourcecode.c.c; path = CMLResponseCurve.c; sourceTree = "<group>"; };
		90BF4ECB274AA0EA001FDE2A /* CMLIllumination.h */ = {isa = PBXFileReference; fileEncoding = 4; lastKnownFileType = sourcecode.c.h; path = CMLIllumination.h; sourceTree = "<group>"; };
		90BF4ECC274AA0EA001FDE2A /* CMLTypes.h */ = {isa = PBXFileReference; fileEncoding = 4; lastKnownFileType = sourcecode.c.h; path = CMLTypes.h; sourceTree = "<group>"; };
		90BF4ECD274AA0EA001FDE2A /* CMLStrings.c */ = {isa = PBXFileReference; fileEncoding = 4; lastKnownFileType = sourcecode.c.c; path = CMLStrings.c; sourceTree = "<group>"; };
		90BF4ECE274AA0EA001FDE2A /* CML.h */ = {isa = PBXFileReference; fileEncoding = 4; lastKnownFileType = sourcecode.c.h; path = CML.h; sourceTree = "<group>"; };
		90BF4ECF274AA0EA001FDE2A /* Timer.h */ = {isa = PBXFileReference; fileEncoding = 4; lastKnownFileType = sourcecode.c.h; path = Timer.h; sourceTree = "<group>"; };
		90BF4ED0274AA0EA001FDE2A /* CMLConstants.h */ = {isa = PBXFileReference; fileEncoding = 4; lastKnownFileType = sourcecode.c.h; path = CMLConstants.h; sourceTree = "<group>"; };
		90BF4ED1274AA0EA001FDE2A /* CMLObserver.h */ = {isa = PBXFileReference; fileEncoding = 4; lastKnownFileType = sourcecode.c.h; path = CMLObserver.h; sourceTree = "<group>"; };
		90BF4ED2274AA0EA001FDE2A /* cppexample.cpp */ = {isa = PBXFileReference; fileEncoding = 4; lastKnownFileType = sourcecode.cpp.cpp; path = cppexample.cpp; sourceTree = "<group>"; };
		90BF4ED3274AA0EA001FDE2A /* CMLFunctions.h */ = {isa = PBXFileReference; fileEncoding = 4; lastKnownFileType = sourcecode.c.h; path = CMLFunctions.h; sourceTree = "<group>"; };
		90BF4ED4274AA0EA001FDE2A /* CMLDefinitions.h */ = {isa = PBXFileReference; fileEncoding = 4; lastKnownFileType = sourcecode.c.h; path = CMLDefinitions.h; sourceTree = "<group>"; };
		90BF4ED5274AA0EA001FDE2A /* CMLIllumination.c */ = {isa = PBXFileReference; fileEncoding = 4; lastKnownFileType = sourcecode.c.c; path = CMLIllumination.c; sourceTree = "<group>"; };
		90BF4ED6274AA0EA001FDE2A /* CMLBaseAPI.h */ = {isa = PBXFileReference; fileEncoding = 4; lastKnownFileType = sourcecode.c.h; path = CMLBaseAPI.h; sourceTree = "<group>"; };
		90BF4ED7274AA0EA001FDE2A /* CMLResponseCurve.h */ = {isa = PBXFileReference; fileEncoding = 4; lastKnownFileType = sourcecode.c.h; path = CMLResponseCurve.h; sourceTree = "<group>"; };
		90BF4ED8274AA0EA001FDE2A /* CMLColorMachine.h */ = {isa = PBXFileReference; fileEncoding = 4; lastKnownFileType = sourcecode.c.h; path = CMLColorMachine.h; sourceTree = "<group>"; };
		90BF4EDA274AA0EA001FDE2A /* CMLColor.h */ = {isa = PBXFileReference; fileEncoding = 4; lastKnownFileType = sourcecode.c.h; path = CMLColor.h; sourceTree = "<group>"; };
		90BF4EDB274AA0EA001FDE2A /* CMLCMYKColor.cpp */ = {isa = PBXFileReference; fileEncoding = 4; lastKnownFileType = sourcecode.cpp.cpp; path = CMLCMYKColor.cpp; sourceTree = "<group>"; };
		90BF4EDC274AA0EA001FDE2A /* CMLLabColor.cpp */ = {isa = PBXFileReference; fileEncoding = 4; lastKnownFileType = sourcecode.cpp.cpp; path = CMLLabColor.cpp; sourceTree = "<group>"; };
		90BF4EDD274AA0EA001FDE2A /* CMLColor.cpp */ = {isa = PBXFileReference; fileEncoding = 4; lastKnownFileType = sourcecode.cpp.cpp; path = CMLColor.cpp; sourceTree = "<group>"; };
		90BF4EDE274AA0EA001FDE2A /* CMLRGBColor.cpp */ = {isa = PBXFileReference; fileEncoding = 4; lastKnownFileType = sourcecode.cpp.cpp; path = CMLRGBColor.cpp; sourceTree = "<group>"; };
		90BF4EDF274AA0EA001FDE2A /* CMLXYZColor.cpp */ = {isa = PBXFileReference; fileEncoding = 4; lastKnownFileType = sourcecode.cpp.cpp; path = CMLXYZColor.cpp; sourceTree = "<group>"; };
		90BF4EE0274AA0EA001FDE2A /* CMLSpectralColor.cpp */ = {isa = PBXFileReference; fileEncoding = 4; lastKnownFileType = sourcecode.cpp.cpp; path = CMLSpectralColor.cpp; sourceTree = "<group>"; };
		90BF4EE1274AA0EA001FDE2A /* CMLHSLColor.cpp */ = {isa = PBXFileReference; fileEncoding = 4; lastKnownFileType = sourcecode.cpp.cpp; path = CMLHSLColor.cpp; sourceTree = "<group>"; };
		90BF4EE2274AA0EA001FDE2A /* CMLRGBColor.h */ = {isa = PBXFileReference; fileEncoding = 4; lastKnownFileType = sourcecode.c.h; path = CMLRGBColor.h; sourceTree = "<group>"; };
		90BF4EE3274AA0EA001FDE2A /* CMLCMYKColor.h */ = {isa = PBXFileReference; fileEncoding = 4; lastKnownFileType = sourcecode.c.h; path = CMLCMYKColor.h; sourceTree = "<group>"; };
		90BF4EE4274AA0EA001FDE2A /* CMLXYZColor.h */ = {isa = PBXFileReference; fileEncoding = 4; lastKnownFileType = sourcecode.c.h; path = CMLXYZColor.h; sourceTree = "<group>"; };
		90BF4EE5274AA0EA001FDE2A /* CMLGrayColor.h */ = {isa = PBXFileReference; fileEncoding = 4; lastKnownFileType = sourcecode.c.h; path = CMLGrayColor.h; sourceTree = "<group>"; };
		90BF4EE6274AA0EA001FDE2A /* CMLYupvpColor.h */ = {isa = PBXFileReference; fileEncoding = 4; lastKnownFileType = sourcecode.c.h; path = CMLYupvpColor.h; sourceTree = "<group>"; };
		90BF4EE7274AA0EA001FDE2A /* CMLLuvColor.cpp */ = {isa = PBXFileReference; fileEncoding = 4; lastKnownFileType = sourcecode.cpp.cpp; path = CMLLuvColor.cpp; sourceTree = "<group>"; };
		90BF4EE8274AA0EA001FDE2A /* CMLGrayColor.cpp */ = {isa = PBXFileReference; fileEncoding = 4; lastKnownFileType = sourcecode.cpp.cpp; path = CMLGrayColor.cpp; sourceTree = "<group>"; };
		90BF4EE9274AA0EA001FDE2A /* CMLYxyColor.cpp */ = {isa = PBXFileReference; fileEncoding = 4; lastKnownFileType = sourcecode.cpp.cpp; path = CMLYxyColor.cpp; sourceTree = "<group>"; };
		90BF4EEA274AA0EA001FDE2A /* CMLLchColor.h */ = {isa = PBXFileReference; fileEncoding = 4; lastKnownFileType = sourcecode.c.h; path = CMLLchColor.h; sourceTree = "<group>"; };
		90BF4EEB274AA0EA001FDE2A /* CMLLchColor.cpp */ = {isa = PBXFileReference; fileEncoding = 4; lastKnownFileType = sourcecode.cpp.cpp; path = CMLLchColor.cpp; sourceTree = "<group>"; };
		90BF4EEC274AA0EA001FDE2A /* CMLLuvColor.h */ = {isa = PBXFileReference; fileEncoding = 4; lastKnownFileType = sourcecode.c.h; path = CMLLuvColor.h; sourceTree = "<group>"; };
		90BF4EED274AA0EA001FDE2A /* CMLSpectralColor.h */ = {isa = PBXFileReference; fileEncoding = 4; lastKnownFileType = sourcecode.c.h; path = CMLSpectralColor.h; sourceTree = "<group>"; };
		90BF4EEE274AA0EA001FDE2A /* CMLLabColor.h */ = {isa = PBXFileReference; fileEncoding = 4; lastKnownFileType = sourcecode.c.h; path = CMLLabColor.h; sourceTree = "<group>"; };
		90BF4EEF274AA0EA001FDE2A /* CMLYuvColor.cpp */ = {isa = PBXFileReference; fileEncoding = 4; lastKnownFileType = sourcecode.cpp.cpp; path = CMLYuvColor.cpp; sourceTree = "<group>"; };
		90BF4EF0274AA0EA001FDE2A /* CMLYuvColor.h */ = {isa = PBXFileReference; fileEncoding = 4; lastKnownFileType = sourcecode.c.h; path = CMLYuvColor.h; sourceTree = "<group>"; };
		90BF4EF1274AA0EA001FDE2A /* CMLYxyColor.h */ = {isa = PBXFileReference; fileEncoding = 4; lastKnownFileType = sourcecode.c.h; path = CMLYxyColor.h; sourceTree = "<group>"; };
		90BF4EF2274AA0EA001FDE2A /* CMLHSVColor.cpp */ = {isa = PBXFileReference; fileEncoding = 4; lastKnownFileType = sourcecode.cpp.cpp; path = CMLHSVColor.cpp; sourceTree = "<group>"; };
		90BF4EF3274AA0EA001FDE2A /* CMLHSLColor.h */ = {isa = PBXFileReference; fileEncoding = 4; lastKnownFileType = sourcecode.c.h; path = CMLHSLColor.h; sourceTree = "<group>"; };
		90BF4EF4274AA0EA001FDE2A /* CMLYCbCrColor.h */ = {isa = PBXFileReference; fileEncoding = 4; lastKnownFileType = sourcecode.c.h; path = CMLYCbCrColor.h; sourceTree = "<group>"; };
		90BF4EF5274AA0EA001FDE2A /* CMLYupvpColor.cpp */ = {isa = PBXFileReference; fileEncoding = 4; lastKnownFileType = sourcecode.cpp.cpp; path = CMLYupvpColor.cpp; sourceTree = "<group>"; };
		90BF4EF6274AA0EA001FDE2A /* CMLHSVColor.h */ = {isa = PBXFileReference; fileEncoding = 4; lastKnownFileType = sourcecode.c.h; path = CMLHSVColor.h; sourceTree = "<group>"; };
		90BF4EF7274AA0EA001FDE2A /* CMLYCbCrColor.cpp */ = {isa = PBXFileReference; fileEncoding = 4; lastKnownFileType = sourcecode.cpp.cpp; path = CMLYCbCrColor.cpp; sourceTree = "<group>"; };
		90BF4EF8274AA0EA001FDE2A /* CMLunused.h */ = {isa = PBXFileReference; fileEncoding = 4; lastKnownFileType = sourcecode.c.h; path = CMLunused.h; sourceTree = "<group>"; };
		B92F506F140A76D100075896 /* Test */ = {isa = PBXFileReference; explicitFileType = "compiled.mach-o.executable"; includeInIndex = 0; path = Test; sourceTree = BUILT_PRODUCTS_DIR; };
		B98F4D5D15E4059C0080C96E /* cppexample */ = {isa = PBXFileReference; explicitFileType = "compiled.mach-o.executable"; includeInIndex = 0; path = cppexample; sourceTree = BUILT_PRODUCTS_DIR; };
		B99F4BBF13F8AC4C009465D9 /* libcml.dylib */ = {isa = PBXFileReference; explicitFileType = "compiled.mach-o.dylib"; includeInIndex = 0; path = libcml.dylib; sourceTree = BUILT_PRODUCTS_DIR; };
		B9E8E3F1154D77D500A4C836 /* libcmldebug.dylib */ = {isa = PBXFileReference; explicitFileType = "compiled.mach-o.dylib"; includeInIndex = 0; path = libcmldebug.dylib; sourceTree = BUILT_PRODUCTS_DIR; };
/* End PBXFileReference section */

/* Begin PBXFrameworksBuildPhase section */
		B92F506D140A76D100075896 /* Frameworks */ = {
			isa = PBXFrameworksBuildPhase;
			buildActionMask = 2147483647;
			files = (
				90BF4FA3274AA2D9001FDE2A /* libcmldebug.dylib in Frameworks */,
			);
			runOnlyForDeploymentPostprocessing = 0;
		};
		B98F4D5B15E4059C0080C96E /* Frameworks */ = {
			isa = PBXFrameworksBuildPhase;
			buildActionMask = 2147483647;
			files = (
				90BF4FA6274AA698001FDE2A /* libcmldebug.dylib in Frameworks */,
			);
			runOnlyForDeploymentPostprocessing = 0;
		};
		B99F4BBD13F8AC4C009465D9 /* Frameworks */ = {
			isa = PBXFrameworksBuildPhase;
			buildActionMask = 2147483647;
			files = (
			);
			runOnlyForDeploymentPostprocessing = 0;
		};
		B9E8E3EF154D77D500A4C836 /* Frameworks */ = {
			isa = PBXFrameworksBuildPhase;
			buildActionMask = 2147483647;
			files = (
			);
			runOnlyForDeploymentPostprocessing = 0;
		};
/* End PBXFrameworksBuildPhase section */

/* Begin PBXGroup section */
		90BF4E9C274AA0EA001FDE2A /* CML */ = {
			isa = PBXGroup;
			children = (
				90BF4E9D274AA0EA001FDE2A /* res */,
				90BF4EA1274AA0EA001FDE2A /* src */,
			);
			name = CML;
			path = code/CML;
			sourceTree = "<group>";
		};
		90BF4E9D274AA0EA001FDE2A /* res */ = {
			isa = PBXGroup;
			children = (
				90BF4E9E274AA0EA001FDE2A /* installimage.psd */,
				90BF4E9F274AA0EA001FDE2A /* Readme.txt */,
				90BF4EA0274AA0EA001FDE2A /* CMLChangelog.txt */,
			);
			path = res;
			sourceTree = "<group>";
		};
		90BF4EA1274AA0EA001FDE2A /* src */ = {
			isa = PBXGroup;
			children = (
				90BF4ECE274AA0EA001FDE2A /* CML.h */,
				90BF4EC9274AA0EA001FDE2A /* CMLBaseAPI.c */,
				90BF4ED6274AA0EA001FDE2A /* CMLBaseAPI.h */,
				90BF4ED8274AA0EA001FDE2A /* CMLColorMachine.h */,
				90BF4ED0274AA0EA001FDE2A /* CMLConstants.h */,
				90BF4ED4274AA0EA001FDE2A /* CMLDefinitions.h */,
				90BF4EA3274AA0EA001FDE2A /* CMLFunctions.c */,
				90BF4ED3274AA0EA001FDE2A /* CMLFunctions.h */,
				90BF4ED5274AA0EA001FDE2A /* CMLIllumination.c */,
				90BF4ECB274AA0EA001FDE2A /* CMLIllumination.h */,
				90BF4EA4274AA0EA001FDE2A /* CMLInternal.c */,
				90BF4EA5274AA0EA001FDE2A /* CMLObserver.c */,
				90BF4ED1274AA0EA001FDE2A /* CMLObserver.h */,
				90BF4ECA274AA0EA001FDE2A /* CMLResponseCurve.c */,
				90BF4ED7274AA0EA001FDE2A /* CMLResponseCurve.h */,
				90BF4ECD274AA0EA001FDE2A /* CMLStrings.c */,
				90BF4ECC274AA0EA001FDE2A /* CMLTypes.h */,
				90BF4EF8274AA0EA001FDE2A /* CMLunused.h */,
				90BF4ED9274AA0EA001FDE2A /* ColorClasses */,
				90BF4EA6274AA0EA001FDE2A /* Conversions */,
				90BF4ED2274AA0EA001FDE2A /* cppexample.cpp */,
				90BF4EA2274AA0EA001FDE2A /* example.cpp */,
				90BF4EBA274AA0EA001FDE2A /* StateMachine */,
				90BF4ECF274AA0EA001FDE2A /* Timer.h */,
			);
			path = src;
			sourceTree = "<group>";
		};
		90BF4EA6274AA0EA001FDE2A /* Conversions */ = {
			isa = PBXGroup;
			children = (
				90BF4EA7274AA0EA001FDE2A /* CMLInvert.c */,
				90BF4EA8274AA0EA001FDE2A /* CMLInputOutputConversions.c */,
				90BF4EA9274AA0EA001FDE2A /* CMLHSLConversions.c */,
				90BF4EAA274AA0EA001FDE2A /* CMLLuvConversions.c */,
				90BF4EAB274AA0EA001FDE2A /* CMLNormedConversions.c */,
				90BF4EAC274AA0EA001FDE2A /* CMLXYZConversions.c */,
				90BF4EAD274AA0EA001FDE2A /* CMLLchConversions.c */,
				90BF4EAE274AA0EA001FDE2A /* CMLYxyConversions.c */,
				90BF4EAF274AA0EA001FDE2A /* CMLSpectralConversions.c */,
				90BF4EB0274AA0EA001FDE2A /* CMLCMYKConversions.c */,
				90BF4EB1274AA0EA001FDE2A /* CMLYCbCrConversions.c */,
				90BF4EB2274AA0EA001FDE2A /* CMLGrayConversions.c */,
				90BF4EB3274AA0EA001FDE2A /* CMLYuvConversions.c */,
				90BF4EB4274AA0EA001FDE2A /* CMLRGBConversions.c */,
				90BF4EB5274AA0EA001FDE2A /* CMLHSVConversions.c */,
				90BF4EB6274AA0EA001FDE2A /* CMLClamp.c */,
				90BF4EB7274AA0EA001FDE2A /* CMLColorMachineConversions.c */,
				90BF4EB8274AA0EA001FDE2A /* CMLLabConversions.c */,
				90BF4EB9274AA0EA001FDE2A /* CMLYupvpConversions.c */,
			);
			path = Conversions;
			sourceTree = "<group>";
		};
		90BF4EBA274AA0EA001FDE2A /* StateMachine */ = {
			isa = PBXGroup;
			children = (
				90BF4EBB274AA0EA001FDE2A /* CMLCMYKColorspace.c */,
				90BF4EBC274AA0EA001FDE2A /* CMLColorMachineState.c */,
				90BF4EBD274AA0EA001FDE2A /* CMLObserver.c */,
				90BF4EBE274AA0EA001FDE2A /* CMLLabColorspace.c */,
				90BF4EBF274AA0EA001FDE2A /* CMLConverterMacros.h */,
				90BF4EC0274AA0EA001FDE2A /* CMLColorMachine.c */,
				90BF4EC1274AA0EA001FDE2A /* CMLChromaticAdaptation.c */,
				90BF4EC2274AA0EA001FDE2A /* CMLGrayColorspace.c */,
				90BF4EC3274AA0EA001FDE2A /* CMLColorMachineState.h */,
				90BF4EC4274AA0EA001FDE2A /* CMLInternal.h */,
				90BF4EC5274AA0EA001FDE2A /* CMLIllumination.c */,
				90BF4EC6274AA0EA001FDE2A /* CMLNormedConversions.h */,
				90BF4EC7274AA0EA001FDE2A /* CMLRGBColorspace.c */,
			);
			path = StateMachine;
			sourceTree = "<group>";
		};
		90BF4ED9274AA0EA001FDE2A /* ColorClasses */ = {
			isa = PBXGroup;
			children = (
				90BF4EDA274AA0EA001FDE2A /* CMLColor.h */,
				90BF4EDB274AA0EA001FDE2A /* CMLCMYKColor.cpp */,
				90BF4EDC274AA0EA001FDE2A /* CMLLabColor.cpp */,
				90BF4EDD274AA0EA001FDE2A /* CMLColor.cpp */,
				90BF4EDE274AA0EA001FDE2A /* CMLRGBColor.cpp */,
				90BF4EDF274AA0EA001FDE2A /* CMLXYZColor.cpp */,
				90BF4EE0274AA0EA001FDE2A /* CMLSpectralColor.cpp */,
				90BF4EE1274AA0EA001FDE2A /* CMLHSLColor.cpp */,
				90BF4EE2274AA0EA001FDE2A /* CMLRGBColor.h */,
				90BF4EE3274AA0EA001FDE2A /* CMLCMYKColor.h */,
				90BF4EE4274AA0EA001FDE2A /* CMLXYZColor.h */,
				90BF4EE5274AA0EA001FDE2A /* CMLGrayColor.h */,
				90BF4EE6274AA0EA001FDE2A /* CMLYupvpColor.h */,
				90BF4EE7274AA0EA001FDE2A /* CMLLuvColor.cpp */,
				90BF4EE8274AA0EA001FDE2A /* CMLGrayColor.cpp */,
				90BF4EE9274AA0EA001FDE2A /* CMLYxyColor.cpp */,
				90BF4EEA274AA0EA001FDE2A /* CMLLchColor.h */,
				90BF4EEB274AA0EA001FDE2A /* CMLLchColor.cpp */,
				90BF4EEC274AA0EA001FDE2A /* CMLLuvColor.h */,
				90BF4EED274AA0EA001FDE2A /* CMLSpectralColor.h */,
				90BF4EEE274AA0EA001FDE2A /* CMLLabColor.h */,
				90BF4EEF274AA0EA001FDE2A /* CMLYuvColor.cpp */,
				90BF4EF0274AA0EA001FDE2A /* CMLYuvColor.h */,
				90BF4EF1274AA0EA001FDE2A /* CMLYxyColor.h */,
				90BF4EF2274AA0EA001FDE2A /* CMLHSVColor.cpp */,
				90BF4EF3274AA0EA001FDE2A /* CMLHSLColor.h */,
				90BF4EF4274AA0EA001FDE2A /* CMLYCbCrColor.h */,
				90BF4EF5274AA0EA001FDE2A /* CMLYupvpColor.cpp */,
				90BF4EF6274AA0EA001FDE2A /* CMLHSVColor.h */,
				90BF4EF7274AA0EA001FDE2A /* CMLYCbCrColor.cpp */,
			);
			path = ColorClasses;
			sourceTree = "<group>";
		};
		90BF4FA2274AA2D9001FDE2A /* Frameworks */ = {
			isa = PBXGroup;
			children = (
			);
			name = Frameworks;
			sourceTree = "<group>";
		};
		B99F4BA313F8ABFF009465D9 = {
			isa = PBXGroup;
			children = (
				90BF4E9C274AA0EA001FDE2A /* CML */,
				B99F4BB513F8AC31009465D9 /* Products */,
				90BF4FA2274AA2D9001FDE2A /* Frameworks */,
			);
			sourceTree = "<group>";
		};
		B99F4BB513F8AC31009465D9 /* Products */ = {
			isa = PBXGroup;
			children = (
				B99F4BBF13F8AC4C009465D9 /* libcml.dylib */,
				B92F506F140A76D100075896 /* Test */,
				B9E8E3F1154D77D500A4C836 /* libcmldebug.dylib */,
				B98F4D5D15E4059C0080C96E /* cppexample */,
			);
			name = Products;
			sourceTree = "<group>";
		};
/* End PBXGroup section */

/* Begin PBXHeadersBuildPhase section */
		B99F4BBB13F8AC4C009465D9 /* Headers */ = {
			isa = PBXHeadersBuildPhase;
			buildActionMask = 2147483647;
			files = (
				90BF4F57274AA0EA001FDE2A /* CMLFunctions.h in Headers */,
				90BF4F91274AA0EA001FDE2A /* CMLYxyColor.h in Headers */,
				90BF4F47274AA0EA001FDE2A /* CMLIllumination.h in Headers */,
				90BF4F39274AA0EA001FDE2A /* CMLInternal.h in Headers */,
				90BF4F7B274AA0EA001FDE2A /* CMLYupvpColor.h in Headers */,
				90BF4F8F274AA0EA001FDE2A /* CMLYuvColor.h in Headers */,
				90BF4F9F274AA0EA001FDE2A /* CMLunused.h in Headers */,
				90BF4F2F274AA0EA001FDE2A /* CMLConverterMacros.h in Headers */,
				90BF4F5D274AA0EA001FDE2A /* CMLBaseAPI.h in Headers */,
				90BF4F77274AA0EA001FDE2A /* CMLXYZColor.h in Headers */,
				90BF4F61274AA0EA001FDE2A /* CMLColorMachine.h in Headers */,
				90BF4F53274AA0EA001FDE2A /* CMLObserver.h in Headers */,
				90BF4F9B274AA0EA001FDE2A /* CMLHSVColor.h in Headers */,
				90BF4F75274AA0EA001FDE2A /* CMLCMYKColor.h in Headers */,
				90BF4F49274AA0EA001FDE2A /* CMLTypes.h in Headers */,
				90BF4F95274AA0EA001FDE2A /* CMLHSLColor.h in Headers */,
				90BF4F79274AA0EA001FDE2A /* CMLGrayColor.h in Headers */,
				90BF4F73274AA0EA001FDE2A /* CMLRGBColor.h in Headers */,
				90BF4F97274AA0EA001FDE2A /* CMLYCbCrColor.h in Headers */,
				90BF4F8B274AA0EA001FDE2A /* CMLLabColor.h in Headers */,
				90BF4F83274AA0EA001FDE2A /* CMLLchColor.h in Headers */,
				90BF4F59274AA0EA001FDE2A /* CMLDefinitions.h in Headers */,
				90BF4F5F274AA0EA001FDE2A /* CMLResponseCurve.h in Headers */,
				90BF4F51274AA0EA001FDE2A /* CMLConstants.h in Headers */,
				90BF4F89274AA0EA001FDE2A /* CMLSpectralColor.h in Headers */,
				90BF4F63274AA0EA001FDE2A /* CMLColor.h in Headers */,
				90BF4F3D274AA0EA001FDE2A /* CMLNormedConversions.h in Headers */,
				90BF4F4D274AA0EA001FDE2A /* CML.h in Headers */,
				90BF4F4F274AA0EA001FDE2A /* Timer.h in Headers */,
				90BF4F87274AA0EA001FDE2A /* CMLLuvColor.h in Headers */,
				90BF4F37274AA0EA001FDE2A /* CMLColorMachineState.h in Headers */,
			);
			runOnlyForDeploymentPostprocessing = 0;
		};
		B9E8E3ED154D77D500A4C836 /* Headers */ = {
			isa = PBXHeadersBuildPhase;
			buildActionMask = 2147483647;
			files = (
				90BF4F58274AA0EA001FDE2A /* CMLFunctions.h in Headers */,
				90BF4F92274AA0EA001FDE2A /* CMLYxyColor.h in Headers */,
				90BF4F48274AA0EA001FDE2A /* CMLIllumination.h in Headers */,
				90BF4F3A274AA0EA001FDE2A /* CMLInternal.h in Headers */,
				90BF4F7C274AA0EA001FDE2A /* CMLYupvpColor.h in Headers */,
				90BF4F90274AA0EA001FDE2A /* CMLYuvColor.h in Headers */,
				90BF4FA0274AA0EA001FDE2A /* CMLunused.h in Headers */,
				90BF4F30274AA0EA001FDE2A /* CMLConverterMacros.h in Headers */,
				90BF4F5E274AA0EA001FDE2A /* CMLBaseAPI.h in Headers */,
				90BF4F78274AA0EA001FDE2A /* CMLXYZColor.h in Headers */,
				90BF4F62274AA0EA001FDE2A /* CMLColorMachine.h in Headers */,
				90BF4F54274AA0EA001FDE2A /* CMLObserver.h in Headers */,
				90BF4F9C274AA0EA001FDE2A /* CMLHSVColor.h in Headers */,
				90BF4F76274AA0EA001FDE2A /* CMLCMYKColor.h in Headers */,
				90BF4F4A274AA0EA001FDE2A /* CMLTypes.h in Headers */,
				90BF4F96274AA0EA001FDE2A /* CMLHSLColor.h in Headers */,
				90BF4F7A274AA0EA001FDE2A /* CMLGrayColor.h in Headers */,
				90BF4F74274AA0EA001FDE2A /* CMLRGBColor.h in Headers */,
				90BF4F98274AA0EA001FDE2A /* CMLYCbCrColor.h in Headers */,
				90BF4F8C274AA0EA001FDE2A /* CMLLabColor.h in Headers */,
				90BF4F84274AA0EA001FDE2A /* CMLLchColor.h in Headers */,
				90BF4F5A274AA0EA001FDE2A /* CMLDefinitions.h in Headers */,
				90BF4F60274AA0EA001FDE2A /* CMLResponseCurve.h in Headers */,
				90BF4F52274AA0EA001FDE2A /* CMLConstants.h in Headers */,
				90BF4F8A274AA0EA001FDE2A /* CMLSpectralColor.h in Headers */,
				90BF4F64274AA0EA001FDE2A /* CMLColor.h in Headers */,
				90BF4F3E274AA0EA001FDE2A /* CMLNormedConversions.h in Headers */,
				90BF4F4E274AA0EA001FDE2A /* CML.h in Headers */,
				90BF4F50274AA0EA001FDE2A /* Timer.h in Headers */,
				90BF4F88274AA0EA001FDE2A /* CMLLuvColor.h in Headers */,
				90BF4F38274AA0EA001FDE2A /* CMLColorMachineState.h in Headers */,
			);
			runOnlyForDeploymentPostprocessing = 0;
		};
/* End PBXHeadersBuildPhase section */

/* Begin PBXNativeTarget section */
		B92F506E140A76D100075896 /* example */ = {
			isa = PBXNativeTarget;
			buildConfigurationList = B92F5076140A76DA00075896 /* Build configuration list for PBXNativeTarget "example" */;
			buildPhases = (
				B92F506C140A76D100075896 /* Sources */,
				B92F506D140A76D100075896 /* Frameworks */,
			);
			buildRules = (
			);
			dependencies = (
				B972DAF9142347940015D6F7 /* PBXTargetDependency */,
			);
			name = example;
			productName = Test;
			productReference = B92F506F140A76D100075896 /* Test */;
			productType = "com.apple.product-type.tool";
		};
		B98F4D5C15E4059C0080C96E /* cppexample */ = {
			isa = PBXNativeTarget;
			buildConfigurationList = B98F4D6215E405BE0080C96E /* Build configuration list for PBXNativeTarget "cppexample" */;
			buildPhases = (
				B98F4D5A15E4059C0080C96E /* Sources */,
				B98F4D5B15E4059C0080C96E /* Frameworks */,
			);
			buildRules = (
			);
			dependencies = (
			);
			name = cppexample;
			productName = cppexample;
			productReference = B98F4D5D15E4059C0080C96E /* cppexample */;
			productType = "com.apple.product-type.tool";
		};
		B99F4BBE13F8AC4C009465D9 /* libcml */ = {
			isa = PBXNativeTarget;
			buildConfigurationList = B99F4BC313F8AC53009465D9 /* Build configuration list for PBXNativeTarget "libcml" */;
			buildPhases = (
				B99F4BBB13F8AC4C009465D9 /* Headers */,
				B99F4BBC13F8AC4C009465D9 /* Sources */,
				B99F4BBD13F8AC4C009465D9 /* Frameworks */,
			);
			buildRules = (
			);
			dependencies = (
			);
			name = libcml;
			productName = CMLDynamic;
			productReference = B99F4BBF13F8AC4C009465D9 /* libcml.dylib */;
			productType = "com.apple.product-type.library.dynamic";
		};
		B9E8E3F0154D77D500A4C836 /* libcmldebug */ = {
			isa = PBXNativeTarget;
			buildConfigurationList = B9E8E3F8154D77F600A4C836 /* Build configuration list for PBXNativeTarget "libcmldebug" */;
			buildPhases = (
				B9E8E3ED154D77D500A4C836 /* Headers */,
				B9E8E3EE154D77D500A4C836 /* Sources */,
				B9E8E3EF154D77D500A4C836 /* Frameworks */,
			);
			buildRules = (
			);
			dependencies = (
			);
			name = libcmldebug;
			productName = libcmldebug;
			productReference = B9E8E3F1154D77D500A4C836 /* libcmldebug.dylib */;
			productType = "com.apple.product-type.library.dynamic";
		};
/* End PBXNativeTarget section */

/* Begin PBXProject section */
		B99F4BA513F8ABFF009465D9 /* Project object */ = {
			isa = PBXProject;
			attributes = {
				LastUpgradeCheck = 0440;
				ORGANIZATIONNAME = "Manderim GmbH";
			};
			buildConfigurationList = B99F4BA813F8ABFF009465D9 /* Build configuration list for PBXProject "CML" */;
			compatibilityVersion = "Xcode 3.2";
			developmentRegion = English;
			hasScannedForEncodings = 0;
			knownRegions = (
				English,
				Japanese,
				French,
				German,
			);
			mainGroup = B99F4BA313F8ABFF009465D9;
			productRefGroup = B99F4BB513F8AC31009465D9 /* Products */;
			projectDirPath = "";
			projectRoot = "";
			targets = (
				B99F4BBE13F8AC4C009465D9 /* libcml */,
				B92F506E140A76D100075896 /* example */,
				B9E8E3F0154D77D500A4C836 /* libcmldebug */,
				B98F4D5C15E4059C0080C96E /* cppexample */,
			);
		};
/* End PBXProject section */

/* Begin PBXSourcesBuildPhase section */
		B92F506C140A76D100075896 /* Sources */ = {
			isa = PBXSourcesBuildPhase;
			buildActionMask = 2147483647;
			files = (
				90BF4FA1274AA26F001FDE2A /* example.cpp in Sources */,
			);
			runOnlyForDeploymentPostprocessing = 0;
		};
		B98F4D5A15E4059C0080C96E /* Sources */ = {
			isa = PBXSourcesBuildPhase;
			buildActionMask = 2147483647;
			files = (
				90BF4FA5274AA63A001FDE2A /* cppexample.cpp in Sources */,
			);
			runOnlyForDeploymentPostprocessing = 0;
		};
		B99F4BBC13F8AC4C009465D9 /* Sources */ = {
			isa = PBXSourcesBuildPhase;
			buildActionMask = 2147483647;
			files = (
				90BF4F93274AA0EA001FDE2A /* CMLHSVColor.cpp in Sources */,
				90BF4F0B274AA0EA001FDE2A /* CMLXYZConversions.c in Sources */,
				90BF4F07274AA0EA001FDE2A /* CMLLuvConversions.c in Sources */,
				90BF4F67274AA0EA001FDE2A /* CMLLabColor.cpp in Sources */,
				90BF4F0D274AA0EA001FDE2A /* CMLLchConversions.c in Sources */,
				90BF4F0F274AA0EA001FDE2A /* CMLYxyConversions.c in Sources */,
				90BF4F29274AA0EA001FDE2A /* CMLColorMachineState.c in Sources */,
				90BF4F7F274AA0EA001FDE2A /* CMLGrayColor.cpp in Sources */,
				90BF4F9D274AA0EA001FDE2A /* CMLYCbCrColor.cpp in Sources */,
				90BF4F3F274AA0EA001FDE2A /* CMLRGBColorspace.c in Sources */,
				90BF4F21274AA0EA001FDE2A /* CMLColorMachineConversions.c in Sources */,
				90BF4F4B274AA0EA001FDE2A /* CMLStrings.c in Sources */,
				90BF4F85274AA0EA001FDE2A /* CMLLchColor.cpp in Sources */,
				90BF4F6D274AA0EA001FDE2A /* CMLXYZColor.cpp in Sources */,
				90BF4F31274AA0EA001FDE2A /* CMLColorMachine.c in Sources */,
				90BF4F01274AA0EA001FDE2A /* CMLInvert.c in Sources */,
				90BF4EFD274AA0EA001FDE2A /* CMLInternal.c in Sources */,
				90BF4EFB274AA0EA001FDE2A /* CMLFunctions.c in Sources */,
				90BF4F25274AA0EA001FDE2A /* CMLYupvpConversions.c in Sources */,
				90BF4F09274AA0EA001FDE2A /* CMLNormedConversions.c in Sources */,
				90BF4F05274AA0EA001FDE2A /* CMLHSLConversions.c in Sources */,
				90BF4F71274AA0EA001FDE2A /* CMLHSLColor.cpp in Sources */,
				90BF4F6B274AA0EA001FDE2A /* CMLRGBColor.cpp in Sources */,
				90BF4F11274AA0EA001FDE2A /* CMLSpectralConversions.c in Sources */,
				90BF4F19274AA0EA001FDE2A /* CMLYuvConversions.c in Sources */,
				90BF4F43274AA0EA001FDE2A /* CMLBaseAPI.c in Sources */,
				90BF4F2B274AA0EA001FDE2A /* CMLObserver.c in Sources */,
				90BF4F33274AA0EA001FDE2A /* CMLChromaticAdaptation.c in Sources */,
				90BF4F45274AA0EA001FDE2A /* CMLResponseCurve.c in Sources */,
				90BF4F2D274AA0EA001FDE2A /* CMLLabColorspace.c in Sources */,
				90BF4F13274AA0EA001FDE2A /* CMLCMYKConversions.c in Sources */,
				90BF4F5B274AA0EA001FDE2A /* CMLIllumination.c in Sources */,
				90BF4F1B274AA0EA001FDE2A /* CMLRGBConversions.c in Sources */,
				90BF4F3B274AA0EA001FDE2A /* CMLIllumination.c in Sources */,
				90BF4F27274AA0EA001FDE2A /* CMLCMYKColorspace.c in Sources */,
				90BF4EFF274AA0EA001FDE2A /* CMLObserver.c in Sources */,
				90BF4F15274AA0EA001FDE2A /* CMLYCbCrConversions.c in Sources */,
				90BF4F17274AA0EA001FDE2A /* CMLGrayConversions.c in Sources */,
				90BF4F1F274AA0EA001FDE2A /* CMLClamp.c in Sources */,
				90BF4F6F274AA0EA001FDE2A /* CMLSpectralColor.cpp in Sources */,
				90BF4F81274AA0EA001FDE2A /* CMLYxyColor.cpp in Sources */,
				90BF4F8D274AA0EA001FDE2A /* CMLYuvColor.cpp in Sources */,
				90BF4F99274AA0EA001FDE2A /* CMLYupvpColor.cpp in Sources */,
				90BF4F23274AA0EA001FDE2A /* CMLLabConversions.c in Sources */,
				90BF4F35274AA0EA001FDE2A /* CMLGrayColorspace.c in Sources */,
				90BF4F03274AA0EA001FDE2A /* CMLInputOutputConversions.c in Sources */,
				90BF4F7D274AA0EA001FDE2A /* CMLLuvColor.cpp in Sources */,
				90BF4F69274AA0EA001FDE2A /* CMLColor.cpp in Sources */,
				90BF4F1D274AA0EA001FDE2A /* CMLHSVConversions.c in Sources */,
				90BF4F65274AA0EA001FDE2A /* CMLCMYKColor.cpp in Sources */,
			);
			runOnlyForDeploymentPostprocessing = 0;
		};
		B9E8E3EE154D77D500A4C836 /* Sources */ = {
			isa = PBXSourcesBuildPhase;
			buildActionMask = 2147483647;
			files = (
				90BF4F94274AA0EA001FDE2A /* CMLHSVColor.cpp in Sources */,
				90BF4F0C274AA0EA001FDE2A /* CMLXYZConversions.c in Sources */,
				90BF4F08274AA0EA001FDE2A /* CMLLuvConversions.c in Sources */,
				90BF4F68274AA0EA001FDE2A /* CMLLabColor.cpp in Sources */,
				90BF4F0E274AA0EA001FDE2A /* CMLLchConversions.c in Sources */,
				90BF4F10274AA0EA001FDE2A /* CMLYxyConversions.c in Sources */,
				90BF4F2A274AA0EA001FDE2A /* CMLColorMachineState.c in Sources */,
				90BF4F80274AA0EA001FDE2A /* CMLGrayColor.cpp in Sources */,
				90BF4F9E274AA0EA001FDE2A /* CMLYCbCrColor.cpp in Sources */,
				90BF4F40274AA0EA001FDE2A /* CMLRGBColorspace.c in Sources */,
				90BF4F22274AA0EA001FDE2A /* CMLColorMachineConversions.c in Sources */,
				90BF4F4C274AA0EA001FDE2A /* CMLStrings.c in Sources */,
				90BF4F86274AA0EA001FDE2A /* CMLLchColor.cpp in Sources */,
				90BF4F6E274AA0EA001FDE2A /* CMLXYZColor.cpp in Sources */,
				90BF4F32274AA0EA001FDE2A /* CMLColorMachine.c in Sources */,
				90BF4F02274AA0EA001FDE2A /* CMLInvert.c in Sources */,
				90BF4EFE274AA0EA001FDE2A /* CMLInternal.c in Sources */,
				90BF4EFC274AA0EA001FDE2A /* CMLFunctions.c in Sources */,
				90BF4F26274AA0EA001FDE2A /* CMLYupvpConversions.c in Sources */,
				90BF4F0A274AA0EA001FDE2A /* CMLNormedConversions.c in Sources */,
				90BF4F06274AA0EA001FDE2A /* CMLHSLConversions.c in Sources */,
				90BF4F72274AA0EA001FDE2A /* CMLHSLColor.cpp in Sources */,
				90BF4F6C274AA0EA001FDE2A /* CMLRGBColor.cpp in Sources */,
				90BF4F12274AA0EA001FDE2A /* CMLSpectralConversions.c in Sources */,
				90BF4F1A274AA0EA001FDE2A /* CMLYuvConversions.c in Sources */,
				90BF4F44274AA0EA001FDE2A /* CMLBaseAPI.c in Sources */,
				90BF4F2C274AA0EA001FDE2A /* CMLObserver.c in Sources */,
				90BF4F34274AA0EA001FDE2A /* CMLChromaticAdaptation.c in Sources */,
				90BF4F46274AA0EA001FDE2A /* CMLResponseCurve.c in Sources */,
				90BF4F2E274AA0EA001FDE2A /* CMLLabColorspace.c in Sources */,
				90BF4F14274AA0EA001FDE2A /* CMLCMYKConversions.c in Sources */,
				90BF4F5C274AA0EA001FDE2A /* CMLIllumination.c in Sources */,
				90BF4F1C274AA0EA001FDE2A /* CMLRGBConversions.c in Sources */,
				90BF4F3C274AA0EA001FDE2A /* CMLIllumination.c in Sources */,
				90BF4F28274AA0EA001FDE2A /* CMLCMYKColorspace.c in Sources */,
				90BF4F00274AA0EA001FDE2A /* CMLObserver.c in Sources */,
				90BF4F16274AA0EA001FDE2A /* CMLYCbCrConversions.c in Sources */,
				90BF4F18274AA0EA001FDE2A /* CMLGrayConversions.c in Sources */,
				90BF4F20274AA0EA001FDE2A /* CMLClamp.c in Sources */,
				90BF4F70274AA0EA001FDE2A /* CMLSpectralColor.cpp in Sources */,
				90BF4F82274AA0EA001FDE2A /* CMLYxyColor.cpp in Sources */,
				90BF4F8E274AA0EA001FDE2A /* CMLYuvColor.cpp in Sources */,
				90BF4F9A274AA0EA001FDE2A /* CMLYupvpColor.cpp in Sources */,
				90BF4F24274AA0EA001FDE2A /* CMLLabConversions.c in Sources */,
				90BF4F36274AA0EA001FDE2A /* CMLGrayColorspace.c in Sources */,
				90BF4F04274AA0EA001FDE2A /* CMLInputOutputConversions.c in Sources */,
				90BF4F7E274AA0EA001FDE2A /* CMLLuvColor.cpp in Sources */,
				90BF4F6A274AA0EA001FDE2A /* CMLColor.cpp in Sources */,
				90BF4F1E274AA0EA001FDE2A /* CMLHSVConversions.c in Sources */,
				90BF4F66274AA0EA001FDE2A /* CMLCMYKColor.cpp in Sources */,
			);
			runOnlyForDeploymentPostprocessing = 0;
		};
/* End PBXSourcesBuildPhase section */

/* Begin PBXTargetDependency section */
		B972DAF9142347940015D6F7 /* PBXTargetDependency */ = {
			isa = PBXTargetDependency;
			target = B99F4BBE13F8AC4C009465D9 /* libcml */;
			targetProxy = B972DAF8142347940015D6F7 /* PBXContainerItemProxy */;
		};
/* End PBXTargetDependency section */

/* Begin XCBuildConfiguration section */
		B92F5071140A76D100075896 /* Debug */ = {
			isa = XCBuildConfiguration;
			buildSettings = {
				CODE_SIGN_IDENTITY = "-";
				COPY_PHASE_STRIP = NO;
				GCC_OPTIMIZATION_LEVEL = 0;
				GCC_VERSION = com.apple.compilers.llvm.clang.1_0;
				GCC_WARN_PROTOTYPE_CONVERSION = NO;
				HEADER_SEARCH_PATHS = /usr/local/include;
				LIBRARY_SEARCH_PATHS = /usr/local/lib;
				MACOSX_DEPLOYMENT_TARGET = 10.9;
				ONLY_ACTIVE_ARCH = YES;
				PRODUCT_NAME = Test;
			};
			name = Debug;
		};
		B92F5072140A76D100075896 /* Release */ = {
			isa = XCBuildConfiguration;
			buildSettings = {
				CODE_SIGN_IDENTITY = "-";
				COPY_PHASE_STRIP = NO;
				GCC_C_LANGUAGE_STANDARD = c99;
				GCC_VERSION = com.apple.compilers.llvm.clang.1_0;
				GCC_WARN_PROTOTYPE_CONVERSION = NO;
				HEADER_SEARCH_PATHS = /usr/local/include;
				LIBRARY_SEARCH_PATHS = /usr/local/lib;
				MACOSX_DEPLOYMENT_TARGET = 10.9;
				ONLY_ACTIVE_ARCH = YES;
				PRODUCT_NAME = Test;
			};
			name = Release;
		};
		B93BC24A157959260095CAE6 /* Optimize */ = {
			isa = XCBuildConfiguration;
			buildSettings = {
				ARCHS = "$(ARCHS_STANDARD)";
				CODE_SIGN_IDENTITY = "-";
				DEBUG_INFORMATION_FORMAT = dwarf;
				GCC_ENABLE_SYMBOL_SEPARATION = NO;
				GCC_PREPROCESSOR_DEFINITIONS = NDEBUG;
				GCC_TREAT_IMPLICIT_FUNCTION_DECLARATIONS_AS_ERRORS = YES;
				GCC_TREAT_NONCONFORMANT_CODE_ERRORS_AS_WARNINGS = YES;
				GCC_VERSION = com.apple.compilers.llvmgcc42;
				GCC_WARN_64_TO_32_BIT_CONVERSION = YES;
				GCC_WARN_ABOUT_GLOBAL_CONSTRUCTORS = YES;
				GCC_WARN_ABOUT_MISSING_FIELD_INITIALIZERS = YES;
				GCC_WARN_ABOUT_MISSING_NEWLINE = YES;
				GCC_WARN_ABOUT_MISSING_PROTOTYPES = YES;
				GCC_WARN_ABOUT_RETURN_TYPE = YES;
				GCC_WARN_CHECK_SWITCH_STATEMENTS = YES;
				GCC_WARN_FOUR_CHARACTER_CONSTANTS = YES;
				GCC_WARN_HIDDEN_VIRTUAL_FUNCTIONS = YES;
				GCC_WARN_INITIALIZER_NOT_FULLY_BRACKETED = YES;
				GCC_WARN_MISSING_PARENTHESES = YES;
				GCC_WARN_MULTIPLE_DEFINITION_TYPES_FOR_SELECTOR = YES;
				GCC_WARN_NON_VIRTUAL_DESTRUCTOR = YES;
				GCC_WARN_PEDANTIC = YES;
				GCC_WARN_PROTOTYPE_CONVERSION = YES;
				GCC_WARN_SHADOW = YES;
				GCC_WARN_SIGN_COMPARE = YES;
				GCC_WARN_STRICT_SELECTOR_MATCH = YES;
				GCC_WARN_UNDECLARED_SELECTOR = YES;
				GCC_WARN_UNINITIALIZED_AUTOS = NO;
				GCC_WARN_UNKNOWN_PRAGMAS = YES;
				GCC_WARN_UNUSED_FUNCTION = YES;
				GCC_WARN_UNUSED_LABEL = YES;
				GCC_WARN_UNUSED_PARAMETER = YES;
				GCC_WARN_UNUSED_VALUE = YES;
				GCC_WARN_UNUSED_VARIABLE = YES;
				MACOSX_DEPLOYMENT_TARGET = 10.9;
				ONLY_ACTIVE_ARCH = YES;
				PROVISIONING_PROFILE = "";
				SDKROOT = macosx;
				SKIP_INSTALL = YES;
				STRIP_INSTALLED_PRODUCT = NO;
			};
			name = Optimize;
		};
		B93BC24B157959260095CAE6 /* Optimize */ = {
			isa = XCBuildConfiguration;
			buildSettings = {
				CODE_SIGN_IDENTITY = "-";
				COMBINE_HIDPI_IMAGES = YES;
				COPY_PHASE_STRIP = NO;
				DYLIB_COMPATIBILITY_VERSION = 1.0;
				DYLIB_CURRENT_VERSION = 1.0.1;
				GCC_DEBUGGING_SYMBOLS = full;
				GCC_INLINES_ARE_PRIVATE_EXTERN = YES;
				GCC_OPTIMIZATION_LEVEL = s;
				GCC_SYMBOLS_PRIVATE_EXTERN = YES;
				GCC_VERSION = com.apple.compilers.llvm.clang.1_0;
				GCC_WARN_ABOUT_MISSING_PROTOTYPES = NO;
				GCC_WARN_PROTOTYPE_CONVERSION = NO;
				GCC_WARN_SHADOW = YES;
				MACOSX_DEPLOYMENT_TARGET = 10.9;
				ONLY_ACTIVE_ARCH = YES;
				PRODUCT_NAME = libcml;
				PROVISIONING_PROFILE = "";
				STRIP_STYLE = all;
				VALID_ARCHS = "i386 x86_64";
			};
			name = Optimize;
		};
		B93BC24C157959260095CAE6 /* Optimize */ = {
			isa = XCBuildConfiguration;
			buildSettings = {
				CODE_SIGN_IDENTITY = "-";
				COPY_PHASE_STRIP = NO;
				GCC_DEBUGGING_SYMBOLS = full;
				GCC_OPTIMIZATION_LEVEL = s;
				GCC_VERSION = com.apple.compilers.llvm.clang.1_0;
				GCC_WARN_PROTOTYPE_CONVERSION = NO;
				HEADER_SEARCH_PATHS = /usr/local/include;
				LIBRARY_SEARCH_PATHS = /usr/local/lib;
				MACOSX_DEPLOYMENT_TARGET = 10.9;
				ONLY_ACTIVE_ARCH = YES;
				PRODUCT_NAME = Test;
			};
			name = Optimize;
		};
		B93BC24D157959260095CAE6 /* Optimize */ = {
			isa = XCBuildConfiguration;
			buildSettings = {
				ALWAYS_SEARCH_USER_PATHS = NO;
				CODE_SIGN_IDENTITY = "-";
				COMBINE_HIDPI_IMAGES = YES;
				COPY_PHASE_STRIP = NO;
				DYLIB_COMPATIBILITY_VERSION = 0.9;
				DYLIB_CURRENT_VERSION = 0.9.5;
				GCC_DYNAMIC_NO_PIC = NO;
				GCC_MODEL_TUNING = G5;
				GCC_PREPROCESSOR_DEFINITIONS = "";
				GCC_VERSION = com.apple.compilers.llvm.clang.1_0;
				GCC_WARN_ABOUT_MISSING_PROTOTYPES = NO;
				INSTALL_PATH = /usr/local/lib;
				MACOSX_DEPLOYMENT_TARGET = 10.9;
				OTHER_LDFLAGS = (
					"-framework",
					Foundation,
					"-framework",
					AppKit,
				);
				PRODUCT_NAME = libcmldebug;
			};
			name = Optimize;
		};
		B98F4D5F15E4059C0080C96E /* Debug */ = {
			isa = XCBuildConfiguration;
			buildSettings = {
				ALWAYS_SEARCH_USER_PATHS = NO;
				CODE_SIGN_IDENTITY = "-";
				COPY_PHASE_STRIP = NO;
				GCC_DYNAMIC_NO_PIC = NO;
				GCC_MODEL_TUNING = G5;
				GCC_OPTIMIZATION_LEVEL = 0;
				GCC_VERSION = com.apple.compilers.llvm.clang.1_0;
				HEADER_SEARCH_PATHS = /usr/local/include;
				INSTALL_PATH = /usr/local/bin;
				MACOSX_DEPLOYMENT_TARGET = 10.9;
				PRODUCT_NAME = cppexample;
			};
			name = Debug;
		};
		B98F4D6015E4059C0080C96E /* Optimize */ = {
			isa = XCBuildConfiguration;
			buildSettings = {
				ALWAYS_SEARCH_USER_PATHS = NO;
				CODE_SIGN_IDENTITY = "-";
				GCC_MODEL_TUNING = G5;
				GCC_VERSION = com.apple.compilers.llvm.clang.1_0;
				HEADER_SEARCH_PATHS = /usr/local/include;
				INSTALL_PATH = /usr/local/bin;
				MACOSX_DEPLOYMENT_TARGET = 10.9;
				PRODUCT_NAME = cppexample;
			};
			name = Optimize;
		};
		B98F4D6115E4059C0080C96E /* Release */ = {
			isa = XCBuildConfiguration;
			buildSettings = {
				ALWAYS_SEARCH_USER_PATHS = NO;
				CODE_SIGN_IDENTITY = "-";
				COPY_PHASE_STRIP = YES;
				DEBUG_INFORMATION_FORMAT = "dwarf-with-dsym";
				GCC_MODEL_TUNING = G5;
				GCC_VERSION = com.apple.compilers.llvm.clang.1_0;
				HEADER_SEARCH_PATHS = /usr/local/include;
				INSTALL_PATH = /usr/local/bin;
				MACOSX_DEPLOYMENT_TARGET = 10.9;
				PRODUCT_NAME = cppexample;
				ZERO_LINK = NO;
			};
			name = Release;
		};
		B99F4BA613F8ABFF009465D9 /* Debug */ = {
			isa = XCBuildConfiguration;
			buildSettings = {
				ARCHS = "$(ARCHS_STANDARD)";
				CODE_SIGN_IDENTITY = "-";
				DEBUG_INFORMATION_FORMAT = dwarf;
				GCC_ENABLE_SYMBOL_SEPARATION = NO;
				GCC_OPTIMIZATION_LEVEL = 0;
				GCC_TREAT_IMPLICIT_FUNCTION_DECLARATIONS_AS_ERRORS = YES;
				GCC_TREAT_NONCONFORMANT_CODE_ERRORS_AS_WARNINGS = YES;
				GCC_VERSION = com.apple.compilers.llvmgcc42;
				GCC_WARN_64_TO_32_BIT_CONVERSION = YES;
				GCC_WARN_ABOUT_GLOBAL_CONSTRUCTORS = YES;
				GCC_WARN_ABOUT_MISSING_FIELD_INITIALIZERS = YES;
				GCC_WARN_ABOUT_MISSING_NEWLINE = YES;
				GCC_WARN_ABOUT_MISSING_PROTOTYPES = YES;
				GCC_WARN_ABOUT_RETURN_TYPE = YES;
				GCC_WARN_CHECK_SWITCH_STATEMENTS = YES;
				GCC_WARN_FOUR_CHARACTER_CONSTANTS = YES;
				GCC_WARN_HIDDEN_VIRTUAL_FUNCTIONS = YES;
				GCC_WARN_INITIALIZER_NOT_FULLY_BRACKETED = YES;
				GCC_WARN_MISSING_PARENTHESES = YES;
				GCC_WARN_MULTIPLE_DEFINITION_TYPES_FOR_SELECTOR = YES;
				GCC_WARN_NON_VIRTUAL_DESTRUCTOR = YES;
				GCC_WARN_PEDANTIC = YES;
				GCC_WARN_PROTOTYPE_CONVERSION = YES;
				GCC_WARN_SHADOW = YES;
				GCC_WARN_SIGN_COMPARE = YES;
				GCC_WARN_STRICT_SELECTOR_MATCH = YES;
				GCC_WARN_UNDECLARED_SELECTOR = YES;
				GCC_WARN_UNINITIALIZED_AUTOS = NO;
				GCC_WARN_UNKNOWN_PRAGMAS = YES;
				GCC_WARN_UNUSED_FUNCTION = YES;
				GCC_WARN_UNUSED_LABEL = YES;
				GCC_WARN_UNUSED_PARAMETER = YES;
				GCC_WARN_UNUSED_VALUE = YES;
				GCC_WARN_UNUSED_VARIABLE = YES;
				MACOSX_DEPLOYMENT_TARGET = 10.9;
				ONLY_ACTIVE_ARCH = YES;
				PROVISIONING_PROFILE = "";
				SDKROOT = macosx;
				SKIP_INSTALL = YES;
				STRIP_INSTALLED_PRODUCT = NO;
			};
			name = Debug;
		};
		B99F4BA713F8ABFF009465D9 /* Release */ = {
			isa = XCBuildConfiguration;
			buildSettings = {
				ARCHS = "$(ARCHS_STANDARD)";
				CODE_SIGN_IDENTITY = "-";
				DEAD_CODE_STRIPPING = YES;
				DEBUG_INFORMATION_FORMAT = dwarf;
				GCC_DEBUGGING_SYMBOLS = full;
				GCC_ENABLE_SYMBOL_SEPARATION = NO;
				GCC_GENERATE_DEBUGGING_SYMBOLS = NO;
				GCC_PREPROCESSOR_DEFINITIONS = NDEBUG;
				GCC_TREAT_IMPLICIT_FUNCTION_DECLARATIONS_AS_ERRORS = YES;
				GCC_TREAT_NONCONFORMANT_CODE_ERRORS_AS_WARNINGS = YES;
				GCC_TREAT_WARNINGS_AS_ERRORS = NO;
				GCC_VERSION = com.apple.compilers.llvmgcc42;
				GCC_WARN_64_TO_32_BIT_CONVERSION = YES;
				GCC_WARN_ABOUT_GLOBAL_CONSTRUCTORS = YES;
				GCC_WARN_ABOUT_MISSING_FIELD_INITIALIZERS = YES;
				GCC_WARN_ABOUT_MISSING_NEWLINE = YES;
				GCC_WARN_ABOUT_MISSING_PROTOTYPES = YES;
				GCC_WARN_ABOUT_RETURN_TYPE = YES;
				GCC_WARN_CHECK_SWITCH_STATEMENTS = YES;
				GCC_WARN_EFFECTIVE_CPLUSPLUS_VIOLATIONS = NO;
				GCC_WARN_FOUR_CHARACTER_CONSTANTS = YES;
				GCC_WARN_HIDDEN_VIRTUAL_FUNCTIONS = YES;
				GCC_WARN_INITIALIZER_NOT_FULLY_BRACKETED = YES;
				GCC_WARN_MISSING_PARENTHESES = YES;
				GCC_WARN_MULTIPLE_DEFINITION_TYPES_FOR_SELECTOR = YES;
				GCC_WARN_NON_VIRTUAL_DESTRUCTOR = YES;
				GCC_WARN_PEDANTIC = YES;
				GCC_WARN_PROTOTYPE_CONVERSION = YES;
				GCC_WARN_SHADOW = YES;
				GCC_WARN_SIGN_COMPARE = YES;
				GCC_WARN_STRICT_SELECTOR_MATCH = YES;
				GCC_WARN_UNDECLARED_SELECTOR = YES;
				GCC_WARN_UNINITIALIZED_AUTOS = YES;
				GCC_WARN_UNKNOWN_PRAGMAS = YES;
				GCC_WARN_UNUSED_FUNCTION = YES;
				GCC_WARN_UNUSED_LABEL = YES;
				GCC_WARN_UNUSED_PARAMETER = YES;
				GCC_WARN_UNUSED_VALUE = YES;
				GCC_WARN_UNUSED_VARIABLE = YES;
				MACOSX_DEPLOYMENT_TARGET = 10.9;
				ONLY_ACTIVE_ARCH = YES;
				PROVISIONING_PROFILE = "";
				SDKROOT = macosx;
				SKIP_INSTALL = YES;
				STRIP_INSTALLED_PRODUCT = YES;
			};
			name = Release;
		};
		B99F4BC013F8AC4D009465D9 /* Debug */ = {
			isa = XCBuildConfiguration;
			buildSettings = {
				CODE_SIGN_IDENTITY = "-";
				COMBINE_HIDPI_IMAGES = YES;
				COPY_PHASE_STRIP = NO;
				DYLIB_COMPATIBILITY_VERSION = 1.0;
				DYLIB_CURRENT_VERSION = 1.0.1;
				GCC_INLINES_ARE_PRIVATE_EXTERN = YES;
				GCC_OPTIMIZATION_LEVEL = 0;
				GCC_SYMBOLS_PRIVATE_EXTERN = YES;
				GCC_VERSION = com.apple.compilers.llvm.clang.1_0;
				GCC_WARN_ABOUT_MISSING_PROTOTYPES = NO;
				GCC_WARN_PROTOTYPE_CONVERSION = NO;
				GCC_WARN_SHADOW = YES;
				MACOSX_DEPLOYMENT_TARGET = 10.9;
				ONLY_ACTIVE_ARCH = YES;
				PRODUCT_NAME = libcml;
				PROVISIONING_PROFILE = "";
				STRIP_STYLE = all;
				VALID_ARCHS = "i386 x86_64";
			};
			name = Debug;
		};
		B99F4BC113F8AC4D009465D9 /* Release */ = {
			isa = XCBuildConfiguration;
			buildSettings = {
				CODE_SIGN_IDENTITY = "-";
				COMBINE_HIDPI_IMAGES = YES;
				COPY_PHASE_STRIP = NO;
				DEPLOYMENT_POSTPROCESSING = YES;
				DYLIB_COMPATIBILITY_VERSION = 1.0;
				DYLIB_CURRENT_VERSION = 1.0.1;
				GCC_C_LANGUAGE_STANDARD = c99;
				GCC_INLINES_ARE_PRIVATE_EXTERN = YES;
				GCC_SYMBOLS_PRIVATE_EXTERN = YES;
				GCC_VERSION = com.apple.compilers.llvm.clang.1_0;
				GCC_WARN_ABOUT_MISSING_PROTOTYPES = NO;
				GCC_WARN_PROTOTYPE_CONVERSION = NO;
				GCC_WARN_SHADOW = YES;
				LD_GENERATE_MAP_FILE = YES;
				MACOSX_DEPLOYMENT_TARGET = 10.9;
				ONLY_ACTIVE_ARCH = YES;
				OTHER_CFLAGS = "-fvisibility-inlines-hidden";
				PRODUCT_NAME = libcml;
				PROVISIONING_PROFILE = "";
				STRIP_STYLE = "non-global";
				VALID_ARCHS = "i386 x86_64";
			};
			name = Release;
		};
		B9E8E3F2154D77D500A4C836 /* Debug */ = {
			isa = XCBuildConfiguration;
			buildSettings = {
				ALWAYS_SEARCH_USER_PATHS = NO;
				CODE_SIGN_IDENTITY = "-";
				COMBINE_HIDPI_IMAGES = YES;
				COPY_PHASE_STRIP = NO;
				DYLIB_COMPATIBILITY_VERSION = 0.9;
				DYLIB_CURRENT_VERSION = 0.9.5;
				GCC_DYNAMIC_NO_PIC = NO;
				GCC_MODEL_TUNING = G5;
				GCC_OPTIMIZATION_LEVEL = 0;
				GCC_VERSION = com.apple.compilers.llvm.clang.1_0;
				GCC_WARN_ABOUT_MISSING_PROTOTYPES = NO;
				INSTALL_PATH = /usr/local/lib;
				MACOSX_DEPLOYMENT_TARGET = 10.9;
				OTHER_LDFLAGS = (
					"-framework",
					Foundation,
					"-framework",
					AppKit,
				);
				PRODUCT_NAME = libcmldebug;
			};
			name = Debug;
		};
		B9E8E3F3154D77D500A4C836 /* Release */ = {
			isa = XCBuildConfiguration;
			buildSettings = {
				ALWAYS_SEARCH_USER_PATHS = NO;
				CODE_SIGN_IDENTITY = "-";
				COMBINE_HIDPI_IMAGES = YES;
				COPY_PHASE_STRIP = YES;
				DEBUG_INFORMATION_FORMAT = "dwarf-with-dsym";
				DYLIB_COMPATIBILITY_VERSION = 0.9;
				DYLIB_CURRENT_VERSION = 0.9.5;
				GCC_MODEL_TUNING = G5;
				GCC_PREPROCESSOR_DEFINITIONS = "";
				GCC_VERSION = com.apple.compilers.llvm.clang.1_0;
				GCC_WARN_ABOUT_MISSING_PROTOTYPES = NO;
				INSTALL_PATH = /usr/local/lib;
				MACOSX_DEPLOYMENT_TARGET = 10.9;
				ONLY_ACTIVE_ARCH = NO;
				OTHER_LDFLAGS = (
					"-framework",
					Foundation,
					"-framework",
					AppKit,
				);
				PRODUCT_NAME = libcmldebug;
				ZERO_LINK = NO;
			};
			name = Release;
		};
/* End XCBuildConfiguration section */

/* Begin XCConfigurationList section */
		B92F5076140A76DA00075896 /* Build configuration list for PBXNativeTarget "example" */ = {
			isa = XCConfigurationList;
			buildConfigurations = (
				B92F5071140A76D100075896 /* Debug */,
				B93BC24C157959260095CAE6 /* Optimize */,
				B92F5072140A76D100075896 /* Release */,
			);
			defaultConfigurationIsVisible = 0;
			defaultConfigurationName = Release;
		};
		B98F4D6215E405BE0080C96E /* Build configuration list for PBXNativeTarget "cppexample" */ = {
			isa = XCConfigurationList;
			buildConfigurations = (
				B98F4D5F15E4059C0080C96E /* Debug */,
				B98F4D6015E4059C0080C96E /* Optimize */,
				B98F4D6115E4059C0080C96E /* Release */,
			);
			defaultConfigurationIsVisible = 0;
			defaultConfigurationName = Release;
		};
		B99F4BA813F8ABFF009465D9 /* Build configuration list for PBXProject "CML" */ = {
			isa = XCConfigurationList;
			buildConfigurations = (
				B99F4BA613F8ABFF009465D9 /* Debug */,
				B93BC24A157959260095CAE6 /* Optimize */,
				B99F4BA713F8ABFF009465D9 /* Release */,
			);
			defaultConfigurationIsVisible = 0;
			defaultConfigurationName = Release;
		};
		B99F4BC313F8AC53009465D9 /* Build configuration list for PBXNativeTarget "libcml" */ = {
			isa = XCConfigurationList;
			buildConfigurations = (
				B99F4BC013F8AC4D009465D9 /* Debug */,
				B93BC24B157959260095CAE6 /* Optimize */,
				B99F4BC113F8AC4D009465D9 /* Release */,
			);
			defaultConfigurationIsVisible = 0;
			defaultConfigurationName = Release;
		};
		B9E8E3F8154D77F600A4C836 /* Build configuration list for PBXNativeTarget "libcmldebug" */ = {
			isa = XCConfigurationList;
			buildConfigurations = (
				B9E8E3F2154D77D500A4C836 /* Debug */,
				B93BC24D157959260095CAE6 /* Optimize */,
				B9E8E3F3154D77D500A4C836 /* Release */,
			);
			defaultConfigurationIsVisible = 0;
			defaultConfigurationName = Release;
		};
/* End XCConfigurationList section */
	};
	rootObject = B99F4BA513F8ABFF009465D9 /* Project object */;
}
