
Microsoft Visual Studio Solution File, Format Version 12.00
# Visual Studio Version 16
VisualStudioVersion = 16.0.30204.135
MinimumVisualStudioVersion = 10.0.40219.1
Project("{8BC9CEB8-8B4A-11D0-8D11-00A0C91BC942}") = "CML", "..\code\CML\CML.vcxproj", "{29073BB4-4B45-4493-AC94-392606E2DD13}"
EndProject
Project("{8BC9CEB8-8B4A-11D0-8D11-00A0C91BC942}") = "example", "..\code\example\example.vcxproj", "{04CDA6D3-8484-4510-9A79-85B1116F80C9}"
	ProjectSection(ProjectDependencies) = postProject
		{29073BB4-4B45-4493-AC94-392606E2DD13} = {29073BB4-4B45-4493-AC94-392606E2DD13}
	EndProjectSection
EndProject
Project("{8BC9CEB8-8B4A-11D0-8D11-00A0C91BC942}") = "examplecpp", "..\code\examplecpp\examplecpp.vcxproj", "{01CBF941-4385-4720-A2A1-4C37D40765B1}"
	ProjectSection(ProjectDependencies) = postProject
		{29073BB4-4B45-4493-AC94-392606E2DD13} = {29073BB4-4B45-4493-AC94-392606E2DD13}
	EndProjectSection
EndProject
Global
	GlobalSection(SolutionConfigurationPlatforms) = preSolution
		Debug|x64 = Debug|x64
		Debug|x86 = Debug|x86
		Release|x64 = Release|x64
		Release|x86 = Release|x86
	EndGlobalSection
	GlobalSection(ProjectConfigurationPlatforms) = postSolution
		{29073BB4-4B45-4493-AC94-392606E2DD13}.Debug|x64.ActiveCfg = Debug|x64
		{29073BB4-4B45-4493-AC94-392606E2DD13}.Debug|x64.Build.0 = Debug|x64
		{29073BB4-4B45-4493-AC94-392606E2DD13}.Debug|x86.ActiveCfg = Debug|Win32
		{29073BB4-4B45-4493-AC94-392606E2DD13}.Debug|x86.Build.0 = Debug|Win32
		{29073BB4-4B45-4493-AC94-392606E2DD13}.Release|x64.ActiveCfg = Release|x64
		{29073BB4-4B45-4493-AC94-392606E2DD13}.Release|x64.Build.0 = Release|x64
		{29073BB4-4B45-4493-AC94-392606E2DD13}.Release|x86.ActiveCfg = Release|Win32
		{29073BB4-4B45-4493-AC94-392606E2DD13}.Release|x86.Build.0 = Release|Win32
		{04CDA6D3-8484-4510-9A79-85B1116F80C9}.Debug|x64.ActiveCfg = Debug|x64
		{04CDA6D3-8484-4510-9A79-85B1116F80C9}.Debug|x64.Build.0 = Debug|x64
		{04CDA6D3-8484-4510-9A79-85B1116F80C9}.Debug|x86.ActiveCfg = Debug|Win32
		{04CDA6D3-8484-4510-9A79-85B1116F80C9}.Debug|x86.Build.0 = Debug|Win32
		{04CDA6D3-8484-4510-9A79-85B1116F80C9}.Release|x64.ActiveCfg = Release|x64
		{04CDA6D3-8484-4510-9A79-85B1116F80C9}.Release|x64.Build.0 = Release|x64
		{04CDA6D3-8484-4510-9A79-85B1116F80C9}.Release|x86.ActiveCfg = Release|Win32
		{04CDA6D3-8484-4510-9A79-85B1116F80C9}.Release|x86.Build.0 = Release|Win32
		{01CBF941-4385-4720-A2A1-4C37D40765B1}.Debug|x64.ActiveCfg = Debug|x64
		{01CBF941-4385-4720-A2A1-4C37D40765B1}.Debug|x64.Build.0 = Debug|x64
		{01CBF941-4385-4720-A2A1-4C37D40765B1}.Debug|x86.ActiveCfg = Debug|Win32
		{01CBF941-4385-4720-A2A1-4C37D40765B1}.Debug|x86.Build.0 = Debug|Win32
		{01CBF941-4385-4720-A2A1-4C37D40765B1}.Release|x64.ActiveCfg = Release|x64
		{01CBF941-4385-4720-A2A1-4C37D40765B1}.Release|x64.Build.0 = Release|x64
		{01CBF941-4385-4720-A2A1-4C37D40765B1}.Release|x86.ActiveCfg = Release|Win32
		{01CBF941-4385-4720-A2A1-4C37D40765B1}.Release|x86.Build.0 = Release|Win32
	EndGlobalSection
	GlobalSection(SolutionProperties) = preSolution
		HideSolutionNode = FALSE
	EndGlobalSection
	GlobalSection(ExtensibilityGlobals) = postSolution
		SolutionGuid = {97EB2B85-FF79-44F6-9BF6-D22B190A382F}
	EndGlobalSection
EndGlobal
